{
  "lockfileVersion": 1,
  "configVersion": 0,
  "workspaces": {
    "": {
      "name": "dynamodb-tooling",
      "devDependencies": {
        "@stacksjs/bumpx": "^0.2.4",
        "@stacksjs/cli": "^0.70.23",
        "@stacksjs/gitlint": "^0.1.5",
        "@stacksjs/logging": "^0.70.23",
        "@stacksjs/logsmith": "^0.2.1",
        "@stacksjs/storage": "^0.70.23",
        "@types/bun": "^1.3.9",
        "@types/tar": "^7.0.87",
        "buddy-bot": "^0.9.15",
        "bun-git-hooks": "^0.3.1",
        "bun-plugin-dtsx": "^0.21.17",
        "bunfig": "^0.15.6",
        "debug": "^4.4.3",
        "dynamodb-toolbox": "^2.8.0",
        "tar": "^7.5.9",
        "typescript": "^5.9.3",
      },
    },
  },
  "packages": {
    "@aws-crypto/sha256-browser": ["@aws-crypto/sha256-browser@5.2.0", "", { "dependencies": { "@aws-crypto/sha256-js": "^5.2.0", "@aws-crypto/supports-web-crypto": "^5.2.0", "@aws-crypto/util": "^5.2.0", "@aws-sdk/types": "^3.222.0", "@aws-sdk/util-locate-window": "^3.0.0", "@smithy/util-utf8": "^2.0.0", "tslib": "^2.6.2" } }, "sha512-AXfN/lGotSQwu6HNcEsIASo7kWXZ5HYWvfOmSNKDsEqC4OashTp8alTmaz+F7TC2L083SFv5RdB+qU3Vs1kZqw=="],

    "@aws-crypto/sha256-js": ["@aws-crypto/sha256-js@5.2.0", "", { "dependencies": { "@aws-crypto/util": "^5.2.0", "@aws-sdk/types": "^3.222.0", "tslib": "^2.6.2" } }, "sha512-FFQQyu7edu4ufvIZ+OadFpHHOt+eSTBaYaki44c+akjg7qZg9oOQeLlk77F6tSYqjDAFClrHJk9tMf0HdVyOvA=="],

    "@aws-crypto/supports-web-crypto": ["@aws-crypto/supports-web-crypto@5.2.0", "", { "dependencies": { "tslib": "^2.6.2" } }, "sha512-iAvUotm021kM33eCdNfwIN//F77/IADDSs58i+MDaOqFrVjZo9bAal0NK7HurRuWLLpF1iLX7gbWrjHjeo+YFg=="],

    "@aws-crypto/util": ["@aws-crypto/util@5.2.0", "", { "dependencies": { "@aws-sdk/types": "^3.222.0", "@smithy/util-utf8": "^2.0.0", "tslib": "^2.6.2" } }, "sha512-4RkU9EsI6ZpBve5fseQlGNUWKMa1RLPQ1dnjnQoe07ldfIzcsGb5hC5W0Dm7u423KWzawlrpbjXBrXCEv9zazQ=="],

    "@aws-sdk/client-dynamodb": ["@aws-sdk/client-dynamodb@3.996.0", "", { "dependencies": { "@aws-crypto/sha256-browser": "5.2.0", "@aws-crypto/sha256-js": "5.2.0", "@aws-sdk/core": "^3.973.12", "@aws-sdk/credential-provider-node": "^3.972.11", "@aws-sdk/dynamodb-codec": "^3.972.13", "@aws-sdk/middleware-endpoint-discovery": "^3.972.3", "@aws-sdk/middleware-host-header": "^3.972.3", "@aws-sdk/middleware-logger": "^3.972.3", "@aws-sdk/middleware-recursion-detection": "^3.972.3", "@aws-sdk/middleware-user-agent": "^3.972.12", "@aws-sdk/region-config-resolver": "^3.972.3", "@aws-sdk/types": "^3.973.1", "@aws-sdk/util-endpoints": "3.996.0", "@aws-sdk/util-user-agent-browser": "^3.972.3", "@aws-sdk/util-user-agent-node": "^3.972.11", "@smithy/config-resolver": "^4.4.6", "@smithy/core": "^3.23.2", "@smithy/fetch-http-handler": "^5.3.9", "@smithy/hash-node": "^4.2.8", "@smithy/invalid-dependency": "^4.2.8", "@smithy/middleware-content-length": "^4.2.8", "@smithy/middleware-endpoint": "^4.4.16", "@smithy/middleware-retry": "^4.4.33", "@smithy/middleware-serde": "^4.2.9", "@smithy/middleware-stack": "^4.2.8", "@smithy/node-config-provider": "^4.3.8", "@smithy/node-http-handler": "^4.4.10", "@smithy/protocol-http": "^5.3.8", "@smithy/smithy-client": "^4.11.5", "@smithy/types": "^4.12.0", "@smithy/url-parser": "^4.2.8", "@smithy/util-base64": "^4.3.0", "@smithy/util-body-length-browser": "^4.2.0", "@smithy/util-body-length-node": "^4.2.1", "@smithy/util-defaults-mode-browser": "^4.3.32", "@smithy/util-defaults-mode-node": "^4.2.35", "@smithy/util-endpoints": "^3.2.8", "@smithy/util-middleware": "^4.2.8", "@smithy/util-retry": "^4.2.8", "@smithy/util-utf8": "^4.2.0", "@smithy/util-waiter": "^4.2.8", "tslib": "^2.6.2" } }, "sha512-+wDeDaC2vizKSMnV27cRPCEWgaOFFydR5R7kxhzG43sWyMyVBlNcoODPpmUvPbf8c/L/4eSKLvUGkTzt2DIjAg=="],

    "@aws-sdk/client-sso": ["@aws-sdk/client-sso@3.996.0", "", { "dependencies": { "@aws-crypto/sha256-browser": "5.2.0", "@aws-crypto/sha256-js": "5.2.0", "@aws-sdk/core": "^3.973.12", "@aws-sdk/middleware-host-header": "^3.972.3", "@aws-sdk/middleware-logger": "^3.972.3", "@aws-sdk/middleware-recursion-detection": "^3.972.3", "@aws-sdk/middleware-user-agent": "^3.972.12", "@aws-sdk/region-config-resolver": "^3.972.3", "@aws-sdk/types": "^3.973.1", "@aws-sdk/util-endpoints": "3.996.0", "@aws-sdk/util-user-agent-browser": "^3.972.3", "@aws-sdk/util-user-agent-node": "^3.972.11", "@smithy/config-resolver": "^4.4.6", "@smithy/core": "^3.23.2", "@smithy/fetch-http-handler": "^5.3.9", "@smithy/hash-node": "^4.2.8", "@smithy/invalid-dependency": "^4.2.8", "@smithy/middleware-content-length": "^4.2.8", "@smithy/middleware-endpoint": "^4.4.16", "@smithy/middleware-retry": "^4.4.33", "@smithy/middleware-serde": "^4.2.9", "@smithy/middleware-stack": "^4.2.8", "@smithy/node-config-provider": "^4.3.8", "@smithy/node-http-handler": "^4.4.10", "@smithy/protocol-http": "^5.3.8", "@smithy/smithy-client": "^4.11.5", "@smithy/types": "^4.12.0", "@smithy/url-parser": "^4.2.8", "@smithy/util-base64": "^4.3.0", "@smithy/util-body-length-browser": "^4.2.0", "@smithy/util-body-length-node": "^4.2.1", "@smithy/util-defaults-mode-browser": "^4.3.32", "@smithy/util-defaults-mode-node": "^4.2.35", "@smithy/util-endpoints": "^3.2.8", "@smithy/util-middleware": "^4.2.8", "@smithy/util-retry": "^4.2.8", "@smithy/util-utf8": "^4.2.0", "tslib": "^2.6.2" } }, "sha512-QzlZozTam0modnGanLjXBHbHC53mMxH/4XmoA9f6ZjPYaGlCcHPYLcslO6w2w68v+F3qN0kxVldUAcL/edtBBA=="],

    "@aws-sdk/core": ["@aws-sdk/core@3.973.12", "", { "dependencies": { "@aws-sdk/types": "^3.973.1", "@aws-sdk/xml-builder": "^3.972.5", "@smithy/core": "^3.23.2", "@smithy/node-config-provider": "^4.3.8", "@smithy/property-provider": "^4.2.8", "@smithy/protocol-http": "^5.3.8", "@smithy/signature-v4": "^5.3.8", "@smithy/smithy-client": "^4.11.5", "@smithy/types": "^4.12.0", "@smithy/util-base64": "^4.3.0", "@smithy/util-middleware": "^4.2.8", "@smithy/util-utf8": "^4.2.0", "tslib": "^2.6.2" } }, "sha512-hFiezao0lCEddPhSQEF6vCu+TepUN3edKxWYbswMoH87XpUvHJmFVX5+zttj4qi33saGiuOaJciswWcN6YSA9g=="],

    "@aws-sdk/credential-provider-env": ["@aws-sdk/credential-provider-env@3.972.10", "", { "dependencies": { "@aws-sdk/core": "^3.973.12", "@aws-sdk/types": "^3.973.1", "@smithy/property-provider": "^4.2.8", "@smithy/types": "^4.12.0", "tslib": "^2.6.2" } }, "sha512-YTWjM78Wiqix0Jv/anbq7+COFOFIBBMLZ+JsLKGwbTZNJ2DG4JNBnLVJAWylPOHwurMws9157pqzU8ODrpBOow=="],

    "@aws-sdk/credential-provider-http": ["@aws-sdk/credential-provider-http@3.972.12", "", { "dependencies": { "@aws-sdk/core": "^3.973.12", "@aws-sdk/types": "^3.973.1", "@smithy/fetch-http-handler": "^5.3.9", "@smithy/node-http-handler": "^4.4.10", "@smithy/property-provider": "^4.2.8", "@smithy/protocol-http": "^5.3.8", "@smithy/smithy-client": "^4.11.5", "@smithy/types": "^4.12.0", "@smithy/util-stream": "^4.5.12", "tslib": "^2.6.2" } }, "sha512-adDRE3iFrgJJ7XhRHkb6RdFDMrA5x64WAWxygI3F6wND+3v5qQ4Uks12vsnEZgduU/+JQBgFB6L4vfwUS+rpBQ=="],

    "@aws-sdk/credential-provider-ini": ["@aws-sdk/credential-provider-ini@3.972.10", "", { "dependencies": { "@aws-sdk/core": "^3.973.12", "@aws-sdk/credential-provider-env": "^3.972.10", "@aws-sdk/credential-provider-http": "^3.972.12", "@aws-sdk/credential-provider-login": "^3.972.10", "@aws-sdk/credential-provider-process": "^3.972.10", "@aws-sdk/credential-provider-sso": "^3.972.10", "@aws-sdk/credential-provider-web-identity": "^3.972.10", "@aws-sdk/nested-clients": "3.996.0", "@aws-sdk/types": "^3.973.1", "@smithy/credential-provider-imds": "^4.2.8", "@smithy/property-provider": "^4.2.8", "@smithy/shared-ini-file-loader": "^4.4.3", "@smithy/types": "^4.12.0", "tslib": "^2.6.2" } }, "sha512-uAXUMfnQJxJ25qeiX4e3Z36NTm1XT7woajV8BXx2yAUDD4jF6kubqnLEcqtiPzHANxmhta2SXm5PbDwSdhThBw=="],

    "@aws-sdk/credential-provider-login": ["@aws-sdk/credential-provider-login@3.972.10", "", { "dependencies": { "@aws-sdk/core": "^3.973.12", "@aws-sdk/nested-clients": "3.996.0", "@aws-sdk/types": "^3.973.1", "@smithy/property-provider": "^4.2.8", "@smithy/protocol-http": "^5.3.8", "@smithy/shared-ini-file-loader": "^4.4.3", "@smithy/types": "^4.12.0", "tslib": "^2.6.2" } }, "sha512-7Me+/EkY3kQC1nehBjb9ryc558N+a8R4Dg3rSV3zpiB7iQtvXh4gU3rV14h/dIbn2/VkK9sh55YdXamSjfdb/Q=="],

    "@aws-sdk/credential-provider-node": ["@aws-sdk/credential-provider-node@3.972.11", "", { "dependencies": { "@aws-sdk/credential-provider-env": "^3.972.10", "@aws-sdk/credential-provider-http": "^3.972.12", "@aws-sdk/credential-provider-ini": "^3.972.10", "@aws-sdk/credential-provider-process": "^3.972.10", "@aws-sdk/credential-provider-sso": "^3.972.10", "@aws-sdk/credential-provider-web-identity": "^3.972.10", "@aws-sdk/types": "^3.973.1", "@smithy/credential-provider-imds": "^4.2.8", "@smithy/property-provider": "^4.2.8", "@smithy/shared-ini-file-loader": "^4.4.3", "@smithy/types": "^4.12.0", "tslib": "^2.6.2" } }, "sha512-maPmjL7nOT93a1QdSDzdF/qLbI+jit3oslKp7g+pTbASewkSYax7FwboETdKRxufPfCdrsRzMW2pIJ+QA8e+Bg=="],

    "@aws-sdk/credential-provider-process": ["@aws-sdk/credential-provider-process@3.972.10", "", { "dependencies": { "@aws-sdk/core": "^3.973.12", "@aws-sdk/types": "^3.973.1", "@smithy/property-provider": "^4.2.8", "@smithy/shared-ini-file-loader": "^4.4.3", "@smithy/types": "^4.12.0", "tslib": "^2.6.2" } }, "sha512-tk/XxFhk37rKviArOIYbJ8crXiN3Mzn7Tb147jH51JTweNgUOwmqN+s027uqc3d8UeAyUcPUH8Bmfj86SzOhBQ=="],

    "@aws-sdk/credential-provider-sso": ["@aws-sdk/credential-provider-sso@3.972.10", "", { "dependencies": { "@aws-sdk/client-sso": "3.996.0", "@aws-sdk/core": "^3.973.12", "@aws-sdk/token-providers": "3.996.0", "@aws-sdk/types": "^3.973.1", "@smithy/property-provider": "^4.2.8", "@smithy/shared-ini-file-loader": "^4.4.3", "@smithy/types": "^4.12.0", "tslib": "^2.6.2" } }, "sha512-tIz/O0yV1s77/FjMTWvvzU2vsztap2POlbetheOyRXq+E3PQtLOzCYopasXP+aeO1oerw3PFd9eycLbiwpgZZA=="],

    "@aws-sdk/credential-provider-web-identity": ["@aws-sdk/credential-provider-web-identity@3.972.10", "", { "dependencies": { "@aws-sdk/core": "^3.973.12", "@aws-sdk/nested-clients": "3.996.0", "@aws-sdk/types": "^3.973.1", "@smithy/property-provider": "^4.2.8", "@smithy/shared-ini-file-loader": "^4.4.3", "@smithy/types": "^4.12.0", "tslib": "^2.6.2" } }, "sha512-HFlIVx8mm+Au7hkO7Hq/ZkPomjTt26iRj8uWZqEE1cJWMZ2NKvieNiT1ngzWt60Bc2uD51LqQUqiwr5JDgS4iQ=="],

    "@aws-sdk/dynamodb-codec": ["@aws-sdk/dynamodb-codec@3.972.13", "", { "dependencies": { "@aws-sdk/core": "^3.973.12", "@smithy/core": "^3.23.2", "@smithy/smithy-client": "^4.11.5", "@smithy/types": "^4.12.0", "@smithy/util-base64": "^4.3.0", "tslib": "^2.6.2" } }, "sha512-dPKkCMX5BNnM4SRvX89s0SVxzlnujlLXZmZ9wJei2O6HT+5OQC7QvdfYv/odaTVc/s6MWv4FuoP4K9TTdTB0eg=="],

    "@aws-sdk/endpoint-cache": ["@aws-sdk/endpoint-cache@3.972.2", "", { "dependencies": { "mnemonist": "0.38.3", "tslib": "^2.6.2" } }, "sha512-3L7mwqSLJ6ouZZKtCntoNF0HTYDNs1FDQqkGjoPWXcv1p0gnLotaDmLq1rIDqfu4ucOit0Re3ioLyYDUTpSroA=="],

    "@aws-sdk/lib-dynamodb": ["@aws-sdk/lib-dynamodb@3.996.0", "", { "dependencies": { "@aws-sdk/core": "^3.973.12", "@aws-sdk/util-dynamodb": "3.996.0", "@smithy/core": "^3.23.2", "@smithy/smithy-client": "^4.11.5", "@smithy/types": "^4.12.0", "tslib": "^2.6.2" }, "peerDependencies": { "@aws-sdk/client-dynamodb": "^3.996.0" } }, "sha512-pKSWyAtGS6vVkCi5ZWtfxfyT/TReWuGmnOw8z+IXaemnshEO3JFOfLgr+qGkiZOeTRqkfSm//T+LepYi5ZBGTw=="],

    "@aws-sdk/middleware-endpoint-discovery": ["@aws-sdk/middleware-endpoint-discovery@3.972.3", "", { "dependencies": { "@aws-sdk/endpoint-cache": "^3.972.2", "@aws-sdk/types": "^3.973.1", "@smithy/node-config-provider": "^4.3.8", "@smithy/protocol-http": "^5.3.8", "@smithy/types": "^4.12.0", "tslib": "^2.6.2" } }, "sha512-xAxA8/TOygQmMrzcw9CrlpTHCGWSG/lvzrHCySfSZpDN4/yVSfXO+gUwW9WxeskBmuv9IIFATOVpzc9EzfTZ0Q=="],

    "@aws-sdk/middleware-host-header": ["@aws-sdk/middleware-host-header@3.972.3", "", { "dependencies": { "@aws-sdk/types": "^3.973.1", "@smithy/protocol-http": "^5.3.8", "@smithy/types": "^4.12.0", "tslib": "^2.6.2" } }, "sha512-aknPTb2M+G3s+0qLCx4Li/qGZH8IIYjugHMv15JTYMe6mgZO8VBpYgeGYsNMGCqCZOcWzuf900jFBG5bopfzmA=="],

    "@aws-sdk/middleware-logger": ["@aws-sdk/middleware-logger@3.972.3", "", { "dependencies": { "@aws-sdk/types": "^3.973.1", "@smithy/types": "^4.12.0", "tslib": "^2.6.2" } }, "sha512-Ftg09xNNRqaz9QNzlfdQWfpqMCJbsQdnZVJP55jfhbKi1+FTWxGuvfPoBhDHIovqWKjqbuiew3HuhxbJ0+OjgA=="],

    "@aws-sdk/middleware-recursion-detection": ["@aws-sdk/middleware-recursion-detection@3.972.3", "", { "dependencies": { "@aws-sdk/types": "^3.973.1", "@aws/lambda-invoke-store": "^0.2.2", "@smithy/protocol-http": "^5.3.8", "@smithy/types": "^4.12.0", "tslib": "^2.6.2" } }, "sha512-PY57QhzNuXHnwbJgbWYTrqIDHYSeOlhfYERTAuc16LKZpTZRJUjzBFokp9hF7u1fuGeE3D70ERXzdbMBOqQz7Q=="],

    "@aws-sdk/middleware-user-agent": ["@aws-sdk/middleware-user-agent@3.972.12", "", { "dependencies": { "@aws-sdk/core": "^3.973.12", "@aws-sdk/types": "^3.973.1", "@aws-sdk/util-endpoints": "3.996.0", "@smithy/core": "^3.23.2", "@smithy/protocol-http": "^5.3.8", "@smithy/types": "^4.12.0", "tslib": "^2.6.2" } }, "sha512-iv9toQZloEJp+dIuOr+1XWGmBMLU9c2qqNtgscfnEBZnUq3qKdBJHmLTKoq3mkLlV+41GrCWn8LrOunc6OlP6g=="],

    "@aws-sdk/nested-clients": ["@aws-sdk/nested-clients@3.996.0", "", { "dependencies": { "@aws-crypto/sha256-browser": "5.2.0", "@aws-crypto/sha256-js": "5.2.0", "@aws-sdk/core": "^3.973.12", "@aws-sdk/middleware-host-header": "^3.972.3", "@aws-sdk/middleware-logger": "^3.972.3", "@aws-sdk/middleware-recursion-detection": "^3.972.3", "@aws-sdk/middleware-user-agent": "^3.972.12", "@aws-sdk/region-config-resolver": "^3.972.3", "@aws-sdk/types": "^3.973.1", "@aws-sdk/util-endpoints": "3.996.0", "@aws-sdk/util-user-agent-browser": "^3.972.3", "@aws-sdk/util-user-agent-node": "^3.972.11", "@smithy/config-resolver": "^4.4.6", "@smithy/core": "^3.23.2", "@smithy/fetch-http-handler": "^5.3.9", "@smithy/hash-node": "^4.2.8", "@smithy/invalid-dependency": "^4.2.8", "@smithy/middleware-content-length": "^4.2.8", "@smithy/middleware-endpoint": "^4.4.16", "@smithy/middleware-retry": "^4.4.33", "@smithy/middleware-serde": "^4.2.9", "@smithy/middleware-stack": "^4.2.8", "@smithy/node-config-provider": "^4.3.8", "@smithy/node-http-handler": "^4.4.10", "@smithy/protocol-http": "^5.3.8", "@smithy/smithy-client": "^4.11.5", "@smithy/types": "^4.12.0", "@smithy/url-parser": "^4.2.8", "@smithy/util-base64": "^4.3.0", "@smithy/util-body-length-browser": "^4.2.0", "@smithy/util-body-length-node": "^4.2.1", "@smithy/util-defaults-mode-browser": "^4.3.32", "@smithy/util-defaults-mode-node": "^4.2.35", "@smithy/util-endpoints": "^3.2.8", "@smithy/util-middleware": "^4.2.8", "@smithy/util-retry": "^4.2.8", "@smithy/util-utf8": "^4.2.0", "tslib": "^2.6.2" } }, "sha512-edZwYLgRI0rZlH9Hru9+JvTsR1OAxuCRGEtJohkZneIJ5JIYzvFoMR1gaASjl1aPKRhjkCv8SSAb7hes5a1GGA=="],

    "@aws-sdk/region-config-resolver": ["@aws-sdk/region-config-resolver@3.972.3", "", { "dependencies": { "@aws-sdk/types": "^3.973.1", "@smithy/config-resolver": "^4.4.6", "@smithy/node-config-provider": "^4.3.8", "@smithy/types": "^4.12.0", "tslib": "^2.6.2" } }, "sha512-v4J8qYAWfOMcZ4MJUyatntOicTzEMaU7j3OpkRCGGFSL2NgXQ5VbxauIyORA+pxdKZ0qQG2tCQjQjZDlXEC3Ow=="],

    "@aws-sdk/token-providers": ["@aws-sdk/token-providers@3.996.0", "", { "dependencies": { "@aws-sdk/core": "^3.973.12", "@aws-sdk/nested-clients": "3.996.0", "@aws-sdk/types": "^3.973.1", "@smithy/property-provider": "^4.2.8", "@smithy/shared-ini-file-loader": "^4.4.3", "@smithy/types": "^4.12.0", "tslib": "^2.6.2" } }, "sha512-jzBmlG97hYPdHjFs7G11fBgVArcwUrZX+SbGeQMph7teEWLDqIruKV+N0uzxFJF2GJJJ0UnMaKhv3PcXMltySg=="],

    "@aws-sdk/types": ["@aws-sdk/types@3.973.1", "", { "dependencies": { "@smithy/types": "^4.12.0", "tslib": "^2.6.2" } }, "sha512-DwHBiMNOB468JiX6+i34c+THsKHErYUdNQ3HexeXZvVn4zouLjgaS4FejiGSi2HyBuzuyHg7SuOPmjSvoU9NRg=="],

    "@aws-sdk/util-dynamodb": ["@aws-sdk/util-dynamodb@3.996.0", "", { "dependencies": { "tslib": "^2.6.2" }, "peerDependencies": { "@aws-sdk/client-dynamodb": "^3.996.0" } }, "sha512-W6wtfn8ymBwq15wYQBLLHJ6zxGm1eCuAVAURsyiCfwdTtZz5pR+N96JcDxE5EA6ULCRdNyHUjXX/YSLDg7wdzA=="],

    "@aws-sdk/util-endpoints": ["@aws-sdk/util-endpoints@3.996.0", "", { "dependencies": { "@aws-sdk/types": "^3.973.1", "@smithy/types": "^4.12.0", "@smithy/url-parser": "^4.2.8", "@smithy/util-endpoints": "^3.2.8", "tslib": "^2.6.2" } }, "sha512-EhSBGWSGQ6Jcbt6jRyX1/0EV7rf+6RGbIIskN0MTtHk0k8uj5FAa1FZhLf+1ETfnDTy/BT39t5IUOQiZL5X1jQ=="],

    "@aws-sdk/util-locate-window": ["@aws-sdk/util-locate-window@3.965.4", "", { "dependencies": { "tslib": "^2.6.2" } }, "sha512-H1onv5SkgPBK2P6JR2MjGgbOnttoNzSPIRoeZTNPZYyaplwGg50zS3amXvXqF0/qfXpWEC9rLWU564QTB9bSog=="],

    "@aws-sdk/util-user-agent-browser": ["@aws-sdk/util-user-agent-browser@3.972.3", "", { "dependencies": { "@aws-sdk/types": "^3.973.1", "@smithy/types": "^4.12.0", "bowser": "^2.11.0", "tslib": "^2.6.2" } }, "sha512-JurOwkRUcXD/5MTDBcqdyQ9eVedtAsZgw5rBwktsPTN7QtPiS2Ld1jkJepNgYoCufz1Wcut9iup7GJDoIHp8Fw=="],

    "@aws-sdk/util-user-agent-node": ["@aws-sdk/util-user-agent-node@3.972.11", "", { "dependencies": { "@aws-sdk/middleware-user-agent": "^3.972.12", "@aws-sdk/types": "^3.973.1", "@smithy/node-config-provider": "^4.3.8", "@smithy/types": "^4.12.0", "tslib": "^2.6.2" }, "peerDependencies": { "aws-crt": ">=1.0.0" }, "optionalPeers": ["aws-crt"] }, "sha512-pQr35pSZANfUb0mJ9H87pziJQ39jW1D7xFRwh36eWfrEclbKoIqrzpOIVz49o1Jq9ZQzOtjS7rQVvt7V4w5awA=="],

    "@aws-sdk/xml-builder": ["@aws-sdk/xml-builder@3.972.5", "", { "dependencies": { "@smithy/types": "^4.12.0", "fast-xml-parser": "5.3.6", "tslib": "^2.6.2" } }, "sha512-mCae5Ys6Qm1LDu0qdGwx2UQ63ONUe+FHw908fJzLDqFKTDBK4LDZUqKWm4OkTCNFq19bftjsBSESIGLD/s3/rA=="],

    "@aws/lambda-invoke-store": ["@aws/lambda-invoke-store@0.2.3", "", {}, "sha512-oLvsaPMTBejkkmHhjf09xTgk71mOqyr/409NKhRIL08If7AhVfUsJhVsx386uJaqNd42v9kWamQ9lFbkoC2dYw=="],

    "@isaacs/fs-minipass": ["@isaacs/fs-minipass@4.0.1", "", { "dependencies": { "minipass": "^7.0.4" } }, "sha512-wgm9Ehl2jpeqP3zw/7mo3kRHFp5MEDhqAdwy1fTGkHAwnkGOVsgpvQhL8B5n1qlb01jV3n/bI0ZfZp5lWA1k4w=="],

    "@smithy/abort-controller": ["@smithy/abort-controller@4.2.9", "", { "dependencies": { "@smithy/types": "^4.12.1", "tslib": "^2.6.2" } }, "sha512-6YGSygFmck1vMjzSxbjEPKMm1xWUr2+w+F8kWVc8rqKQYd1C5zZftvxGii4ti4Mh5ulIXZtAUoXS88Hhu6fkjQ=="],

    "@smithy/config-resolver": ["@smithy/config-resolver@4.4.7", "", { "dependencies": { "@smithy/node-config-provider": "^4.3.9", "@smithy/types": "^4.12.1", "@smithy/util-config-provider": "^4.2.1", "@smithy/util-endpoints": "^3.2.9", "@smithy/util-middleware": "^4.2.9", "tslib": "^2.6.2" } }, "sha512-RISbtc12JKdFRYadt2kW12Cp6XCSU00uFaBZPZqInNVSrRdJFPY/S6nd6/sV7+ySTgGPiKrERtnimEFI6sSweQ=="],

    "@smithy/core": ["@smithy/core@3.23.4", "", { "dependencies": { "@smithy/middleware-serde": "^4.2.10", "@smithy/protocol-http": "^5.3.9", "@smithy/types": "^4.12.1", "@smithy/util-base64": "^4.3.1", "@smithy/util-body-length-browser": "^4.2.1", "@smithy/util-middleware": "^4.2.9", "@smithy/util-stream": "^4.5.14", "@smithy/util-utf8": "^4.2.1", "@smithy/uuid": "^1.1.1", "tslib": "^2.6.2" } }, "sha512-IH7G3hWxUhd2Z6HtvjZ1EiyDBCRYRr2sngOB9KUWf96XQ8JP2O5ascUH6TouW5YCIMFaVnKADEscM/vUfI3TvA=="],

    "@smithy/credential-provider-imds": ["@smithy/credential-provider-imds@4.2.9", "", { "dependencies": { "@smithy/node-config-provider": "^4.3.9", "@smithy/property-provider": "^4.2.9", "@smithy/types": "^4.12.1", "@smithy/url-parser": "^4.2.9", "tslib": "^2.6.2" } }, "sha512-Jf723a38EGAzWHxJHzb9DtBq7lrvdJlkCAPWQdN/oiznovx5yWXCFCVspzDe8JU6b+k9hJXYB5duFZpb+3mB6Q=="],

    "@smithy/fetch-http-handler": ["@smithy/fetch-http-handler@5.3.10", "", { "dependencies": { "@smithy/protocol-http": "^5.3.9", "@smithy/querystring-builder": "^4.2.9", "@smithy/types": "^4.12.1", "@smithy/util-base64": "^4.3.1", "tslib": "^2.6.2" } }, "sha512-qF4EcrEtEf2P6f2kGGuSVe1lan26cn7PsWJBC3vZJ6D16Fm5FSN06udOMVoW6hjzQM3W7VDFwtyUG2szQY50dA=="],

    "@smithy/hash-node": ["@smithy/hash-node@4.2.9", "", { "dependencies": { "@smithy/types": "^4.12.1", "@smithy/util-buffer-from": "^4.2.1", "@smithy/util-utf8": "^4.2.1", "tslib": "^2.6.2" } }, "sha512-/iSYAwSIA/SAeLga2YEpPLLOmw3n86RW4/bkhxtY1DSTR9z5HGjbYTzPaBKv2m8a4nK1rqZWchhl41qTaqMLbg=="],

    "@smithy/invalid-dependency": ["@smithy/invalid-dependency@4.2.9", "", { "dependencies": { "@smithy/types": "^4.12.1", "tslib": "^2.6.2" } }, "sha512-J+0rlwWZKgOYugVgRE5VlVz/UFV+6cIpZkmfWBq1ld1x3htKDdHOutYhZTURIvSVztWn0T3aghCdEzGdXXsSMw=="],

    "@smithy/is-array-buffer": ["@smithy/is-array-buffer@4.2.1", "", { "dependencies": { "tslib": "^2.6.2" } }, "sha512-Yfu664Qbf1B4IYIsYgKoABt010daZjkaCRvdU/sPnZG6TtHOB0md0RjNdLGzxe5UIdn9js4ftPICzmkRa9RJ4Q=="],

    "@smithy/middleware-content-length": ["@smithy/middleware-content-length@4.2.9", "", { "dependencies": { "@smithy/protocol-http": "^5.3.9", "@smithy/types": "^4.12.1", "tslib": "^2.6.2" } }, "sha512-9ViCZhFkmLUDyIPeBAsW7h5/Tcix806gWqd/BBqwW6KB8mhgZTTqjRMsyTTmMo2zpF+KckpYQsSiiFrIGHRaFw=="],

    "@smithy/middleware-endpoint": ["@smithy/middleware-endpoint@4.4.18", "", { "dependencies": { "@smithy/core": "^3.23.4", "@smithy/middleware-serde": "^4.2.10", "@smithy/node-config-provider": "^4.3.9", "@smithy/shared-ini-file-loader": "^4.4.4", "@smithy/types": "^4.12.1", "@smithy/url-parser": "^4.2.9", "@smithy/util-middleware": "^4.2.9", "tslib": "^2.6.2" } }, "sha512-4OS3TP3IWZysT8KlSG/UwfKdelJmuQ2CqVNfrkjm2Rsm146/DuSTfXiD1ulgWpp9L6lJmPYfWTp7/m4b4dQSdQ=="],

    "@smithy/middleware-retry": ["@smithy/middleware-retry@4.4.35", "", { "dependencies": { "@smithy/node-config-provider": "^4.3.9", "@smithy/protocol-http": "^5.3.9", "@smithy/service-error-classification": "^4.2.9", "@smithy/smithy-client": "^4.11.7", "@smithy/types": "^4.12.1", "@smithy/util-middleware": "^4.2.9", "@smithy/util-retry": "^4.2.9", "@smithy/uuid": "^1.1.1", "tslib": "^2.6.2" } }, "sha512-sz+Th9ofKypOtaboPTcyZtIfCs2LNb84bzxEhPffCElyMorVYDBdeGzxYqSLC6gWaZUqpPSbj5F6TIxYUlSCfQ=="],

    "@smithy/middleware-serde": ["@smithy/middleware-serde@4.2.10", "", { "dependencies": { "@smithy/protocol-http": "^5.3.9", "@smithy/types": "^4.12.1", "tslib": "^2.6.2" } }, "sha512-BQsdoi7ma4siJAzD0S6MedNPhiMcTdTLUqEUjrHeT1TJppBKWnwqySg34Oh/uGRhJeBd1sAH2t5tghBvcyD6tw=="],

    "@smithy/middleware-stack": ["@smithy/middleware-stack@4.2.9", "", { "dependencies": { "@smithy/types": "^4.12.1", "tslib": "^2.6.2" } }, "sha512-pid7ksBr7nm0X/3paIlGo9Fh3UK1pQ5yH0007tBmdkVvv+AsBZAOzC2dmLhlzDWKkSB+ZCiiyDArjAW3klkbMg=="],

    "@smithy/node-config-provider": ["@smithy/node-config-provider@4.3.9", "", { "dependencies": { "@smithy/property-provider": "^4.2.9", "@smithy/shared-ini-file-loader": "^4.4.4", "@smithy/types": "^4.12.1", "tslib": "^2.6.2" } }, "sha512-EjdDTVGnnyJ9y8jXIfkF45UUZs21/Pp8xaMTZySLoC0xI3EhY7jq4co3LQnhh/bB6VVamd9ELpYJWLDw2ANhZA=="],

    "@smithy/node-http-handler": ["@smithy/node-http-handler@4.4.11", "", { "dependencies": { "@smithy/abort-controller": "^4.2.9", "@smithy/protocol-http": "^5.3.9", "@smithy/querystring-builder": "^4.2.9", "@smithy/types": "^4.12.1", "tslib": "^2.6.2" } }, "sha512-kQNJFwzYA9y+Fj3h9t1ToXYOJBobwUVEc6/WX45urJXyErgG0WOsres8Se8BAiFCMe8P06OkzRgakv7bQ5S+6Q=="],

    "@smithy/property-provider": ["@smithy/property-provider@4.2.9", "", { "dependencies": { "@smithy/types": "^4.12.1", "tslib": "^2.6.2" } }, "sha512-ibHwLxq4KlbfueoNxMNrZkG+O7V/5XKrewhDGYn0p9DYKCsdsofuWHKdX3QW4zHlAUfLStqdCUSDi/q/9WSjwA=="],

    "@smithy/protocol-http": ["@smithy/protocol-http@5.3.9", "", { "dependencies": { "@smithy/types": "^4.12.1", "tslib": "^2.6.2" } }, "sha512-PRy4yZqsKI3Eab8TLc16Dj2NzC4dnw/8E95+++Jc+wwlkjBpAq3tNLqkLHMmSvDfxKQ+X5PmmCYt+rM/GcMKPA=="],

    "@smithy/querystring-builder": ["@smithy/querystring-builder@4.2.9", "", { "dependencies": { "@smithy/types": "^4.12.1", "@smithy/util-uri-escape": "^4.2.1", "tslib": "^2.6.2" } }, "sha512-/AIDaq0+ehv+QfeyAjCUFShwHIt+FA1IodsV/2AZE5h4PUZcQYv5sjmy9V67UWfsBoTjOPKUFYSRfGoNW9T2UQ=="],

    "@smithy/querystring-parser": ["@smithy/querystring-parser@4.2.9", "", { "dependencies": { "@smithy/types": "^4.12.1", "tslib": "^2.6.2" } }, "sha512-kZ9AHhrYTea3UoklXudEnyA4duy9KAWERC28+ft8y8HIhR3yGsjv1PFTgzMpB+5L4tQKXNTwFbVJMeRK20vpHQ=="],

    "@smithy/service-error-classification": ["@smithy/service-error-classification@4.2.9", "", { "dependencies": { "@smithy/types": "^4.12.1" } }, "sha512-DYYd4xrm9Ozik+ZT4f5ZqSXdzscVHF/tFCzqieIFcLrjRDxWSgRtvtXOohJGoniLfPcBcy5ltR3tp2Lw4/d9ag=="],

    "@smithy/shared-ini-file-loader": ["@smithy/shared-ini-file-loader@4.4.4", "", { "dependencies": { "@smithy/types": "^4.12.1", "tslib": "^2.6.2" } }, "sha512-tA5Cm11BHQCk/67y6VPIWydLh/pMY90jqOEWIr/2VAzTOoDwGpwp0C/AuHBc3/xWSOA5m5PXLN+lIOrsnTm/PQ=="],

    "@smithy/signature-v4": ["@smithy/signature-v4@5.3.9", "", { "dependencies": { "@smithy/is-array-buffer": "^4.2.1", "@smithy/protocol-http": "^5.3.9", "@smithy/types": "^4.12.1", "@smithy/util-hex-encoding": "^4.2.1", "@smithy/util-middleware": "^4.2.9", "@smithy/util-uri-escape": "^4.2.1", "@smithy/util-utf8": "^4.2.1", "tslib": "^2.6.2" } }, "sha512-QZKreDINuWf6KIcUUuurjBJiPPSRpMyU3sFPKk6urNAYcKkXhe6Ma+9MBX9e87yDnZfa/cqNMxobkdi9bpJt1A=="],

    "@smithy/smithy-client": ["@smithy/smithy-client@4.11.7", "", { "dependencies": { "@smithy/core": "^3.23.4", "@smithy/middleware-endpoint": "^4.4.18", "@smithy/middleware-stack": "^4.2.9", "@smithy/protocol-http": "^5.3.9", "@smithy/types": "^4.12.1", "@smithy/util-stream": "^4.5.14", "tslib": "^2.6.2" } }, "sha512-gQP2J3qB/Wmc26gdmB8gA6zq2o2spG5sEU3o7TaTATBJEk29sYGWdEFoGEy91BczSpifTo0DQhVYjZXBEVcrpA=="],

    "@smithy/types": ["@smithy/types@4.12.1", "", { "dependencies": { "tslib": "^2.6.2" } }, "sha512-ow30Ze/DD02KH2p0eMyIF2+qJzGyNb0kFrnTRtPpuOkQ4hrgvLdaU4YC6r/K8aOrCML4FH0Cmm0aI4503L1Hwg=="],

    "@smithy/url-parser": ["@smithy/url-parser@4.2.9", "", { "dependencies": { "@smithy/querystring-parser": "^4.2.9", "@smithy/types": "^4.12.1", "tslib": "^2.6.2" } }, "sha512-gYs8FrnwKoIvL+GyPz6VvweCkrXqHeD+KnOAxB+NFy6mLr4l75lFrn3dZ413DG0K2TvFtN7L43x7r8hyyohYdg=="],

    "@smithy/util-base64": ["@smithy/util-base64@4.3.1", "", { "dependencies": { "@smithy/util-buffer-from": "^4.2.1", "@smithy/util-utf8": "^4.2.1", "tslib": "^2.6.2" } }, "sha512-BKGuawX4Doq/bI/uEmg+Zyc36rJKWuin3py89PquXBIBqmbnJwBBsmKhdHfNEp0+A4TDgLmT/3MSKZ1SxHcR6w=="],

    "@smithy/util-body-length-browser": ["@smithy/util-body-length-browser@4.2.1", "", { "dependencies": { "tslib": "^2.6.2" } }, "sha512-SiJeLiozrAoCrgDBUgsVbmqHmMgg/2bA15AzcbcW+zan7SuyAVHN4xTSbq0GlebAIwlcaX32xacnrG488/J/6g=="],

    "@smithy/util-body-length-node": ["@smithy/util-body-length-node@4.2.2", "", { "dependencies": { "tslib": "^2.6.2" } }, "sha512-4rHqBvxtJEBvsZcFQSPQqXP2b/yy/YlB66KlcEgcH2WNoOKCKB03DSLzXmOsXjbl8dJ4OEYTn31knhdznwk7zw=="],

    "@smithy/util-buffer-from": ["@smithy/util-buffer-from@4.2.1", "", { "dependencies": { "@smithy/is-array-buffer": "^4.2.1", "tslib": "^2.6.2" } }, "sha512-/swhmt1qTiVkaejlmMPPDgZhEaWb/HWMGRBheaxwuVkusp/z+ErJyQxO6kaXumOciZSWlmq6Z5mNylCd33X7Ig=="],

    "@smithy/util-config-provider": ["@smithy/util-config-provider@4.2.1", "", { "dependencies": { "tslib": "^2.6.2" } }, "sha512-462id/00U8JWFw6qBuTSWfN5TxOHvDu4WliI97qOIOnuC/g+NDAknTU8eoGXEPlLkRVgWEr03jJBLV4o2FL8+A=="],

    "@smithy/util-defaults-mode-browser": ["@smithy/util-defaults-mode-browser@4.3.34", "", { "dependencies": { "@smithy/property-provider": "^4.2.9", "@smithy/smithy-client": "^4.11.7", "@smithy/types": "^4.12.1", "tslib": "^2.6.2" } }, "sha512-m75CH7xaVG8ErlnfXsIBLrgVrApejrvUpohr41CMdeWNcEu/Ouvj9fbNA7oW9Qpr0Awf+BmDRrYx72hEKgY+FQ=="],

    "@smithy/util-defaults-mode-node": ["@smithy/util-defaults-mode-node@4.2.37", "", { "dependencies": { "@smithy/config-resolver": "^4.4.7", "@smithy/credential-provider-imds": "^4.2.9", "@smithy/node-config-provider": "^4.3.9", "@smithy/property-provider": "^4.2.9", "@smithy/smithy-client": "^4.11.7", "@smithy/types": "^4.12.1", "tslib": "^2.6.2" } }, "sha512-1LcAt0PV1dletxiGwcw2IJ8vLNhfkir02NTi1i/CFCY2ObtM5wDDjn/8V2dbPrbyoh6OTFH+uayI1rSVRBMT3A=="],

    "@smithy/util-endpoints": ["@smithy/util-endpoints@3.2.9", "", { "dependencies": { "@smithy/node-config-provider": "^4.3.9", "@smithy/types": "^4.12.1", "tslib": "^2.6.2" } }, "sha512-9FTqTzKxCFelCKdtHb22BTbrLgw7tTI+D6r/Ci/njI0tzqWLQctS0uEDTzraCR5K6IJItfFp1QmESlBytSpRhQ=="],

    "@smithy/util-hex-encoding": ["@smithy/util-hex-encoding@4.2.1", "", { "dependencies": { "tslib": "^2.6.2" } }, "sha512-c1hHtkgAWmE35/50gmdKajgGAKV3ePJ7t6UtEmpfCWJmQE9BQAQPz0URUVI89eSkcDqCtzqllxzG28IQoZPvwA=="],

    "@smithy/util-middleware": ["@smithy/util-middleware@4.2.9", "", { "dependencies": { "@smithy/types": "^4.12.1", "tslib": "^2.6.2" } }, "sha512-pfnZneJ1S9X3TRmg2l3pG11Pvx2BW9O3NFhUN30llrK/yUKu8WbqMTx4/CzED+qKBYw0//ntUT00hvmaG+nLgA=="],

    "@smithy/util-retry": ["@smithy/util-retry@4.2.9", "", { "dependencies": { "@smithy/service-error-classification": "^4.2.9", "@smithy/types": "^4.12.1", "tslib": "^2.6.2" } }, "sha512-79hfhL/oxP40SCXJGfjfE9pjbUVfHhXZFpCWXTHqXSluzaVy7jwWs9Ui7lLbfDBSp+7i+BIwgeVIRerbIRWN6g=="],

    "@smithy/util-stream": ["@smithy/util-stream@4.5.14", "", { "dependencies": { "@smithy/fetch-http-handler": "^5.3.10", "@smithy/node-http-handler": "^4.4.11", "@smithy/types": "^4.12.1", "@smithy/util-base64": "^4.3.1", "@smithy/util-buffer-from": "^4.2.1", "@smithy/util-hex-encoding": "^4.2.1", "@smithy/util-utf8": "^4.2.1", "tslib": "^2.6.2" } }, "sha512-IOBEiJTOltSx6MAfwkx/GSVM8/UCJxdtw13haP5OEL543lb1DN6TAypsxv+qcj4l/rKcpapbS6zK9MQGBOhoaA=="],

    "@smithy/util-uri-escape": ["@smithy/util-uri-escape@4.2.1", "", { "dependencies": { "tslib": "^2.6.2" } }, "sha512-YmiUDn2eo2IOiWYYvGQkgX5ZkBSiTQu4FlDo5jNPpAxng2t6Sjb6WutnZV9l6VR4eJul1ABmCrnWBC9hKHQa6Q=="],

    "@smithy/util-utf8": ["@smithy/util-utf8@4.2.1", "", { "dependencies": { "@smithy/util-buffer-from": "^4.2.1", "tslib": "^2.6.2" } }, "sha512-DSIwNaWtmzrNQHv8g7DBGR9mulSit65KSj5ymGEIAknmIN8IpbZefEep10LaMG/P/xquwbmJ1h9ectz8z6mV6g=="],

    "@smithy/util-waiter": ["@smithy/util-waiter@4.2.9", "", { "dependencies": { "@smithy/abort-controller": "^4.2.9", "@smithy/types": "^4.12.1", "tslib": "^2.6.2" } }, "sha512-/PYREwfBaj3fV5V4PfMksYj/WKwrjQ4gW/yo8KLpZSkAdBEkvXd68hovAubrw+n+Q8Rcr9XRn6uzcoQCEhrNFQ=="],

    "@smithy/uuid": ["@smithy/uuid@1.1.1", "", { "dependencies": { "tslib": "^2.6.2" } }, "sha512-dSfDCeihDmZlV2oyr0yWPTUfh07suS+R5OB+FZGiv/hHyK3hrFBW5rR1UYjfa57vBsrP9lciFkRPzebaV1Qujw=="],

    "@stacksjs/bumpx": ["@stacksjs/bumpx@0.2.4", "", { "dependencies": { "@stacksjs/clapp": "^0.2.0", "@stacksjs/logsmith": "^0.2.1", "bunfig": "^0.15.6" }, "bin": { "bumpx": "dist/bin/cli.js" } }, "sha512-bt14GhW4QJKqmAgfTyjW0pDblDu+y6+DSX8xva1HnLk2GtLyQe0YXUs51dUvZBFgYVHcHEUijNoj2pivuwIcjQ=="],

    "@stacksjs/clapp": ["@stacksjs/clapp@0.2.0", "", { "dependencies": { "mri": "^1.2.0", "wrap-ansi": "^9.0.0" }, "bin": { "clapp": "dist/bin/cli.js", "@stacksjs/clapp": "dist/bin/cli.js" } }, "sha512-dSqnbeZjXnQLLvVxC5NU7D9Vpjxc6cC9Bo2ZwaqjgruK7pbVoFCI0goc9Mtf/lfSTbTx6Uvv/mbY7+cOW/j3Og=="],

    "@stacksjs/clarity": ["@stacksjs/clarity@0.3.24", "", { "bin": { "clarity": "dist/bin/cli.js" } }, "sha512-QN21fT/9dovcuFTkni9LFHDzBpiBZ4Q//0a3vFJsckPiblNIu1RhwwePkkTK4j6Xu2DtVYGR60/9Scdrp6wRfw=="],

    "@stacksjs/cli": ["@stacksjs/cli@0.70.23", "", {}, "sha512-pbu6xESAtRIppcEQlhmRq0yZa1lnYAwtQHh7DmfDcUgVjvahQGe7PXoX+m2dhdFDRthFIVuLeHvrAf1JYv/JOQ=="],

    "@stacksjs/dtsx": ["@stacksjs/dtsx@0.9.12", "", { "dependencies": { "@stacksjs/clapp": "^0.2.0" }, "peerDependencies": { "typescript": ">=5.9.3" }, "bin": { "dtsx": "./dist/bin/cli.js" } }, "sha512-/t9t9er2oSNBBWiu1mXXZWfSXuF2/WoXdjsE1s2dkAPnbB7boXAChO1h796xsruaw2g2cACIStYig5lOnzxBVw=="],

    "@stacksjs/gitlint": ["@stacksjs/gitlint@0.1.5", "", { "bin": { "gitlint": "dist/bin/cli.js" } }, "sha512-5nSr6PN8/cRPdIz9Cj65Dh12N9gR7BPtJzR3rnqhAgpm5q0ihjmVTTybFQqigMcYuRpt2qX4HenV7YXuFOYScw=="],

    "@stacksjs/logging": ["@stacksjs/logging@0.70.23", "", {}, "sha512-rm/XGj7z+one5mQqwrgxRq/ulusyz2eWVe3QUP3/V9kKkDtEhI9tnmx4PLvVQZbxJgsVzcZeuyJ12OfxfpKFdg=="],

    "@stacksjs/logsmith": ["@stacksjs/logsmith@0.2.1", "", { "dependencies": { "@stacksjs/clapp": "^0.2.0", "bunfig": "^0.15.6", "pickier": "^0.1.7" }, "bin": { "logsmith": "dist/bin/cli.js", "@stacksjs/logsmith": "dist/bin/cli.js" } }, "sha512-JbAnn0dWZDEBjks7qRd/L0kWbsD3Qi0uSFmCPkEU9fH0+eP6Fdl7mtnok2oVDUaNitWu97OJZHlFe/MV2ilgnA=="],

    "@stacksjs/storage": ["@stacksjs/storage@0.70.23", "", {}, "sha512-dA6Xoy7cDxsiyeGp5EBYr/wQpGFOG2gFarrapfOXZzBduYdNWjnUSUYGozvgW58T5lRjecg7uCP55nJGbLczdw=="],

    "@types/bun": ["@types/bun@1.3.9", "", { "dependencies": { "bun-types": "1.3.9" } }, "sha512-KQ571yULOdWJiMH+RIWIOZ7B2RXQGpL1YQrBtLIV3FqDcCu6FsbFUBwhdKUlCKUpS3PJDsHlJ1QKlpxoVR+xtw=="],

    "@types/node": ["@types/node@25.3.0", "", { "dependencies": { "undici-types": "~7.18.0" } }, "sha512-4K3bqJpXpqfg2XKGK9bpDTc6xO/xoUP/RBWS7AtRMug6zZFaRekiLzjVtAoZMquxoAbzBvy5nxQ7veS5eYzf8A=="],

    "@types/tar": ["@types/tar@7.0.87", "", { "dependencies": { "tar": "*" } }, "sha512-3IxNBV8LeY5oi2ZFpvAhOtW1+mHswkzM7BuisVrwJgPv67GBO2rkLPQlEKtzfHuLdhDDczhkCZeT+RuizMay4A=="],

    "ansi-regex": ["ansi-regex@6.2.2", "", {}, "sha512-Bq3SmSpyFHaWjPk8If9yc6svM8c56dB5BAtW4Qbw5jHTwwXXcTLoRMkpDJp6VL0XzlWaCHTXrkFURMYmD0sLqg=="],

    "ansi-styles": ["ansi-styles@6.2.3", "", {}, "sha512-4Dj6M28JB+oAH8kFkTLUo+a2jwOFkuqb3yucU0CANcRRUbxS0cP0nZYCGjcc3BNXwRIsUVmDGgzawme7zvJHvg=="],

    "bowser": ["bowser@2.14.1", "", {}, "sha512-tzPjzCxygAKWFOJP011oxFHs57HzIhOEracIgAePE4pqB3LikALKnSzUyU4MGs9/iCEUuHlAJTjTc5M+u7YEGg=="],

    "buddy-bot": ["buddy-bot@0.9.16", "", { "dependencies": { "bunfig": "^0.15.6", "prompts": "^2.4.2", "ts-pkgx": "^0.4.154" }, "bin": { "buddy-bot": "./dist/bin/cli.js" } }, "sha512-mw2ef2WMQ8zmd63/jbf3SQEvESv1Xp++iMOkXhONhULdyLZ6UEw+MbUl2bn5rMboXe+ymfTb5wmZE6j7/iHmAQ=="],

    "bun-git-hooks": ["bun-git-hooks@0.3.1", "", { "bin": { "git-hooks": "dist/bin/cli.js", "bun-git-hooks": "dist/bin/cli.js" } }, "sha512-Xs/QUqIYgBmLHSVr5VBLVbM5lZbUoAXKX2WZyoQDb2LlzcxC3BpBvMkMTQH75UuOJZwaRBq8yEe4IR6NckqdgQ=="],

    "bun-plugin-dtsx": ["bun-plugin-dtsx@0.21.17", "", { "dependencies": { "@stacksjs/dtsx": "^0.9.8" } }, "sha512-gikZdPs8f7aFPREb+gBn7kaDdjpfQSLIPpVbUI+I5dusAlENvlJmKQj06aq1oS3mP7yg3gdQJBRg+PlzUV5h9g=="],

    "bun-types": ["bun-types@1.3.9", "", { "dependencies": { "@types/node": "*" } }, "sha512-+UBWWOakIP4Tswh0Bt0QD0alpTY8cb5hvgiYeWCMet9YukHbzuruIEeXC2D7nMJPB12kbh8C7XJykSexEqGKJg=="],

    "bunfig": ["bunfig@0.15.6", "", { "dependencies": { "@stacksjs/clapp": "^0.2.0", "@stacksjs/clarity": "^0.3.24" }, "bin": { "bunfig": "bin/cli.js" } }, "sha512-7ynPmrn1dN5F+0DtUVY0Vo2MZOOnSdb6hpQePwABEYIJ+d/rSb3vaOVUs3MFxwxWuaVc1FEStVJG6+kCgbLuyg=="],

    "chownr": ["chownr@3.0.0", "", {}, "sha512-+IxzY9BZOQd/XuYPRmrvEVjF/nqj5kgT4kEq7VofrDoM1MxoRjEWkrCC3EtLi59TVawxTAn+orJwFQcrqEN1+g=="],

    "debug": ["debug@4.4.3", "", { "dependencies": { "ms": "^2.1.3" } }, "sha512-RGwwWnwQvkVfavKVt22FGLw+xYSdzARwm0ru6DhTVA3umU5hZc28V3kO4stgYryrTlLpuvgI9GiijltAjNbcqA=="],

    "dynamodb-toolbox": ["dynamodb-toolbox@2.8.0", "", { "dependencies": { "hotscript": "^1.0.13" }, "peerDependencies": { "@aws-sdk/client-dynamodb": "^3.0.0", "@aws-sdk/lib-dynamodb": "^3.0.0" } }, "sha512-4VUndaMzIaM7axYTu8gGFuvj2wJ7WtCe3yqbI+74+KueWhI5qAHQ1xbL5t9Q3iBQqZ5tIfhehWhrnenEZCt26w=="],

    "emoji-regex": ["emoji-regex@10.6.0", "", {}, "sha512-toUI84YS5YmxW219erniWD0CIVOo46xGKColeNQRgOzDorgBi1v4D71/OFzgD9GO2UGKIv1C3Sp8DAn0+j5w7A=="],

    "fast-xml-parser": ["fast-xml-parser@5.3.6", "", { "dependencies": { "strnum": "^2.1.2" }, "bin": { "fxparser": "src/cli/cli.js" } }, "sha512-QNI3sAvSvaOiaMl8FYU4trnEzCwiRr8XMWgAHzlrWpTSj+QaCSvOf1h82OEP1s4hiAXhnbXSyFWCf4ldZzZRVA=="],

    "fdir": ["fdir@6.5.0", "", { "peerDependencies": { "picomatch": "^3 || ^4" }, "optionalPeers": ["picomatch"] }, "sha512-tIbYtZbucOs0BRGqPJkshJUYdL+SDH7dVM8gjy+ERp3WAUjLEFJE+02kanyHtwjWOnwrKYBiwAmM0p4kLJAnXg=="],

    "get-east-asian-width": ["get-east-asian-width@1.5.0", "", {}, "sha512-CQ+bEO+Tva/qlmw24dCejulK5pMzVnUOFOijVogd3KQs07HnRIgp8TGipvCCRT06xeYEbpbgwaCxglFyiuIcmA=="],

    "hotscript": ["hotscript@1.0.13", "", {}, "sha512-C++tTF1GqkGYecL+2S1wJTfoH6APGAsbb7PAWQ3iVIwgG/EFseAfEVOKFgAFq4yK3+6j1EjUD4UQ9dRJHX/sSQ=="],

    "kleur": ["kleur@3.0.3", "", {}, "sha512-eTIzlVOSUR+JxdDFepEYcBMtZ9Qqdef+rnzWdRZuMbOywu5tO2w2N7rqjoANZ5k9vywhL6Br1VRjUIgTQx4E8w=="],

    "minipass": ["minipass@7.1.3", "", {}, "sha512-tEBHqDnIoM/1rXME1zgka9g6Q2lcoCkxHLuc7ODJ5BxbP5d4c2Z5cGgtXAku59200Cx7diuHTOYfSBD8n6mm8A=="],

    "minizlib": ["minizlib@3.1.0", "", { "dependencies": { "minipass": "^7.1.2" } }, "sha512-KZxYo1BUkWD2TVFLr0MQoM8vUUigWD3LlD83a/75BqC+4qE0Hb1Vo5v1FgcfaNXvfXzr+5EhQ6ing/CaBijTlw=="],

    "mnemonist": ["mnemonist@0.38.3", "", { "dependencies": { "obliterator": "^1.6.1" } }, "sha512-2K9QYubXx/NAjv4VLq1d1Ly8pWNC5L3BrixtdkyTegXWJIqY+zLNDhhX/A+ZwWt70tB1S8H4BE8FLYEFyNoOBw=="],

    "mri": ["mri@1.2.0", "", {}, "sha512-tzzskb3bG8LvYGFF/mDTpq3jpI6Q9wc3LEmBaghu+DdCssd1FakN7Bc0hVNmEyGq1bq3RgfkCb3cmQLpNPOroA=="],

    "ms": ["ms@2.1.3", "", {}, "sha512-6FlzubTLZG3J2a/NVCAleEhjzq5oxgHyaCU9yYXvcLsvoVaHJq/s5xXI6/XXP6tz7R9xAOtHnSO/tXtF3WRTlA=="],

    "obliterator": ["obliterator@1.6.1", "", {}, "sha512-9WXswnqINnnhOG/5SLimUlzuU1hFJUc8zkwyD59Sd+dPOMf05PmnYG/d6Q7HZ+KmgkZJa1PxRso6QdM3sTNHig=="],

    "p-limit": ["p-limit@7.3.0", "", { "dependencies": { "yocto-queue": "^1.2.1" } }, "sha512-7cIXg/Z0M5WZRblrsOla88S4wAK+zOQQWeBYfV3qJuJXMr+LnbYjaadrFaS0JILfEDPVqHyKnZ1Z/1d6J9VVUw=="],

    "pickier": ["pickier@0.1.20", "", { "dependencies": { "@stacksjs/clapp": "^0.2.0", "p-limit": "^7.2.0", "tinyglobby": "^0.2.15" }, "bin": { "pickier": "./dist/bin/cli.js" } }, "sha512-IC95MIW4hv4/b64HMQjv/VbtvTMUz2uX7qqqcJwaAg5fJecETSx/fZLVoFSeGAEtpzADW5n09BevV4XErNzgLg=="],

    "picomatch": ["picomatch@4.0.3", "", {}, "sha512-5gTmgEY/sqK6gFXLIsQNH19lWb4ebPDLA4SdLP7dsWkIXHWlG66oPuVvXSGFPppYZz8ZDZq0dYYrbHfBCVUb1Q=="],

    "prompts": ["prompts@2.4.2", "", { "dependencies": { "kleur": "^3.0.3", "sisteransi": "^1.0.5" } }, "sha512-NxNv/kLguCA7p3jE8oL2aEBsrJWgAakBpgmgK6lpPWV+WuOmY6r2/zbAVnP+T8bQlA0nzHXSJSJW0Hq7ylaD2Q=="],

    "sisteransi": ["sisteransi@1.0.5", "", {}, "sha512-bLGGlR1QxBcynn2d5YmDX4MGjlZvy2MRBDRNHLJ8VI6l6+9FUiyTFNJ0IveOSP0bcXgVDPRcfGqA0pjaqUpfVg=="],

    "string-width": ["string-width@7.2.0", "", { "dependencies": { "emoji-regex": "^10.3.0", "get-east-asian-width": "^1.0.0", "strip-ansi": "^7.1.0" } }, "sha512-tsaTIkKW9b4N+AEj+SVA+WhJzV7/zMhcSu78mLKWSk7cXMOSHsBKFWUs0fWwq8QyK3MgJBQRX6Gbi4kYbdvGkQ=="],

    "strip-ansi": ["strip-ansi@7.1.2", "", { "dependencies": { "ansi-regex": "^6.0.1" } }, "sha512-gmBGslpoQJtgnMAvOVqGZpEz9dyoKTCzy2nfz/n8aIFhN/jCE/rCmcxabB6jOOHV+0WNnylOxaxBQPSvcWklhA=="],

    "strnum": ["strnum@2.1.2", "", {}, "sha512-l63NF9y/cLROq/yqKXSLtcMeeyOfnSQlfMSlzFt/K73oIaD8DGaQWd7Z34X9GPiKqP5rbSh84Hl4bOlLcjiSrQ=="],

    "tar": ["tar@7.5.9", "", { "dependencies": { "@isaacs/fs-minipass": "^4.0.0", "chownr": "^3.0.0", "minipass": "^7.1.2", "minizlib": "^3.1.0", "yallist": "^5.0.0" } }, "sha512-BTLcK0xsDh2+PUe9F6c2TlRp4zOOBMTkoQHQIWSIzI0R7KG46uEwq4OPk2W7bZcprBMsuaeFsqwYr7pjh6CuHg=="],

    "tinyglobby": ["tinyglobby@0.2.15", "", { "dependencies": { "fdir": "^6.5.0", "picomatch": "^4.0.3" } }, "sha512-j2Zq4NyQYG5XMST4cbs02Ak8iJUdxRM0XI5QyxXuZOzKOINmWurp3smXu3y5wDcJrptwpSjgXHzIQxR0omXljQ=="],

    "ts-pkgx": ["ts-pkgx@0.4.154", "", { "dependencies": { "ts-web-scraper": "^0.1.1" }, "bin": { "ts-pkgx": "dist/bin/cli.js" } }, "sha512-ScxXuLzVvgm1YDbHHz9IRxqnU9vHobZsou61RtTTeCcWov+KLaa3msMwgztr6GrFmGRETkLaTbUU4fOajlHx4w=="],

    "ts-web-scraper": ["ts-web-scraper@0.1.1", "", { "bin": { "scraper": "dist/bin/cli.js" } }, "sha512-js+gSRe95yDD9U3+GmjvIKBYLAN9WoZKV84x7HcSI7dqdWEIoZSeSGR/Jbr8f5hCeV9FD70KdTPIS2LQwviQXQ=="],

    "tslib": ["tslib@2.8.1", "", {}, "sha512-oJFu94HQb+KVduSUQL7wnpmqnfmLsOA/nAh6b6EH0wCEoK0/mPeXU6c3wKDV83MkOuHPRHtSXKKU99IBazS/2w=="],

    "typescript": ["typescript@5.9.3", "", { "bin": { "tsc": "bin/tsc", "tsserver": "bin/tsserver" } }, "sha512-jl1vZzPDinLr9eUt3J/t7V6FgNEw9QjvBPdysz9KfQDD41fQrC2Y4vKQdiaUpFT4bXlb1RHhLpp8wtm6M5TgSw=="],

    "undici-types": ["undici-types@7.18.2", "", {}, "sha512-AsuCzffGHJybSaRrmr5eHr81mwJU3kjw6M+uprWvCXiNeN9SOGwQ3Jn8jb8m3Z6izVgknn1R0FTCEAP2QrLY/w=="],

    "wrap-ansi": ["wrap-ansi@9.0.2", "", { "dependencies": { "ansi-styles": "^6.2.1", "string-width": "^7.0.0", "strip-ansi": "^7.1.0" } }, "sha512-42AtmgqjV+X1VpdOfyTGOYRi0/zsoLqtXQckTmqTeybT+BDIbM/Guxo7x3pE2vtpr1ok6xRqM9OpBe+Jyoqyww=="],

    "yallist": ["yallist@5.0.0", "", {}, "sha512-YgvUTfwqyc7UXVMrB+SImsVYSmTS8X/tSrtdNZMImM+n7+QTriRXyXim0mBrTXNeqzVF0KWGgHPeiyViFFrNDw=="],

    "yocto-queue": ["yocto-queue@1.2.2", "", {}, "sha512-4LCcse/U2MHZ63HAJVE+v71o7yOdIe4cZ70Wpf8D/IyjDKYQLV5GD46B+hSTjJsvV5PztjvHoU580EftxjDZFQ=="],

    "@aws-crypto/sha256-browser/@smithy/util-utf8": ["@smithy/util-utf8@2.3.0", "", { "dependencies": { "@smithy/util-buffer-from": "^2.2.0", "tslib": "^2.6.2" } }, "sha512-R8Rdn8Hy72KKcebgLiv8jQcQkXoLMOGGv5uI1/k0l+snqkOzQ1R0ChUBCxWMlBsFMekWjq0wRudIweFs7sKT5A=="],

    "@aws-crypto/util/@smithy/util-utf8": ["@smithy/util-utf8@2.3.0", "", { "dependencies": { "@smithy/util-buffer-from": "^2.2.0", "tslib": "^2.6.2" } }, "sha512-R8Rdn8Hy72KKcebgLiv8jQcQkXoLMOGGv5uI1/k0l+snqkOzQ1R0ChUBCxWMlBsFMekWjq0wRudIweFs7sKT5A=="],

    "@aws-crypto/sha256-browser/@smithy/util-utf8/@smithy/util-buffer-from": ["@smithy/util-buffer-from@2.2.0", "", { "dependencies": { "@smithy/is-array-buffer": "^2.2.0", "tslib": "^2.6.2" } }, "sha512-IJdWBbTcMQ6DA0gdNhh/BwrLkDR+ADW5Kr1aZmd4k3DIF6ezMV4R2NIAmT08wQJ3yUK82thHWmC/TnK/wpMMIA=="],

    "@aws-crypto/util/@smithy/util-utf8/@smithy/util-buffer-from": ["@smithy/util-buffer-from@2.2.0", "", { "dependencies": { "@smithy/is-array-buffer": "^2.2.0", "tslib": "^2.6.2" } }, "sha512-IJdWBbTcMQ6DA0gdNhh/BwrLkDR+ADW5Kr1aZmd4k3DIF6ezMV4R2NIAmT08wQJ3yUK82thHWmC/TnK/wpMMIA=="],

    "@aws-crypto/sha256-browser/@smithy/util-utf8/@smithy/util-buffer-from/@smithy/is-array-buffer": ["@smithy/is-array-buffer@2.2.0", "", { "dependencies": { "tslib": "^2.6.2" } }, "sha512-GGP3O9QFD24uGeAXYUjwSTXARoqpZykHadOmA8G5vfJPK0/DC67qa//0qvqrJzL1xc8WQWX7/yc7fwudjPHPhA=="],

    "@aws-crypto/util/@smithy/util-utf8/@smithy/util-buffer-from/@smithy/is-array-buffer": ["@smithy/is-array-buffer@2.2.0", "", { "dependencies": { "tslib": "^2.6.2" } }, "sha512-GGP3O9QFD24uGeAXYUjwSTXARoqpZykHadOmA8G5vfJPK0/DC67qa//0qvqrJzL1xc8WQWX7/yc7fwudjPHPhA=="],
  }
}
