{
  "lockfileVersion": 1,
  "configVersion": 1,
  "workspaces": {
    "": {
      "name": "dynamodb-tooling",
      "devDependencies": {
        "@stacksjs/bumpx": "^0.2.4",
        "@stacksjs/cli": "^0.70.23",
        "@stacksjs/gitlint": "^0.1.5",
        "@stacksjs/logging": "^0.70.23",
        "@stacksjs/logsmith": "^0.2.1",
        "@stacksjs/storage": "^0.70.23",
        "@types/bun": "^1.3.11",
        "@types/tar": "^7.0.87",
        "buddy-bot": "^0.9.17",
        "bun-git-hooks": "^0.3.1",
        "bun-plugin-dtsx": "0.9.9",
        "bunfig": "^0.15.6",
        "debug": "^4.4.3",
        "dynamodb-toolbox": "^2.8.0",
        "tar": "^7.5.11",
        "typescript": "^5.9.3",
      },
    },
  },
  "packages": {
    "@aws-crypto/sha256-browser": ["@aws-crypto/sha256-browser@5.2.0", "", { "dependencies": { "@aws-crypto/sha256-js": "^5.2.0", "@aws-crypto/supports-web-crypto": "^5.2.0", "@aws-crypto/util": "^5.2.0", "@aws-sdk/types": "^3.222.0", "@aws-sdk/util-locate-window": "^3.0.0", "@smithy/util-utf8": "^2.0.0", "tslib": "^2.6.2" } }, "sha512-AXfN/lGotSQwu6HNcEsIASo7kWXZ5HYWvfOmSNKDsEqC4OashTp8alTmaz+F7TC2L083SFv5RdB+qU3Vs1kZqw=="],

    "@aws-crypto/sha256-js": ["@aws-crypto/sha256-js@5.2.0", "", { "dependencies": { "@aws-crypto/util": "^5.2.0", "@aws-sdk/types": "^3.222.0", "tslib": "^2.6.2" } }, "sha512-FFQQyu7edu4ufvIZ+OadFpHHOt+eSTBaYaki44c+akjg7qZg9oOQeLlk77F6tSYqjDAFClrHJk9tMf0HdVyOvA=="],

    "@aws-crypto/supports-web-crypto": ["@aws-crypto/supports-web-crypto@5.2.0", "", { "dependencies": { "tslib": "^2.6.2" } }, "sha512-iAvUotm021kM33eCdNfwIN//F77/IADDSs58i+MDaOqFrVjZo9bAal0NK7HurRuWLLpF1iLX7gbWrjHjeo+YFg=="],

    "@aws-crypto/util": ["@aws-crypto/util@5.2.0", "", { "dependencies": { "@aws-sdk/types": "^3.222.0", "@smithy/util-utf8": "^2.0.0", "tslib": "^2.6.2" } }, "sha512-4RkU9EsI6ZpBve5fseQlGNUWKMa1RLPQ1dnjnQoe07ldfIzcsGb5hC5W0Dm7u423KWzawlrpbjXBrXCEv9zazQ=="],

    "@aws-sdk/client-dynamodb": ["@aws-sdk/client-dynamodb@3.1002.0", "", { "dependencies": { "@aws-crypto/sha256-browser": "5.2.0", "@aws-crypto/sha256-js": "5.2.0", "@aws-sdk/core": "^3.973.17", "@aws-sdk/credential-provider-node": "^3.972.16", "@aws-sdk/dynamodb-codec": "^3.972.18", "@aws-sdk/middleware-endpoint-discovery": "^3.972.6", "@aws-sdk/middleware-host-header": "^3.972.6", "@aws-sdk/middleware-logger": "^3.972.6", "@aws-sdk/middleware-recursion-detection": "^3.972.6", "@aws-sdk/middleware-user-agent": "^3.972.17", "@aws-sdk/region-config-resolver": "^3.972.6", "@aws-sdk/types": "^3.973.4", "@aws-sdk/util-endpoints": "^3.996.3", "@aws-sdk/util-user-agent-browser": "^3.972.6", "@aws-sdk/util-user-agent-node": "^3.973.2", "@smithy/config-resolver": "^4.4.9", "@smithy/core": "^3.23.7", "@smithy/fetch-http-handler": "^5.3.12", "@smithy/hash-node": "^4.2.10", "@smithy/invalid-dependency": "^4.2.10", "@smithy/middleware-content-length": "^4.2.10", "@smithy/middleware-endpoint": "^4.4.21", "@smithy/middleware-retry": "^4.4.38", "@smithy/middleware-serde": "^4.2.11", "@smithy/middleware-stack": "^4.2.10", "@smithy/node-config-provider": "^4.3.10", "@smithy/node-http-handler": "^4.4.13", "@smithy/protocol-http": "^5.3.10", "@smithy/smithy-client": "^4.12.1", "@smithy/types": "^4.13.0", "@smithy/url-parser": "^4.2.10", "@smithy/util-base64": "^4.3.1", "@smithy/util-body-length-browser": "^4.2.1", "@smithy/util-body-length-node": "^4.2.2", "@smithy/util-defaults-mode-browser": "^4.3.37", "@smithy/util-defaults-mode-node": "^4.2.40", "@smithy/util-endpoints": "^3.3.1", "@smithy/util-middleware": "^4.2.10", "@smithy/util-retry": "^4.2.10", "@smithy/util-utf8": "^4.2.1", "@smithy/util-waiter": "^4.2.10", "tslib": "^2.6.2" } }, "sha512-qwIQ7fXHJh/MLkabEEnYgY7NfOL6lbZeI9P29HzSo8jMp3c+uxHkZF/xlyLcArky/YEn5FFhiUF2RUzbsUAUjg=="],

    "@aws-sdk/core": ["@aws-sdk/core@3.973.17", "", { "dependencies": { "@aws-sdk/types": "^3.973.4", "@aws-sdk/xml-builder": "^3.972.9", "@smithy/core": "^3.23.7", "@smithy/node-config-provider": "^4.3.10", "@smithy/property-provider": "^4.2.10", "@smithy/protocol-http": "^5.3.10", "@smithy/signature-v4": "^5.3.10", "@smithy/smithy-client": "^4.12.1", "@smithy/types": "^4.13.0", "@smithy/util-base64": "^4.3.1", "@smithy/util-middleware": "^4.2.10", "@smithy/util-utf8": "^4.2.1", "tslib": "^2.6.2" } }, "sha512-VtgGP0TjbCeyp6DQpiBqJKbemTSIaN2bZc3UbeTDCani3lBCyxn75ouJYD6koSSp0bh7rKLEbUpiFsNCI7tr0w=="],

    "@aws-sdk/credential-provider-env": ["@aws-sdk/credential-provider-env@3.972.15", "", { "dependencies": { "@aws-sdk/core": "^3.973.17", "@aws-sdk/types": "^3.973.4", "@smithy/property-provider": "^4.2.10", "@smithy/types": "^4.13.0", "tslib": "^2.6.2" } }, "sha512-RhHQG1lhkWHL4tK1C/KDjaOeis+9U0tAMnWDiwiSVQZMC7CsST9Xin+sK89XywJ5g/tyABtb7TvFePJ4Te5XSQ=="],

    "@aws-sdk/credential-provider-http": ["@aws-sdk/credential-provider-http@3.972.17", "", { "dependencies": { "@aws-sdk/core": "^3.973.17", "@aws-sdk/types": "^3.973.4", "@smithy/fetch-http-handler": "^5.3.12", "@smithy/node-http-handler": "^4.4.13", "@smithy/property-provider": "^4.2.10", "@smithy/protocol-http": "^5.3.10", "@smithy/smithy-client": "^4.12.1", "@smithy/types": "^4.13.0", "@smithy/util-stream": "^4.5.16", "tslib": "^2.6.2" } }, "sha512-b/bDL76p51+yQ+0O9ZDH5nw/ioE0sRYkjwjOwFWAWZXo6it2kQZUOXhVpjohx3ldKyUxt/SwAivjUu1Nr/PWlQ=="],

    "@aws-sdk/credential-provider-ini": ["@aws-sdk/credential-provider-ini@3.972.15", "", { "dependencies": { "@aws-sdk/core": "^3.973.17", "@aws-sdk/credential-provider-env": "^3.972.15", "@aws-sdk/credential-provider-http": "^3.972.17", "@aws-sdk/credential-provider-login": "^3.972.15", "@aws-sdk/credential-provider-process": "^3.972.15", "@aws-sdk/credential-provider-sso": "^3.972.15", "@aws-sdk/credential-provider-web-identity": "^3.972.15", "@aws-sdk/nested-clients": "^3.996.5", "@aws-sdk/types": "^3.973.4", "@smithy/credential-provider-imds": "^4.2.10", "@smithy/property-provider": "^4.2.10", "@smithy/shared-ini-file-loader": "^4.4.5", "@smithy/types": "^4.13.0", "tslib": "^2.6.2" } }, "sha512-qWnM+wB8MmU2kKY7f4KowKjOjkwRosaFxrtseEEIefwoXn1SjN+CbHzXBVdTAQxxkbBiqhPgJ/WHiPtES4grRQ=="],

    "@aws-sdk/credential-provider-login": ["@aws-sdk/credential-provider-login@3.972.15", "", { "dependencies": { "@aws-sdk/core": "^3.973.17", "@aws-sdk/nested-clients": "^3.996.5", "@aws-sdk/types": "^3.973.4", "@smithy/property-provider": "^4.2.10", "@smithy/protocol-http": "^5.3.10", "@smithy/shared-ini-file-loader": "^4.4.5", "@smithy/types": "^4.13.0", "tslib": "^2.6.2" } }, "sha512-x92FJy34/95wgu+qOGD8SHcgh1hZ9Qx2uFtQEGn4m9Ljou8ICIv3Ybq5yxdB7A60S8ZGCQB0mIopmjJwiLbh5g=="],

    "@aws-sdk/credential-provider-node": ["@aws-sdk/credential-provider-node@3.972.16", "", { "dependencies": { "@aws-sdk/credential-provider-env": "^3.972.15", "@aws-sdk/credential-provider-http": "^3.972.17", "@aws-sdk/credential-provider-ini": "^3.972.15", "@aws-sdk/credential-provider-process": "^3.972.15", "@aws-sdk/credential-provider-sso": "^3.972.15", "@aws-sdk/credential-provider-web-identity": "^3.972.15", "@aws-sdk/types": "^3.973.4", "@smithy/credential-provider-imds": "^4.2.10", "@smithy/property-provider": "^4.2.10", "@smithy/shared-ini-file-loader": "^4.4.5", "@smithy/types": "^4.13.0", "tslib": "^2.6.2" } }, "sha512-7mlt14Ee4rPFAFUVgpWE7+0CBhetJJyzVFqfIsMp7sgyOSm9Y/+qHZOWAuK5I4JNc+Y5PltvJ9kssTzRo92iXQ=="],

    "@aws-sdk/credential-provider-process": ["@aws-sdk/credential-provider-process@3.972.15", "", { "dependencies": { "@aws-sdk/core": "^3.973.17", "@aws-sdk/types": "^3.973.4", "@smithy/property-provider": "^4.2.10", "@smithy/shared-ini-file-loader": "^4.4.5", "@smithy/types": "^4.13.0", "tslib": "^2.6.2" } }, "sha512-PrH3iTeD18y/8uJvQD2s/T87BTGhsdS/1KZU7ReWHXsplBwvCqi7AbnnNbML1pFlQwRWCE2RdSZFWDVId3CvkA=="],

    "@aws-sdk/credential-provider-sso": ["@aws-sdk/credential-provider-sso@3.972.15", "", { "dependencies": { "@aws-sdk/core": "^3.973.17", "@aws-sdk/nested-clients": "^3.996.5", "@aws-sdk/token-providers": "3.1002.0", "@aws-sdk/types": "^3.973.4", "@smithy/property-provider": "^4.2.10", "@smithy/shared-ini-file-loader": "^4.4.5", "@smithy/types": "^4.13.0", "tslib": "^2.6.2" } }, "sha512-M/+LBHTPKZxxXckM6m4dnJeR+jlm9NynH9b2YDswN4Zj2St05SK/crdL3Wy3WfJTZootnnhm3oTh87Usl7PS7w=="],

    "@aws-sdk/credential-provider-web-identity": ["@aws-sdk/credential-provider-web-identity@3.972.15", "", { "dependencies": { "@aws-sdk/core": "^3.973.17", "@aws-sdk/nested-clients": "^3.996.5", "@aws-sdk/types": "^3.973.4", "@smithy/property-provider": "^4.2.10", "@smithy/shared-ini-file-loader": "^4.4.5", "@smithy/types": "^4.13.0", "tslib": "^2.6.2" } }, "sha512-QTH6k93v+UOfFam/ado8zc71tH+enTVyuvLy9uEWXX1x894dN5ovtf/MdBDgFwq3g6c9mbtgVJ4B+yBqDtXvdA=="],

    "@aws-sdk/dynamodb-codec": ["@aws-sdk/dynamodb-codec@3.972.18", "", { "dependencies": { "@aws-sdk/core": "^3.973.17", "@smithy/core": "^3.23.7", "@smithy/smithy-client": "^4.12.1", "@smithy/types": "^4.13.0", "@smithy/util-base64": "^4.3.1", "tslib": "^2.6.2" } }, "sha512-PKD3kBKmj0nvAgzYfV7cdjJ3z0sSxtoYiw5t1WTLedksyRW1RNBvpVDXDI7nt9xpcn6K7Ui1P7VV05yoiQxzDA=="],

    "@aws-sdk/endpoint-cache": ["@aws-sdk/endpoint-cache@3.972.3", "", { "dependencies": { "mnemonist": "0.38.3", "tslib": "^2.6.2" } }, "sha512-s5oiwOTe0ajI5y/cRMsThZsmlrZiAEcUct723O9NivR/es8fDtglbhHo7eQE4ydddCivFCm2lpNj8RPDLdL3AA=="],

    "@aws-sdk/lib-dynamodb": ["@aws-sdk/lib-dynamodb@3.1002.0", "", { "dependencies": { "@aws-sdk/core": "^3.973.17", "@aws-sdk/util-dynamodb": "^3.996.1", "@smithy/core": "^3.23.7", "@smithy/smithy-client": "^4.12.1", "@smithy/types": "^4.13.0", "tslib": "^2.6.2" }, "peerDependencies": { "@aws-sdk/client-dynamodb": "^3.1002.0" } }, "sha512-zxS1q4yrMbvF8yl274CsfO8myNtijefnnU37CukP6H2CrNTE2Qoo1oZ3Ixgisz2jd7Rx1WAsSnXh7EUxEsLEjQ=="],

    "@aws-sdk/middleware-endpoint-discovery": ["@aws-sdk/middleware-endpoint-discovery@3.972.6", "", { "dependencies": { "@aws-sdk/endpoint-cache": "^3.972.3", "@aws-sdk/types": "^3.973.4", "@smithy/node-config-provider": "^4.3.10", "@smithy/protocol-http": "^5.3.10", "@smithy/types": "^4.13.0", "tslib": "^2.6.2" } }, "sha512-p5DYw2cpnsuT/bFA4DEBxucY/wn3TVGDZ7wonEds6EEox35I5DThCsw6aWDIN/fTpG0FMLO3q7s1PUKozWl3CQ=="],

    "@aws-sdk/middleware-host-header": ["@aws-sdk/middleware-host-header@3.972.6", "", { "dependencies": { "@aws-sdk/types": "^3.973.4", "@smithy/protocol-http": "^5.3.10", "@smithy/types": "^4.13.0", "tslib": "^2.6.2" } }, "sha512-5XHwjPH1lHB+1q4bfC7T8Z5zZrZXfaLcjSMwTd1HPSPrCmPFMbg3UQ5vgNWcVj0xoX4HWqTGkSf2byrjlnRg5w=="],

    "@aws-sdk/middleware-logger": ["@aws-sdk/middleware-logger@3.972.6", "", { "dependencies": { "@aws-sdk/types": "^3.973.4", "@smithy/types": "^4.13.0", "tslib": "^2.6.2" } }, "sha512-iFnaMFMQdljAPrvsCVKYltPt2j40LQqukAbXvW7v0aL5I+1GO7bZ/W8m12WxW3gwyK5p5u1WlHg8TSAizC5cZw=="],

    "@aws-sdk/middleware-recursion-detection": ["@aws-sdk/middleware-recursion-detection@3.972.6", "", { "dependencies": { "@aws-sdk/types": "^3.973.4", "@aws/lambda-invoke-store": "^0.2.2", "@smithy/protocol-http": "^5.3.10", "@smithy/types": "^4.13.0", "tslib": "^2.6.2" } }, "sha512-dY4v3of5EEMvik6+UDwQ96KfUFDk8m1oZDdkSc5lwi4o7rFrjnv0A+yTV+gu230iybQZnKgDLg/rt2P3H+Vscw=="],

    "@aws-sdk/middleware-user-agent": ["@aws-sdk/middleware-user-agent@3.972.17", "", { "dependencies": { "@aws-sdk/core": "^3.973.17", "@aws-sdk/types": "^3.973.4", "@aws-sdk/util-endpoints": "^3.996.3", "@smithy/core": "^3.23.7", "@smithy/protocol-http": "^5.3.10", "@smithy/types": "^4.13.0", "tslib": "^2.6.2" } }, "sha512-HHArkgWzomuwufXwheQqkddu763PWCpoNTq1dGjqXzJT/lojX3VlOqjNSR2Xvb6/T9ISfwYcMOcbFgUp4EWxXA=="],

    "@aws-sdk/nested-clients": ["@aws-sdk/nested-clients@3.996.5", "", { "dependencies": { "@aws-crypto/sha256-browser": "5.2.0", "@aws-crypto/sha256-js": "5.2.0", "@aws-sdk/core": "^3.973.17", "@aws-sdk/middleware-host-header": "^3.972.6", "@aws-sdk/middleware-logger": "^3.972.6", "@aws-sdk/middleware-recursion-detection": "^3.972.6", "@aws-sdk/middleware-user-agent": "^3.972.17", "@aws-sdk/region-config-resolver": "^3.972.6", "@aws-sdk/types": "^3.973.4", "@aws-sdk/util-endpoints": "^3.996.3", "@aws-sdk/util-user-agent-browser": "^3.972.6", "@aws-sdk/util-user-agent-node": "^3.973.2", "@smithy/config-resolver": "^4.4.9", "@smithy/core": "^3.23.7", "@smithy/fetch-http-handler": "^5.3.12", "@smithy/hash-node": "^4.2.10", "@smithy/invalid-dependency": "^4.2.10", "@smithy/middleware-content-length": "^4.2.10", "@smithy/middleware-endpoint": "^4.4.21", "@smithy/middleware-retry": "^4.4.38", "@smithy/middleware-serde": "^4.2.11", "@smithy/middleware-stack": "^4.2.10", "@smithy/node-config-provider": "^4.3.10", "@smithy/node-http-handler": "^4.4.13", "@smithy/protocol-http": "^5.3.10", "@smithy/smithy-client": "^4.12.1", "@smithy/types": "^4.13.0", "@smithy/url-parser": "^4.2.10", "@smithy/util-base64": "^4.3.1", "@smithy/util-body-length-browser": "^4.2.1", "@smithy/util-body-length-node": "^4.2.2", "@smithy/util-defaults-mode-browser": "^4.3.37", "@smithy/util-defaults-mode-node": "^4.2.40", "@smithy/util-endpoints": "^3.3.1", "@smithy/util-middleware": "^4.2.10", "@smithy/util-retry": "^4.2.10", "@smithy/util-utf8": "^4.2.1", "tslib": "^2.6.2" } }, "sha512-zn0WApcULn7Rtl6T+KP2CQTZo/7wOa2YV1yHQnbijTQoi4YXQHM8s21JcJzt33/mqPh8AdvWX1f+83KvKuxlZw=="],

    "@aws-sdk/region-config-resolver": ["@aws-sdk/region-config-resolver@3.972.6", "", { "dependencies": { "@aws-sdk/types": "^3.973.4", "@smithy/config-resolver": "^4.4.9", "@smithy/node-config-provider": "^4.3.10", "@smithy/types": "^4.13.0", "tslib": "^2.6.2" } }, "sha512-Aa5PusHLXAqLTX1UKDvI3pHQJtIsF7Q+3turCHqfz/1F61/zDMWfbTC8evjhrrYVAtz9Vsv3SJ/waSUeu7B6gw=="],

    "@aws-sdk/token-providers": ["@aws-sdk/token-providers@3.1002.0", "", { "dependencies": { "@aws-sdk/core": "^3.973.17", "@aws-sdk/nested-clients": "^3.996.5", "@aws-sdk/types": "^3.973.4", "@smithy/property-provider": "^4.2.10", "@smithy/shared-ini-file-loader": "^4.4.5", "@smithy/types": "^4.13.0", "tslib": "^2.6.2" } }, "sha512-x972uKOydFn4Rb0PZJzLdNW59rH0KWC78Q2JbQzZpGlGt0DxjYdDRwBG6F42B1MyaEwHGqO/tkGc4r3/PRFfMw=="],

    "@aws-sdk/types": ["@aws-sdk/types@3.973.4", "", { "dependencies": { "@smithy/types": "^4.13.0", "tslib": "^2.6.2" } }, "sha512-RW60aH26Bsc016Y9B98hC0Plx6fK5P2v/iQYwMzrSjiDh1qRMUCP6KrXHYEHe3uFvKiOC93Z9zk4BJsUi6Tj1Q=="],

    "@aws-sdk/util-dynamodb": ["@aws-sdk/util-dynamodb@3.996.1", "", { "dependencies": { "tslib": "^2.6.2" }, "peerDependencies": { "@aws-sdk/client-dynamodb": "^3.997.0" } }, "sha512-5Vle00DrIcao9x5UuhkEprIQiMuhVvrxSLQwEhTb1sfWvdrLphcW4LqAtOkWSHpWF9ZdQQVKXvAOjKNV8LSlrw=="],

    "@aws-sdk/util-endpoints": ["@aws-sdk/util-endpoints@3.996.3", "", { "dependencies": { "@aws-sdk/types": "^3.973.4", "@smithy/types": "^4.13.0", "@smithy/url-parser": "^4.2.10", "@smithy/util-endpoints": "^3.3.1", "tslib": "^2.6.2" } }, "sha512-yWIQSNiCjykLL+ezN5A+DfBb1gfXTytBxm57e64lYmwxDHNmInYHRJYYRAGWG1o77vKEiWaw4ui28e3yb1k5aQ=="],

    "@aws-sdk/util-locate-window": ["@aws-sdk/util-locate-window@3.965.4", "", { "dependencies": { "tslib": "^2.6.2" } }, "sha512-H1onv5SkgPBK2P6JR2MjGgbOnttoNzSPIRoeZTNPZYyaplwGg50zS3amXvXqF0/qfXpWEC9rLWU564QTB9bSog=="],

    "@aws-sdk/util-user-agent-browser": ["@aws-sdk/util-user-agent-browser@3.972.6", "", { "dependencies": { "@aws-sdk/types": "^3.973.4", "@smithy/types": "^4.13.0", "bowser": "^2.11.0", "tslib": "^2.6.2" } }, "sha512-Fwr/llD6GOrFgQnKaI2glhohdGuBDfHfora6iG9qsBBBR8xv1SdCSwbtf5CWlUdCw5X7g76G/9Hf0Inh0EmoxA=="],

    "@aws-sdk/util-user-agent-node": ["@aws-sdk/util-user-agent-node@3.973.2", "", { "dependencies": { "@aws-sdk/middleware-user-agent": "^3.972.17", "@aws-sdk/types": "^3.973.4", "@smithy/node-config-provider": "^4.3.10", "@smithy/types": "^4.13.0", "tslib": "^2.6.2" }, "peerDependencies": { "aws-crt": ">=1.0.0" }, "optionalPeers": ["aws-crt"] }, "sha512-lpaIuekdkpw7VRiik0IZmd6TyvEUcuLgKZ5fKRGpCA3I4PjrD/XH15sSwW+OptxQjNU4DEzSxag70spC9SluvA=="],

    "@aws-sdk/xml-builder": ["@aws-sdk/xml-builder@3.972.9", "", { "dependencies": { "@smithy/types": "^4.13.0", "fast-xml-parser": "5.4.1", "tslib": "^2.6.2" } }, "sha512-ItnlMgSqkPrUfJs7EsvU/01zw5UeIb2tNPhD09LBLHbg+g+HDiKibSLwpkuz/ZIlz4F2IMn+5XgE4AK/pfPuog=="],

    "@aws/lambda-invoke-store": ["@aws/lambda-invoke-store@0.2.3", "", {}, "sha512-oLvsaPMTBejkkmHhjf09xTgk71mOqyr/409NKhRIL08If7AhVfUsJhVsx386uJaqNd42v9kWamQ9lFbkoC2dYw=="],

    "@isaacs/fs-minipass": ["@isaacs/fs-minipass@4.0.1", "", { "dependencies": { "minipass": "^7.0.4" } }, "sha512-wgm9Ehl2jpeqP3zw/7mo3kRHFp5MEDhqAdwy1fTGkHAwnkGOVsgpvQhL8B5n1qlb01jV3n/bI0ZfZp5lWA1k4w=="],

    "@smithy/abort-controller": ["@smithy/abort-controller@4.2.11", "", { "dependencies": { "@smithy/types": "^4.13.0", "tslib": "^2.6.2" } }, "sha512-Hj4WoYWMJnSpM6/kchsm4bUNTL9XiSyhvoMb2KIq4VJzyDt7JpGHUZHkVNPZVC7YE1tf8tPeVauxpFBKGW4/KQ=="],

    "@smithy/config-resolver": ["@smithy/config-resolver@4.4.10", "", { "dependencies": { "@smithy/node-config-provider": "^4.3.11", "@smithy/types": "^4.13.0", "@smithy/util-config-provider": "^4.2.2", "@smithy/util-endpoints": "^3.3.2", "@smithy/util-middleware": "^4.2.11", "tslib": "^2.6.2" } }, "sha512-IRTkd6ps0ru+lTWnfnsbXzW80A8Od8p3pYiZnW98K2Hb20rqfsX7VTlfUwhrcOeSSy68Gn9WBofwPuw3e5CCsg=="],

    "@smithy/core": ["@smithy/core@3.23.8", "", { "dependencies": { "@smithy/middleware-serde": "^4.2.12", "@smithy/protocol-http": "^5.3.11", "@smithy/types": "^4.13.0", "@smithy/util-base64": "^4.3.2", "@smithy/util-body-length-browser": "^4.2.2", "@smithy/util-middleware": "^4.2.11", "@smithy/util-stream": "^4.5.17", "@smithy/util-utf8": "^4.2.2", "@smithy/uuid": "^1.1.2", "tslib": "^2.6.2" } }, "sha512-f7uPeBi7ehmLT4YF2u9j3qx6lSnurG1DLXOsTtJrIRNDF7VXio4BGHQ+SQteN/BrUVudbkuL4v7oOsRCzq4BqA=="],

    "@smithy/credential-provider-imds": ["@smithy/credential-provider-imds@4.2.11", "", { "dependencies": { "@smithy/node-config-provider": "^4.3.11", "@smithy/property-provider": "^4.2.11", "@smithy/types": "^4.13.0", "@smithy/url-parser": "^4.2.11", "tslib": "^2.6.2" } }, "sha512-lBXrS6ku0kTj3xLmsJW0WwqWbGQ6ueooYyp/1L9lkyT0M02C+DWwYwc5aTyXFbRaK38ojALxNixg+LxKSHZc0g=="],

    "@smithy/fetch-http-handler": ["@smithy/fetch-http-handler@5.3.13", "", { "dependencies": { "@smithy/protocol-http": "^5.3.11", "@smithy/querystring-builder": "^4.2.11", "@smithy/types": "^4.13.0", "@smithy/util-base64": "^4.3.2", "tslib": "^2.6.2" } }, "sha512-U2Hcfl2s3XaYjikN9cT4mPu8ybDbImV3baXR0PkVlC0TTx808bRP3FaPGAzPtB8OByI+JqJ1kyS+7GEgae7+qQ=="],

    "@smithy/hash-node": ["@smithy/hash-node@4.2.11", "", { "dependencies": { "@smithy/types": "^4.13.0", "@smithy/util-buffer-from": "^4.2.2", "@smithy/util-utf8": "^4.2.2", "tslib": "^2.6.2" } }, "sha512-T+p1pNynRkydpdL015ruIoyPSRw9e/SQOWmSAMmmprfswMrd5Ow5igOWNVlvyVFZlxXqGmyH3NQwfwy8r5Jx0A=="],

    "@smithy/invalid-dependency": ["@smithy/invalid-dependency@4.2.11", "", { "dependencies": { "@smithy/types": "^4.13.0", "tslib": "^2.6.2" } }, "sha512-cGNMrgykRmddrNhYy1yBdrp5GwIgEkniS7k9O1VLB38yxQtlvrxpZtUVvo6T4cKpeZsriukBuuxfJcdZQc/f/g=="],

    "@smithy/is-array-buffer": ["@smithy/is-array-buffer@4.2.2", "", { "dependencies": { "tslib": "^2.6.2" } }, "sha512-n6rQ4N8Jj4YTQO3YFrlgZuwKodf4zUFs7EJIWH86pSCWBaAtAGBFfCM7Wx6D2bBJ2xqFNxGBSrUWswT3M0VJow=="],

    "@smithy/middleware-content-length": ["@smithy/middleware-content-length@4.2.11", "", { "dependencies": { "@smithy/protocol-http": "^5.3.11", "@smithy/types": "^4.13.0", "tslib": "^2.6.2" } }, "sha512-UvIfKYAKhCzr4p6jFevPlKhQwyQwlJ6IeKLDhmV1PlYfcW3RL4ROjNEDtSik4NYMi9kDkH7eSwyTP3vNJ/u/Dw=="],

    "@smithy/middleware-endpoint": ["@smithy/middleware-endpoint@4.4.22", "", { "dependencies": { "@smithy/core": "^3.23.8", "@smithy/middleware-serde": "^4.2.12", "@smithy/node-config-provider": "^4.3.11", "@smithy/shared-ini-file-loader": "^4.4.6", "@smithy/types": "^4.13.0", "@smithy/url-parser": "^4.2.11", "@smithy/util-middleware": "^4.2.11", "tslib": "^2.6.2" } }, "sha512-sc81w1o4Jy+/MAQlY3sQ8C7CmSpcvIi3TAzXblUv2hjG11BBSJi/Cw8vDx5BxMxapuH2I+Gc+45vWsgU07WZRQ=="],

    "@smithy/middleware-retry": ["@smithy/middleware-retry@4.4.39", "", { "dependencies": { "@smithy/node-config-provider": "^4.3.11", "@smithy/protocol-http": "^5.3.11", "@smithy/service-error-classification": "^4.2.11", "@smithy/smithy-client": "^4.12.2", "@smithy/types": "^4.13.0", "@smithy/util-middleware": "^4.2.11", "@smithy/util-retry": "^4.2.11", "@smithy/uuid": "^1.1.2", "tslib": "^2.6.2" } }, "sha512-MCVCxaCzuZgiHtHGV2Ke44nh6t4+8/tO+rTYOzrr2+G4nMLU/qbzNCWKBX54lyEaVcGQrfOJiG2f8imtiw+nIQ=="],

    "@smithy/middleware-serde": ["@smithy/middleware-serde@4.2.12", "", { "dependencies": { "@smithy/protocol-http": "^5.3.11", "@smithy/types": "^4.13.0", "tslib": "^2.6.2" } }, "sha512-W9g1bOLui7Xn5FABRVS0o3rXL0gfN37d/8I/W7i0N7oxjx9QecUmXEMSUMADTODwdtka9cN43t5BI2CodLJpng=="],

    "@smithy/middleware-stack": ["@smithy/middleware-stack@4.2.11", "", { "dependencies": { "@smithy/types": "^4.13.0", "tslib": "^2.6.2" } }, "sha512-s+eenEPW6RgliDk2IhjD2hWOxIx1NKrOHxEwNUaUXxYBxIyCcDfNULZ2Mu15E3kwcJWBedTET/kEASPV1A1Akg=="],

    "@smithy/node-config-provider": ["@smithy/node-config-provider@4.3.11", "", { "dependencies": { "@smithy/property-provider": "^4.2.11", "@smithy/shared-ini-file-loader": "^4.4.6", "@smithy/types": "^4.13.0", "tslib": "^2.6.2" } }, "sha512-xD17eE7kaLgBBGf5CZQ58hh2YmwK1Z0O8YhffwB/De2jsL0U3JklmhVYJ9Uf37OtUDLF2gsW40Xwwag9U869Gg=="],

    "@smithy/node-http-handler": ["@smithy/node-http-handler@4.4.14", "", { "dependencies": { "@smithy/abort-controller": "^4.2.11", "@smithy/protocol-http": "^5.3.11", "@smithy/querystring-builder": "^4.2.11", "@smithy/types": "^4.13.0", "tslib": "^2.6.2" } }, "sha512-DamSqaU8nuk0xTJDrYnRzZndHwwRnyj/n/+RqGGCcBKB4qrQem0mSDiWdupaNWdwxzyMU91qxDmHOCazfhtO3A=="],

    "@smithy/property-provider": ["@smithy/property-provider@4.2.11", "", { "dependencies": { "@smithy/types": "^4.13.0", "tslib": "^2.6.2" } }, "sha512-14T1V64o6/ndyrnl1ze1ZhyLzIeYNN47oF/QU6P5m82AEtyOkMJTb0gO1dPubYjyyKuPD6OSVMPDKe+zioOnCg=="],

    "@smithy/protocol-http": ["@smithy/protocol-http@5.3.11", "", { "dependencies": { "@smithy/types": "^4.13.0", "tslib": "^2.6.2" } }, "sha512-hI+barOVDJBkNt4y0L2mu3Ugc0w7+BpJ2CZuLwXtSltGAAwCb3IvnalGlbDV/UCS6a9ZuT3+exd1WxNdLb5IlQ=="],

    "@smithy/querystring-builder": ["@smithy/querystring-builder@4.2.11", "", { "dependencies": { "@smithy/types": "^4.13.0", "@smithy/util-uri-escape": "^4.2.2", "tslib": "^2.6.2" } }, "sha512-7spdikrYiljpket6u0up2Ck2mxhy7dZ0+TDd+S53Dg2DHd6wg+YNJrTCHiLdgZmEXZKI7LJZcwL3721ZRDFiqA=="],

    "@smithy/querystring-parser": ["@smithy/querystring-parser@4.2.11", "", { "dependencies": { "@smithy/types": "^4.13.0", "tslib": "^2.6.2" } }, "sha512-nE3IRNjDltvGcoThD2abTozI1dkSy8aX+a2N1Rs55en5UsdyyIXgGEmevUL3okZFoJC77JgRGe99xYohhsjivQ=="],

    "@smithy/service-error-classification": ["@smithy/service-error-classification@4.2.11", "", { "dependencies": { "@smithy/types": "^4.13.0" } }, "sha512-HkMFJZJUhzU3HvND1+Yw/kYWXp4RPDLBWLcK1n+Vqw8xn4y2YiBhdww8IxhkQjP/QlZun5bwm3vcHc8AqIU3zw=="],

    "@smithy/shared-ini-file-loader": ["@smithy/shared-ini-file-loader@4.4.6", "", { "dependencies": { "@smithy/types": "^4.13.0", "tslib": "^2.6.2" } }, "sha512-IB/M5I8G0EeXZTHsAxpx51tMQ5R719F3aq+fjEB6VtNcCHDc0ajFDIGDZw+FW9GxtEkgTduiPpjveJdA/CX7sw=="],

    "@smithy/signature-v4": ["@smithy/signature-v4@5.3.11", "", { "dependencies": { "@smithy/is-array-buffer": "^4.2.2", "@smithy/protocol-http": "^5.3.11", "@smithy/types": "^4.13.0", "@smithy/util-hex-encoding": "^4.2.2", "@smithy/util-middleware": "^4.2.11", "@smithy/util-uri-escape": "^4.2.2", "@smithy/util-utf8": "^4.2.2", "tslib": "^2.6.2" } }, "sha512-V1L6N9aKOBAN4wEHLyqjLBnAz13mtILU0SeDrjOaIZEeN6IFa6DxwRt1NNpOdmSpQUfkBj0qeD3m6P77uzMhgQ=="],

    "@smithy/smithy-client": ["@smithy/smithy-client@4.12.2", "", { "dependencies": { "@smithy/core": "^3.23.8", "@smithy/middleware-endpoint": "^4.4.22", "@smithy/middleware-stack": "^4.2.11", "@smithy/protocol-http": "^5.3.11", "@smithy/types": "^4.13.0", "@smithy/util-stream": "^4.5.17", "tslib": "^2.6.2" } }, "sha512-HezY3UuG0k4T+4xhFKctLXCA5N2oN+Rtv+mmL8Gt7YmsUY2yhmcLyW75qrSzldfj75IsCW/4UhY3s20KcFnZqA=="],

    "@smithy/types": ["@smithy/types@4.13.0", "", { "dependencies": { "tslib": "^2.6.2" } }, "sha512-COuLsZILbbQsdrwKQpkkpyep7lCsByxwj7m0Mg5v66/ZTyenlfBc40/QFQ5chO0YN/PNEH1Bi3fGtfXPnYNeDw=="],

    "@smithy/url-parser": ["@smithy/url-parser@4.2.11", "", { "dependencies": { "@smithy/querystring-parser": "^4.2.11", "@smithy/types": "^4.13.0", "tslib": "^2.6.2" } }, "sha512-oTAGGHo8ZYc5VZsBREzuf5lf2pAurJQsccMusVZ85wDkX66ojEc/XauiGjzCj50A61ObFTPe6d7Pyt6UBYaing=="],

    "@smithy/util-base64": ["@smithy/util-base64@4.3.2", "", { "dependencies": { "@smithy/util-buffer-from": "^4.2.2", "@smithy/util-utf8": "^4.2.2", "tslib": "^2.6.2" } }, "sha512-XRH6b0H/5A3SgblmMa5ErXQ2XKhfbQB+Fm/oyLZ2O2kCUrwgg55bU0RekmzAhuwOjA9qdN5VU2BprOvGGUkOOQ=="],

    "@smithy/util-body-length-browser": ["@smithy/util-body-length-browser@4.2.2", "", { "dependencies": { "tslib": "^2.6.2" } }, "sha512-JKCrLNOup3OOgmzeaKQwi4ZCTWlYR5H4Gm1r2uTMVBXoemo1UEghk5vtMi1xSu2ymgKVGW631e2fp9/R610ZjQ=="],

    "@smithy/util-body-length-node": ["@smithy/util-body-length-node@4.2.3", "", { "dependencies": { "tslib": "^2.6.2" } }, "sha512-ZkJGvqBzMHVHE7r/hcuCxlTY8pQr1kMtdsVPs7ex4mMU+EAbcXppfo5NmyxMYi2XU49eqaz56j2gsk4dHHPG/g=="],

    "@smithy/util-buffer-from": ["@smithy/util-buffer-from@4.2.2", "", { "dependencies": { "@smithy/is-array-buffer": "^4.2.2", "tslib": "^2.6.2" } }, "sha512-FDXD7cvUoFWwN6vtQfEta540Y/YBe5JneK3SoZg9bThSoOAC/eGeYEua6RkBgKjGa/sz6Y+DuBZj3+YEY21y4Q=="],

    "@smithy/util-config-provider": ["@smithy/util-config-provider@4.2.2", "", { "dependencies": { "tslib": "^2.6.2" } }, "sha512-dWU03V3XUprJwaUIFVv4iOnS1FC9HnMHDfUrlNDSh4315v0cWyaIErP8KiqGVbf5z+JupoVpNM7ZB3jFiTejvQ=="],

    "@smithy/util-defaults-mode-browser": ["@smithy/util-defaults-mode-browser@4.3.38", "", { "dependencies": { "@smithy/property-provider": "^4.2.11", "@smithy/smithy-client": "^4.12.2", "@smithy/types": "^4.13.0", "tslib": "^2.6.2" } }, "sha512-c8P1mFLNxcsdAMabB8/VUQUbWzFmgujWi4bAXSggcqLYPc8V4U5abqFqOyn+dK4YT+q8UyCVkTO8807t4t2syA=="],

    "@smithy/util-defaults-mode-node": ["@smithy/util-defaults-mode-node@4.2.41", "", { "dependencies": { "@smithy/config-resolver": "^4.4.10", "@smithy/credential-provider-imds": "^4.2.11", "@smithy/node-config-provider": "^4.3.11", "@smithy/property-provider": "^4.2.11", "@smithy/smithy-client": "^4.12.2", "@smithy/types": "^4.13.0", "tslib": "^2.6.2" } }, "sha512-/UG+9MT3UZAR0fLzOtMJMfWGcjjHvgggq924x/CRy8vRbL+yFf3Z6vETlvq8vDH92+31P/1gSOFoo7303wN8WQ=="],

    "@smithy/util-endpoints": ["@smithy/util-endpoints@3.3.2", "", { "dependencies": { "@smithy/node-config-provider": "^4.3.11", "@smithy/types": "^4.13.0", "tslib": "^2.6.2" } }, "sha512-+4HFLpE5u29AbFlTdlKIT7jfOzZ8PDYZKTb3e+AgLz986OYwqTourQ5H+jg79/66DB69Un1+qKecLnkZdAsYcA=="],

    "@smithy/util-hex-encoding": ["@smithy/util-hex-encoding@4.2.2", "", { "dependencies": { "tslib": "^2.6.2" } }, "sha512-Qcz3W5vuHK4sLQdyT93k/rfrUwdJ8/HZ+nMUOyGdpeGA1Wxt65zYwi3oEl9kOM+RswvYq90fzkNDahPS8K0OIg=="],

    "@smithy/util-middleware": ["@smithy/util-middleware@4.2.11", "", { "dependencies": { "@smithy/types": "^4.13.0", "tslib": "^2.6.2" } }, "sha512-r3dtF9F+TpSZUxpOVVtPfk09Rlo4lT6ORBqEvX3IBT6SkQAdDSVKR5GcfmZbtl7WKhKnmb3wbDTQ6ibR2XHClw=="],

    "@smithy/util-retry": ["@smithy/util-retry@4.2.11", "", { "dependencies": { "@smithy/service-error-classification": "^4.2.11", "@smithy/types": "^4.13.0", "tslib": "^2.6.2" } }, "sha512-XSZULmL5x6aCTTii59wJqKsY1l3eMIAomRAccW7Tzh9r8s7T/7rdo03oektuH5jeYRlJMPcNP92EuRDvk9aXbw=="],

    "@smithy/util-stream": ["@smithy/util-stream@4.5.17", "", { "dependencies": { "@smithy/fetch-http-handler": "^5.3.13", "@smithy/node-http-handler": "^4.4.14", "@smithy/types": "^4.13.0", "@smithy/util-base64": "^4.3.2", "@smithy/util-buffer-from": "^4.2.2", "@smithy/util-hex-encoding": "^4.2.2", "@smithy/util-utf8": "^4.2.2", "tslib": "^2.6.2" } }, "sha512-793BYZ4h2JAQkNHcEnyFxDTcZbm9bVybD0UV/LEWmZ5bkTms7JqjfrLMi2Qy0E5WFcCzLwCAPgcvcvxoeALbAQ=="],

    "@smithy/util-uri-escape": ["@smithy/util-uri-escape@4.2.2", "", { "dependencies": { "tslib": "^2.6.2" } }, "sha512-2kAStBlvq+lTXHyAZYfJRb/DfS3rsinLiwb+69SstC9Vb0s9vNWkRwpnj918Pfi85mzi42sOqdV72OLxWAISnw=="],

    "@smithy/util-utf8": ["@smithy/util-utf8@4.2.2", "", { "dependencies": { "@smithy/util-buffer-from": "^4.2.2", "tslib": "^2.6.2" } }, "sha512-75MeYpjdWRe8M5E3AW0O4Cx3UadweS+cwdXjwYGBW5h/gxxnbeZ877sLPX/ZJA9GVTlL/qG0dXP29JWFCD1Ayw=="],

    "@smithy/util-waiter": ["@smithy/util-waiter@4.2.11", "", { "dependencies": { "@smithy/abort-controller": "^4.2.11", "@smithy/types": "^4.13.0", "tslib": "^2.6.2" } }, "sha512-x7Rh2azQPs3XxbvCzcttRErKKvLnbZfqRf/gOjw2pb+ZscX88e5UkRPCB67bVnsFHxayvMvmePfKTqsRb+is1A=="],

    "@smithy/uuid": ["@smithy/uuid@1.1.2", "", { "dependencies": { "tslib": "^2.6.2" } }, "sha512-O/IEdcCUKkubz60tFbGA7ceITTAJsty+lBjNoorP4Z6XRqaFb/OjQjZODophEcuq68nKm6/0r+6/lLQ+XVpk8g=="],

    "@stacksjs/bumpx": ["@stacksjs/bumpx@0.2.4", "", { "dependencies": { "@stacksjs/clapp": "^0.2.0", "@stacksjs/logsmith": "^0.2.1", "bunfig": "^0.15.6" }, "bin": { "bumpx": "dist/bin/cli.js" } }, "sha512-bt14GhW4QJKqmAgfTyjW0pDblDu+y6+DSX8xva1HnLk2GtLyQe0YXUs51dUvZBFgYVHcHEUijNoj2pivuwIcjQ=="],

    "@stacksjs/clapp": ["@stacksjs/clapp@0.2.0", "", { "dependencies": { "mri": "^1.2.0", "wrap-ansi": "^9.0.0" }, "bin": { "clapp": "dist/bin/cli.js", "@stacksjs/clapp": "dist/bin/cli.js" } }, "sha512-dSqnbeZjXnQLLvVxC5NU7D9Vpjxc6cC9Bo2ZwaqjgruK7pbVoFCI0goc9Mtf/lfSTbTx6Uvv/mbY7+cOW/j3Og=="],

    "@stacksjs/clarity": ["@stacksjs/clarity@0.3.24", "", { "bin": { "clarity": "dist/bin/cli.js" } }, "sha512-QN21fT/9dovcuFTkni9LFHDzBpiBZ4Q//0a3vFJsckPiblNIu1RhwwePkkTK4j6Xu2DtVYGR60/9Scdrp6wRfw=="],

    "@stacksjs/cli": ["@stacksjs/cli@0.70.23", "", {}, "sha512-pbu6xESAtRIppcEQlhmRq0yZa1lnYAwtQHh7DmfDcUgVjvahQGe7PXoX+m2dhdFDRthFIVuLeHvrAf1JYv/JOQ=="],

    "@stacksjs/dtsx": ["@stacksjs/dtsx@0.9.7", "", { "dependencies": { "@stacksjs/clapp": "^0.2.0" }, "bin": { "dtsx": "dist/bin/cli.js" } }, "sha512-fB/T/hwrn6iITumk1plDlcGAV7A1IygsG5MgZ0Zwcu5Yr8mSesThhYC5ORlPat7/7t5FfWCDT6bEtufU+1dO0g=="],

    "@stacksjs/gitlint": ["@stacksjs/gitlint@0.1.5", "", { "bin": { "gitlint": "dist/bin/cli.js" } }, "sha512-5nSr6PN8/cRPdIz9Cj65Dh12N9gR7BPtJzR3rnqhAgpm5q0ihjmVTTybFQqigMcYuRpt2qX4HenV7YXuFOYScw=="],

    "@stacksjs/logging": ["@stacksjs/logging@0.70.23", "", {}, "sha512-rm/XGj7z+one5mQqwrgxRq/ulusyz2eWVe3QUP3/V9kKkDtEhI9tnmx4PLvVQZbxJgsVzcZeuyJ12OfxfpKFdg=="],

    "@stacksjs/logsmith": ["@stacksjs/logsmith@0.2.1", "", { "dependencies": { "@stacksjs/clapp": "^0.2.0", "bunfig": "^0.15.6", "pickier": "^0.1.7" }, "bin": { "logsmith": "dist/bin/cli.js", "@stacksjs/logsmith": "dist/bin/cli.js" } }, "sha512-JbAnn0dWZDEBjks7qRd/L0kWbsD3Qi0uSFmCPkEU9fH0+eP6Fdl7mtnok2oVDUaNitWu97OJZHlFe/MV2ilgnA=="],

    "@stacksjs/storage": ["@stacksjs/storage@0.70.23", "", {}, "sha512-dA6Xoy7cDxsiyeGp5EBYr/wQpGFOG2gFarrapfOXZzBduYdNWjnUSUYGozvgW58T5lRjecg7uCP55nJGbLczdw=="],

    "@types/bun": ["@types/bun@1.3.11", "", { "dependencies": { "bun-types": "1.3.11" } }, "sha512-5vPne5QvtpjGpsGYXiFyycfpDF2ECyPcTSsFBMa0fraoxiQyMJ3SmuQIGhzPg2WJuWxVBoxWJ2kClYTcw/4fAg=="],

    "@types/node": ["@types/node@25.3.3", "", { "dependencies": { "undici-types": "~7.18.0" } }, "sha512-DpzbrH7wIcBaJibpKo9nnSQL0MTRdnWttGyE5haGwK86xgMOkFLp7vEyfQPGLOJh5wNYiJ3V9PmUMDhV9u8kkQ=="],

    "@types/tar": ["@types/tar@7.0.87", "", { "dependencies": { "tar": "*" } }, "sha512-3IxNBV8LeY5oi2ZFpvAhOtW1+mHswkzM7BuisVrwJgPv67GBO2rkLPQlEKtzfHuLdhDDczhkCZeT+RuizMay4A=="],

    "ansi-regex": ["ansi-regex@6.2.2", "", {}, "sha512-Bq3SmSpyFHaWjPk8If9yc6svM8c56dB5BAtW4Qbw5jHTwwXXcTLoRMkpDJp6VL0XzlWaCHTXrkFURMYmD0sLqg=="],

    "ansi-styles": ["ansi-styles@6.2.3", "", {}, "sha512-4Dj6M28JB+oAH8kFkTLUo+a2jwOFkuqb3yucU0CANcRRUbxS0cP0nZYCGjcc3BNXwRIsUVmDGgzawme7zvJHvg=="],

    "bowser": ["bowser@2.14.1", "", {}, "sha512-tzPjzCxygAKWFOJP011oxFHs57HzIhOEracIgAePE4pqB3LikALKnSzUyU4MGs9/iCEUuHlAJTjTc5M+u7YEGg=="],

    "buddy-bot": ["buddy-bot@0.9.17", "", { "dependencies": { "bunfig": "^0.15.6", "prompts": "^2.4.2", "ts-pkgx": "^0.4.154" }, "bin": { "buddy-bot": "./dist/bin/cli.js" } }, "sha512-wAb6yviR5jLQ0DzgxuUa2P4MzPeaXgXiOPAfi25bprPaObGY+ja2FEzuCdfN8ahhYLTXKFL6aL5j5ne6wvAw+Q=="],

    "bun-git-hooks": ["bun-git-hooks@0.3.1", "", { "bin": { "git-hooks": "dist/bin/cli.js", "bun-git-hooks": "dist/bin/cli.js" } }, "sha512-Xs/QUqIYgBmLHSVr5VBLVbM5lZbUoAXKX2WZyoQDb2LlzcxC3BpBvMkMTQH75UuOJZwaRBq8yEe4IR6NckqdgQ=="],

    "bun-plugin-dtsx": ["bun-plugin-dtsx@0.9.9", "", { "dependencies": { "@stacksjs/dtsx": "0.9.7" } }, "sha512-5OIQBbunwgrrIl8CFm1X+u+23RExwMgtZEAhjuwsEUiK5fwfXXi7SFyC9ljuk5lMRIa7+N057gwhAyIOx5VXdA=="],

    "bun-types": ["bun-types@1.3.11", "", { "dependencies": { "@types/node": "*" } }, "sha512-1KGPpoxQWl9f6wcZh57LvrPIInQMn2TQ7jsgxqpRzg+l0QPOFvJVH7HmvHo/AiPgwXy+/Thf6Ov3EdVn1vOabg=="],

    "bunfig": ["bunfig@0.15.6", "", { "dependencies": { "@stacksjs/clapp": "^0.2.0", "@stacksjs/clarity": "^0.3.24" }, "bin": { "bunfig": "bin/cli.js" } }, "sha512-7ynPmrn1dN5F+0DtUVY0Vo2MZOOnSdb6hpQePwABEYIJ+d/rSb3vaOVUs3MFxwxWuaVc1FEStVJG6+kCgbLuyg=="],

    "chownr": ["chownr@3.0.0", "", {}, "sha512-+IxzY9BZOQd/XuYPRmrvEVjF/nqj5kgT4kEq7VofrDoM1MxoRjEWkrCC3EtLi59TVawxTAn+orJwFQcrqEN1+g=="],

    "debug": ["debug@4.4.3", "", { "dependencies": { "ms": "^2.1.3" } }, "sha512-RGwwWnwQvkVfavKVt22FGLw+xYSdzARwm0ru6DhTVA3umU5hZc28V3kO4stgYryrTlLpuvgI9GiijltAjNbcqA=="],

    "dynamodb-toolbox": ["dynamodb-toolbox@2.8.0", "", { "dependencies": { "hotscript": "^1.0.13" }, "peerDependencies": { "@aws-sdk/client-dynamodb": "^3.0.0", "@aws-sdk/lib-dynamodb": "^3.0.0" } }, "sha512-4VUndaMzIaM7axYTu8gGFuvj2wJ7WtCe3yqbI+74+KueWhI5qAHQ1xbL5t9Q3iBQqZ5tIfhehWhrnenEZCt26w=="],

    "emoji-regex": ["emoji-regex@10.6.0", "", {}, "sha512-toUI84YS5YmxW219erniWD0CIVOo46xGKColeNQRgOzDorgBi1v4D71/OFzgD9GO2UGKIv1C3Sp8DAn0+j5w7A=="],

    "fast-xml-builder": ["fast-xml-builder@1.0.0", "", {}, "sha512-fpZuDogrAgnyt9oDDz+5DBz0zgPdPZz6D4IR7iESxRXElrlGTRkHJ9eEt+SACRJwT0FNFrt71DFQIUFBJfX/uQ=="],

    "fast-xml-parser": ["fast-xml-parser@5.4.1", "", { "dependencies": { "fast-xml-builder": "^1.0.0", "strnum": "^2.1.2" }, "bin": { "fxparser": "src/cli/cli.js" } }, "sha512-BQ30U1mKkvXQXXkAGcuyUA/GA26oEB7NzOtsxCDtyu62sjGw5QraKFhx2Em3WQNjPw9PG6MQ9yuIIgkSDfGu5A=="],

    "fdir": ["fdir@6.5.0", "", { "peerDependencies": { "picomatch": "^3 || ^4" }, "optionalPeers": ["picomatch"] }, "sha512-tIbYtZbucOs0BRGqPJkshJUYdL+SDH7dVM8gjy+ERp3WAUjLEFJE+02kanyHtwjWOnwrKYBiwAmM0p4kLJAnXg=="],

    "get-east-asian-width": ["get-east-asian-width@1.5.0", "", {}, "sha512-CQ+bEO+Tva/qlmw24dCejulK5pMzVnUOFOijVogd3KQs07HnRIgp8TGipvCCRT06xeYEbpbgwaCxglFyiuIcmA=="],

    "hotscript": ["hotscript@1.0.13", "", {}, "sha512-C++tTF1GqkGYecL+2S1wJTfoH6APGAsbb7PAWQ3iVIwgG/EFseAfEVOKFgAFq4yK3+6j1EjUD4UQ9dRJHX/sSQ=="],

    "kleur": ["kleur@3.0.3", "", {}, "sha512-eTIzlVOSUR+JxdDFepEYcBMtZ9Qqdef+rnzWdRZuMbOywu5tO2w2N7rqjoANZ5k9vywhL6Br1VRjUIgTQx4E8w=="],

    "minipass": ["minipass@7.1.3", "", {}, "sha512-tEBHqDnIoM/1rXME1zgka9g6Q2lcoCkxHLuc7ODJ5BxbP5d4c2Z5cGgtXAku59200Cx7diuHTOYfSBD8n6mm8A=="],

    "minizlib": ["minizlib@3.1.0", "", { "dependencies": { "minipass": "^7.1.2" } }, "sha512-KZxYo1BUkWD2TVFLr0MQoM8vUUigWD3LlD83a/75BqC+4qE0Hb1Vo5v1FgcfaNXvfXzr+5EhQ6ing/CaBijTlw=="],

    "mnemonist": ["mnemonist@0.38.3", "", { "dependencies": { "obliterator": "^1.6.1" } }, "sha512-2K9QYubXx/NAjv4VLq1d1Ly8pWNC5L3BrixtdkyTegXWJIqY+zLNDhhX/A+ZwWt70tB1S8H4BE8FLYEFyNoOBw=="],

    "mri": ["mri@1.2.0", "", {}, "sha512-tzzskb3bG8LvYGFF/mDTpq3jpI6Q9wc3LEmBaghu+DdCssd1FakN7Bc0hVNmEyGq1bq3RgfkCb3cmQLpNPOroA=="],

    "ms": ["ms@2.1.3", "", {}, "sha512-6FlzubTLZG3J2a/NVCAleEhjzq5oxgHyaCU9yYXvcLsvoVaHJq/s5xXI6/XXP6tz7R9xAOtHnSO/tXtF3WRTlA=="],

    "obliterator": ["obliterator@1.6.1", "", {}, "sha512-9WXswnqINnnhOG/5SLimUlzuU1hFJUc8zkwyD59Sd+dPOMf05PmnYG/d6Q7HZ+KmgkZJa1PxRso6QdM3sTNHig=="],

    "p-limit": ["p-limit@7.3.0", "", { "dependencies": { "yocto-queue": "^1.2.1" } }, "sha512-7cIXg/Z0M5WZRblrsOla88S4wAK+zOQQWeBYfV3qJuJXMr+LnbYjaadrFaS0JILfEDPVqHyKnZ1Z/1d6J9VVUw=="],

    "pickier": ["pickier@0.1.20", "", { "dependencies": { "@stacksjs/clapp": "^0.2.0", "p-limit": "^7.2.0", "tinyglobby": "^0.2.15" }, "bin": { "pickier": "./dist/bin/cli.js" } }, "sha512-IC95MIW4hv4/b64HMQjv/VbtvTMUz2uX7qqqcJwaAg5fJecETSx/fZLVoFSeGAEtpzADW5n09BevV4XErNzgLg=="],

    "picomatch": ["picomatch@4.0.3", "", {}, "sha512-5gTmgEY/sqK6gFXLIsQNH19lWb4ebPDLA4SdLP7dsWkIXHWlG66oPuVvXSGFPppYZz8ZDZq0dYYrbHfBCVUb1Q=="],

    "prompts": ["prompts@2.4.2", "", { "dependencies": { "kleur": "^3.0.3", "sisteransi": "^1.0.5" } }, "sha512-NxNv/kLguCA7p3jE8oL2aEBsrJWgAakBpgmgK6lpPWV+WuOmY6r2/zbAVnP+T8bQlA0nzHXSJSJW0Hq7ylaD2Q=="],

    "sisteransi": ["sisteransi@1.0.5", "", {}, "sha512-bLGGlR1QxBcynn2d5YmDX4MGjlZvy2MRBDRNHLJ8VI6l6+9FUiyTFNJ0IveOSP0bcXgVDPRcfGqA0pjaqUpfVg=="],

    "string-width": ["string-width@7.2.0", "", { "dependencies": { "emoji-regex": "^10.3.0", "get-east-asian-width": "^1.0.0", "strip-ansi": "^7.1.0" } }, "sha512-tsaTIkKW9b4N+AEj+SVA+WhJzV7/zMhcSu78mLKWSk7cXMOSHsBKFWUs0fWwq8QyK3MgJBQRX6Gbi4kYbdvGkQ=="],

    "strip-ansi": ["strip-ansi@7.2.0", "", { "dependencies": { "ansi-regex": "^6.2.2" } }, "sha512-yDPMNjp4WyfYBkHnjIRLfca1i6KMyGCtsVgoKe/z1+6vukgaENdgGBZt+ZmKPc4gavvEZ5OgHfHdrazhgNyG7w=="],

    "strnum": ["strnum@2.2.0", "", {}, "sha512-Y7Bj8XyJxnPAORMZj/xltsfo55uOiyHcU2tnAVzHUnSJR/KsEX+9RoDeXEnsXtl/CX4fAcrt64gZ13aGaWPeBg=="],

    "tar": ["tar@7.5.11", "", { "dependencies": { "@isaacs/fs-minipass": "^4.0.0", "chownr": "^3.0.0", "minipass": "^7.1.2", "minizlib": "^3.1.0", "yallist": "^5.0.0" } }, "sha512-ChjMH33/KetonMTAtpYdgUFr0tbz69Fp2v7zWxQfYZX4g5ZN2nOBXm1R2xyA+lMIKrLKIoKAwFj93jE/avX9cQ=="],

    "tinyglobby": ["tinyglobby@0.2.15", "", { "dependencies": { "fdir": "^6.5.0", "picomatch": "^4.0.3" } }, "sha512-j2Zq4NyQYG5XMST4cbs02Ak8iJUdxRM0XI5QyxXuZOzKOINmWurp3smXu3y5wDcJrptwpSjgXHzIQxR0omXljQ=="],

    "ts-pkgx": ["ts-pkgx@0.4.154", "", { "dependencies": { "ts-web-scraper": "^0.1.1" }, "bin": { "ts-pkgx": "dist/bin/cli.js" } }, "sha512-ScxXuLzVvgm1YDbHHz9IRxqnU9vHobZsou61RtTTeCcWov+KLaa3msMwgztr6GrFmGRETkLaTbUU4fOajlHx4w=="],

    "ts-web-scraper": ["ts-web-scraper@0.1.1", "", { "bin": { "scraper": "dist/bin/cli.js" } }, "sha512-js+gSRe95yDD9U3+GmjvIKBYLAN9WoZKV84x7HcSI7dqdWEIoZSeSGR/Jbr8f5hCeV9FD70KdTPIS2LQwviQXQ=="],

    "tslib": ["tslib@2.8.1", "", {}, "sha512-oJFu94HQb+KVduSUQL7wnpmqnfmLsOA/nAh6b6EH0wCEoK0/mPeXU6c3wKDV83MkOuHPRHtSXKKU99IBazS/2w=="],

    "typescript": ["typescript@5.9.3", "", { "bin": { "tsc": "bin/tsc", "tsserver": "bin/tsserver" } }, "sha512-jl1vZzPDinLr9eUt3J/t7V6FgNEw9QjvBPdysz9KfQDD41fQrC2Y4vKQdiaUpFT4bXlb1RHhLpp8wtm6M5TgSw=="],

    "undici-types": ["undici-types@7.18.2", "", {}, "sha512-AsuCzffGHJybSaRrmr5eHr81mwJU3kjw6M+uprWvCXiNeN9SOGwQ3Jn8jb8m3Z6izVgknn1R0FTCEAP2QrLY/w=="],

    "wrap-ansi": ["wrap-ansi@9.0.2", "", { "dependencies": { "ansi-styles": "^6.2.1", "string-width": "^7.0.0", "strip-ansi": "^7.1.0" } }, "sha512-42AtmgqjV+X1VpdOfyTGOYRi0/zsoLqtXQckTmqTeybT+BDIbM/Guxo7x3pE2vtpr1ok6xRqM9OpBe+Jyoqyww=="],

    "yallist": ["yallist@5.0.0", "", {}, "sha512-YgvUTfwqyc7UXVMrB+SImsVYSmTS8X/tSrtdNZMImM+n7+QTriRXyXim0mBrTXNeqzVF0KWGgHPeiyViFFrNDw=="],

    "yocto-queue": ["yocto-queue@1.2.2", "", {}, "sha512-4LCcse/U2MHZ63HAJVE+v71o7yOdIe4cZ70Wpf8D/IyjDKYQLV5GD46B+hSTjJsvV5PztjvHoU580EftxjDZFQ=="],

    "@aws-crypto/sha256-browser/@smithy/util-utf8": ["@smithy/util-utf8@2.3.0", "", { "dependencies": { "@smithy/util-buffer-from": "^2.2.0", "tslib": "^2.6.2" } }, "sha512-R8Rdn8Hy72KKcebgLiv8jQcQkXoLMOGGv5uI1/k0l+snqkOzQ1R0ChUBCxWMlBsFMekWjq0wRudIweFs7sKT5A=="],

    "@aws-crypto/util/@smithy/util-utf8": ["@smithy/util-utf8@2.3.0", "", { "dependencies": { "@smithy/util-buffer-from": "^2.2.0", "tslib": "^2.6.2" } }, "sha512-R8Rdn8Hy72KKcebgLiv8jQcQkXoLMOGGv5uI1/k0l+snqkOzQ1R0ChUBCxWMlBsFMekWjq0wRudIweFs7sKT5A=="],

    "@types/tar/tar": ["tar@7.5.10", "", { "dependencies": { "@isaacs/fs-minipass": "^4.0.0", "chownr": "^3.0.0", "minipass": "^7.1.2", "minizlib": "^3.1.0", "yallist": "^5.0.0" } }, "sha512-8mOPs1//5q/rlkNSPcCegA6hiHJYDmSLEI8aMH/CdSQJNWztHC9WHNam5zdQlfpTwB9Xp7IBEsHfV5LKMJGVAw=="],

    "@aws-crypto/sha256-browser/@smithy/util-utf8/@smithy/util-buffer-from": ["@smithy/util-buffer-from@2.2.0", "", { "dependencies": { "@smithy/is-array-buffer": "^2.2.0", "tslib": "^2.6.2" } }, "sha512-IJdWBbTcMQ6DA0gdNhh/BwrLkDR+ADW5Kr1aZmd4k3DIF6ezMV4R2NIAmT08wQJ3yUK82thHWmC/TnK/wpMMIA=="],

    "@aws-crypto/util/@smithy/util-utf8/@smithy/util-buffer-from": ["@smithy/util-buffer-from@2.2.0", "", { "dependencies": { "@smithy/is-array-buffer": "^2.2.0", "tslib": "^2.6.2" } }, "sha512-IJdWBbTcMQ6DA0gdNhh/BwrLkDR+ADW5Kr1aZmd4k3DIF6ezMV4R2NIAmT08wQJ3yUK82thHWmC/TnK/wpMMIA=="],

    "@aws-crypto/sha256-browser/@smithy/util-utf8/@smithy/util-buffer-from/@smithy/is-array-buffer": ["@smithy/is-array-buffer@2.2.0", "", { "dependencies": { "tslib": "^2.6.2" } }, "sha512-GGP3O9QFD24uGeAXYUjwSTXARoqpZykHadOmA8G5vfJPK0/DC67qa//0qvqrJzL1xc8WQWX7/yc7fwudjPHPhA=="],

    "@aws-crypto/util/@smithy/util-utf8/@smithy/util-buffer-from/@smithy/is-array-buffer": ["@smithy/is-array-buffer@2.2.0", "", { "dependencies": { "tslib": "^2.6.2" } }, "sha512-GGP3O9QFD24uGeAXYUjwSTXARoqpZykHadOmA8G5vfJPK0/DC67qa//0qvqrJzL1xc8WQWX7/yc7fwudjPHPhA=="],
  }
}
