{
  "lockfileVersion": 1,
  "configVersion": 1,
  "workspaces": {
    "": {
      "name": "dynamodb-tooling",
      "devDependencies": {
        "@stacksjs/bunpress": "^0.2.14",
        "@stacksjs/clapp": "0.2.15",
        "@stacksjs/cli": "^0.74.24",
        "@stacksjs/logging": "^0.74.24",
        "@stacksjs/storage": "^0.74.24",
        "@types/tar": "^7.0.87",
        "better-dx": "^0.2.25",
        "debug": "^4.4.3",
        "dynamodb-toolbox": "^2.10.6",
        "tar": "^7.5.22",
        "typescript": "^7.0.2",
      },
    },
  },
  "packages": {
    "@aws-sdk/client-dynamodb": ["@aws-sdk/client-dynamodb@3.1081.0", "", { "dependencies": { "@aws-sdk/core": "^3.974.29", "@aws-sdk/credential-provider-node": "^3.972.64", "@aws-sdk/dynamodb-codec": "^3.973.29", "@aws-sdk/middleware-endpoint-discovery": "^3.972.22", "@aws-sdk/types": "^3.973.15", "@smithy/core": "^3.29.0", "@smithy/fetch-http-handler": "^5.6.2", "@smithy/node-http-handler": "^4.9.2", "@smithy/types": "^4.15.1", "tslib": "^2.6.2" } }, "sha512-gQ2XvMVY+5Co6znCODeCuLVaGRPKTeRQ+lATsw4Cm4/v+HHVQ3OJacE3wwO5FRg7shgYswOTusPM5icLEzsv9w=="],

    "@aws-sdk/core": ["@aws-sdk/core@3.974.29", "", { "dependencies": { "@aws-sdk/types": "^3.973.15", "@aws-sdk/xml-builder": "^3.972.33", "@aws/lambda-invoke-store": "^0.3.0", "@smithy/core": "^3.29.0", "@smithy/signature-v4": "^5.6.1", "@smithy/types": "^4.15.1", "bowser": "^2.11.0", "tslib": "^2.6.2" } }, "sha512-yqKcltLbtRh1ubzhRSldIs8jFHNZlyMlgoIccCC0aDVbrB99nXaBdmfr89mK7obWX/NVg4rAMpCpZ6dCDiVBtA=="],

    "@aws-sdk/credential-provider-env": ["@aws-sdk/credential-provider-env@3.972.55", "", { "dependencies": { "@aws-sdk/core": "^3.974.29", "@aws-sdk/types": "^3.973.15", "@smithy/core": "^3.29.0", "@smithy/types": "^4.15.1", "tslib": "^2.6.2" } }, "sha512-Ah36tYkqyaVnaHkx7VseoTYrHUmwgBps3V+wnrC1idhIIMGlviH0FtrX9EIPdAlVHvXC7FQZLhmHBRz+pLaiWg=="],

    "@aws-sdk/credential-provider-http": ["@aws-sdk/credential-provider-http@3.972.57", "", { "dependencies": { "@aws-sdk/core": "^3.974.29", "@aws-sdk/types": "^3.973.15", "@smithy/core": "^3.29.0", "@smithy/fetch-http-handler": "^5.6.2", "@smithy/node-http-handler": "^4.9.2", "@smithy/types": "^4.15.1", "tslib": "^2.6.2" } }, "sha512-/vp6i5YEliJqRm5k/BDmYjAyRAMTdkjW6UciVRk9oh/0OfDCWeb/ih7hqte4lFvKXkIbsqe9AdK9LQK6NGardw=="],

    "@aws-sdk/credential-provider-ini": ["@aws-sdk/credential-provider-ini@3.972.62", "", { "dependencies": { "@aws-sdk/core": "^3.974.29", "@aws-sdk/credential-provider-env": "^3.972.55", "@aws-sdk/credential-provider-http": "^3.972.57", "@aws-sdk/credential-provider-login": "^3.972.61", "@aws-sdk/credential-provider-process": "^3.972.55", "@aws-sdk/credential-provider-sso": "^3.972.61", "@aws-sdk/credential-provider-web-identity": "^3.972.61", "@aws-sdk/nested-clients": "^3.997.29", "@aws-sdk/types": "^3.973.15", "@smithy/core": "^3.29.0", "@smithy/credential-provider-imds": "^4.4.5", "@smithy/types": "^4.15.1", "tslib": "^2.6.2" } }, "sha512-pQIRiQQs+MUlVnJdWJ7/6KS0WxcLRVfut57OFgwC3cnM1F8mXw3Kh4gAVwj6AtvD6CWx8x6+po4ENRcqe64XrQ=="],

    "@aws-sdk/credential-provider-login": ["@aws-sdk/credential-provider-login@3.972.61", "", { "dependencies": { "@aws-sdk/core": "^3.974.29", "@aws-sdk/nested-clients": "^3.997.29", "@aws-sdk/types": "^3.973.15", "@smithy/core": "^3.29.0", "@smithy/types": "^4.15.1", "tslib": "^2.6.2" } }, "sha512-jtrxWwC7slqxh7DnAWHrwsA3UwCsnlypdYtavGT7EX5p791wxWQys7QzkCZ7JvOMAyylDtPoxyV+ic0zg3rV9g=="],

    "@aws-sdk/credential-provider-node": ["@aws-sdk/credential-provider-node@3.972.64", "", { "dependencies": { "@aws-sdk/credential-provider-env": "^3.972.55", "@aws-sdk/credential-provider-http": "^3.972.57", "@aws-sdk/credential-provider-ini": "^3.972.62", "@aws-sdk/credential-provider-process": "^3.972.55", "@aws-sdk/credential-provider-sso": "^3.972.61", "@aws-sdk/credential-provider-web-identity": "^3.972.61", "@aws-sdk/types": "^3.973.15", "@smithy/core": "^3.29.0", "@smithy/credential-provider-imds": "^4.4.5", "@smithy/types": "^4.15.1", "tslib": "^2.6.2" } }, "sha512-zyKVYDyMR9VQL/kPi03ygN2vtD9uLMuWRLoJ77KxgZZaS1VlJloI+SzleF9Zg4HWUI+AIu+ZRs8zsJFNqbrxsw=="],

    "@aws-sdk/credential-provider-process": ["@aws-sdk/credential-provider-process@3.972.55", "", { "dependencies": { "@aws-sdk/core": "^3.974.29", "@aws-sdk/types": "^3.973.15", "@smithy/core": "^3.29.0", "@smithy/types": "^4.15.1", "tslib": "^2.6.2" } }, "sha512-x0XjjF0l1WGRtK2vEhTZqCguQuAIZLep9l2+eeEmuxQQjjD3BlGQXY5xADR+l3t576UX+dxRkRtTjEu40l81Vw=="],

    "@aws-sdk/credential-provider-sso": ["@aws-sdk/credential-provider-sso@3.972.61", "", { "dependencies": { "@aws-sdk/core": "^3.974.29", "@aws-sdk/nested-clients": "^3.997.29", "@aws-sdk/token-providers": "3.1081.0", "@aws-sdk/types": "^3.973.15", "@smithy/core": "^3.29.0", "@smithy/types": "^4.15.1", "tslib": "^2.6.2" } }, "sha512-d/V0VRsz73i+PHhbult/tx0Y1+de1SNQVsXkcQCmpfeBq7uODy/RTxNsOLpT9ZVHxcRNzbQFuywLKC33fUMIxA=="],

    "@aws-sdk/credential-provider-web-identity": ["@aws-sdk/credential-provider-web-identity@3.972.61", "", { "dependencies": { "@aws-sdk/core": "^3.974.29", "@aws-sdk/nested-clients": "^3.997.29", "@aws-sdk/types": "^3.973.15", "@smithy/core": "^3.29.0", "@smithy/types": "^4.15.1", "tslib": "^2.6.2" } }, "sha512-Bv4n3NOI6hPy+rmr6Bw9R6LnBVRkcp3ncj2E2IKSYJG+0UkysSitWMvbgndNvMxDw7gE1pQ/ErwkNceuKwj7zQ=="],

    "@aws-sdk/dynamodb-codec": ["@aws-sdk/dynamodb-codec@3.973.29", "", { "dependencies": { "@aws-sdk/core": "^3.974.29", "@smithy/core": "^3.29.0", "@smithy/types": "^4.15.1", "tslib": "^2.6.2" } }, "sha512-1Eprv8BD2cOsVccCpEGm+hyZzj3LjthLoDOXHuvH6Vz8GJPZWknrmn05kICyZpx7srfe/KOm4GQXrJgXkPUJuA=="],

    "@aws-sdk/endpoint-cache": ["@aws-sdk/endpoint-cache@3.972.8", "", { "dependencies": { "mnemonist": "0.38.3", "tslib": "^2.6.2" } }, "sha512-bBmkG0Dnhfq0/T4Z0PpUr7HkncBVaWvvCbvafeaUM+yC9wa8GGjLJmonq0QL17REB9WivgGeYgWQ5A80Uw5UnQ=="],

    "@aws-sdk/lib-dynamodb": ["@aws-sdk/lib-dynamodb@3.1081.0", "", { "dependencies": { "@aws-sdk/core": "^3.974.29", "@aws-sdk/util-dynamodb": "^3.996.5", "@smithy/core": "^3.29.0", "@smithy/types": "^4.15.1", "tslib": "^2.6.2" }, "peerDependencies": { "@aws-sdk/client-dynamodb": "^3.1081.0" } }, "sha512-o9hjLKJBhjspX52P9vIngEsr12YNyBzfiVbmPHQhrgOEN3BGZjd0wa9ufRzHF2jygFZak66dlPx5AeK+4qI/eg=="],

    "@aws-sdk/middleware-endpoint-discovery": ["@aws-sdk/middleware-endpoint-discovery@3.972.22", "", { "dependencies": { "@aws-sdk/endpoint-cache": "^3.972.8", "@aws-sdk/types": "^3.973.15", "@smithy/core": "^3.29.0", "@smithy/types": "^4.15.1", "tslib": "^2.6.2" } }, "sha512-GMoLg4XAnkiwevqcOfgz0lOTYmIdM7MJK/BL9EAvsoMFqKIGRpyNIvuSNg5gdFzP57yB+EklMlK0+TwBqj1tCg=="],

    "@aws-sdk/nested-clients": ["@aws-sdk/nested-clients@3.997.29", "", { "dependencies": { "@aws-sdk/core": "^3.974.29", "@aws-sdk/signature-v4-multi-region": "^3.996.38", "@aws-sdk/types": "^3.973.15", "@smithy/core": "^3.29.0", "@smithy/fetch-http-handler": "^5.6.2", "@smithy/node-http-handler": "^4.9.2", "@smithy/types": "^4.15.1", "tslib": "^2.6.2" } }, "sha512-ot6v8J5W8P0w6ryyuIkXP1bHZHTlvwtn83mVCYaBE0GJ6tJX4vPSBx7M98w9O4wmmDruFsDBUMjhEHA+OosUFQ=="],

    "@aws-sdk/signature-v4-multi-region": ["@aws-sdk/signature-v4-multi-region@3.996.38", "", { "dependencies": { "@aws-sdk/types": "^3.973.15", "@smithy/signature-v4": "^5.6.1", "@smithy/types": "^4.15.1", "tslib": "^2.6.2" } }, "sha512-C379Sk+MiFZCfWZphKlMyLHKxV22OjoGM5KJjj5IJNJcOCWL4IGIpnEGzv1FQiRwhYXfq55SJMfxlqPE08JJ9g=="],

    "@aws-sdk/token-providers": ["@aws-sdk/token-providers@3.1081.0", "", { "dependencies": { "@aws-sdk/core": "^3.974.29", "@aws-sdk/nested-clients": "^3.997.29", "@aws-sdk/types": "^3.973.15", "@smithy/core": "^3.29.0", "@smithy/types": "^4.15.1", "tslib": "^2.6.2" } }, "sha512-kduAeI6cL+zqwj3gjPh9LhuX7kBZ83msYxutavaR+UPm5K8J7iThJBvNRAsFNyWTji92CSU8dogUgvi9T0BehA=="],

    "@aws-sdk/types": ["@aws-sdk/types@3.973.15", "", { "dependencies": { "@smithy/types": "^4.15.1", "tslib": "^2.6.2" } }, "sha512-IULn8uBV/SMtmOIANsm4WHXIOtVPBWfOWs3WGL0j/sI+KhaYehvOw0ET+9urnn8MBpiijuU/0JOpuwKOE451PQ=="],

    "@aws-sdk/util-dynamodb": ["@aws-sdk/util-dynamodb@3.996.5", "", { "dependencies": { "tslib": "^2.6.2" }, "peerDependencies": { "@aws-sdk/client-dynamodb": "^3.1069.0" } }, "sha512-m9bdmYq3WtbMHAKGALw9XWiMBfKu5T8ukgdJT7Mc/d2oOwDGNFmhsnnkQ18xomoXo/ZHxAuIDi3Y6slsblW1Mg=="],

    "@aws-sdk/xml-builder": ["@aws-sdk/xml-builder@3.972.33", "", { "dependencies": { "@smithy/types": "^4.15.1", "tslib": "^2.6.2" } }, "sha512-ezbwz9WpuLctm6o7P2t2naDhVVPI5jFGrVefVybhcKGjU57VIyT46pQVO0RI2RYkUdhdj2Z9uSIlAzGZE9NW9A=="],

    "@aws/lambda-invoke-store": ["@aws/lambda-invoke-store@0.3.0", "", {}, "sha512-sl4Bm6yiMNYrZKkqqDFWN0UfnWhlS8ivKxrYl+6t0gCLrqr8y3B2IqZZbFRkfaVVp7C/baApyh71P+LeE1A2sQ=="],

    "@cwcss/crosswind": ["@cwcss/crosswind@0.2.16", "", { "dependencies": { "@stacksjs/clapp": "^0.2.0", "bunfig": "^0.15.17" }, "bin": { "crosswind": "./dist/cli.js" } }, "sha512-QgSTpcnt1seUQF2++taD5wk/H1lE3wSaybd+i9iP/syQTB2w/v2aM2U9SzYYe2ZcHA3Uxa1Sn/YvhcmHeFfuCA=="],

    "@isaacs/fs-minipass": ["@isaacs/fs-minipass@4.0.1", "", { "dependencies": { "minipass": "^7.0.4" } }, "sha512-wgm9Ehl2jpeqP3zw/7mo3kRHFp5MEDhqAdwy1fTGkHAwnkGOVsgpvQhL8B5n1qlb01jV3n/bI0ZfZp5lWA1k4w=="],

    "@loghq/stacks": ["@loghq/stacks@0.2.6", "", {}, "sha512-7E4v4nWUDgKuuyFZwa5VZxuRGewMGwAcclCAcm+fm36rGdWnLx6TTdRwMhADlzAYw3nCRyljpnVrViiExQ0UDg=="],

    "@smithy/core": ["@smithy/core@3.29.1", "", { "dependencies": { "@smithy/types": "^4.15.1", "tslib": "^2.6.2" } }, "sha512-qoiY4nrk5OCu1+eIR1VB8l5DmON/oKiqrd5zZFAhXJXjJlLWQusKEW/SkBDAtGDcPaz86m9kfcE1lngU0GlM6A=="],

    "@smithy/credential-provider-imds": ["@smithy/credential-provider-imds@4.4.6", "", { "dependencies": { "@smithy/core": "^3.29.1", "@smithy/types": "^4.15.1", "tslib": "^2.6.2" } }, "sha512-B2WQ/PV/H6Jeg3lrIq6bKUfa6Hy01mtK7CGs6lhjzHA6k4aagldH6T6eEjnzKl4HI0cJnAsxfJ19pgb5PV+CVQ=="],

    "@smithy/fetch-http-handler": ["@smithy/fetch-http-handler@5.6.3", "", { "dependencies": { "@smithy/core": "^3.29.1", "@smithy/types": "^4.15.1", "tslib": "^2.6.2" } }, "sha512-CwCc/7SMTj45y97MUnDTbTaxvtAsiNNRm81z3abROIuMbMsC2Iy5EKfkkVdsKrz8WExQAAMx1EJapq+9j4fFTQ=="],

    "@smithy/node-http-handler": ["@smithy/node-http-handler@4.9.3", "", { "dependencies": { "@smithy/core": "^3.29.1", "@smithy/types": "^4.15.1", "tslib": "^2.6.2" } }, "sha512-qZTa4gQFUo8RM02rk6q5UVTDLNrQ1oS20LsepBzqq1QBVc/EHJ03OOUADcqMZiXHArW+Y7+OGY0BpdTwZRq/Yg=="],

    "@smithy/signature-v4": ["@smithy/signature-v4@5.6.2", "", { "dependencies": { "@smithy/core": "^3.29.1", "@smithy/types": "^4.15.1", "tslib": "^2.6.2" } }, "sha512-QgHflghMoPxCJ9axiCVh8KZfbC9fuP6vkXXyK//E3cq7nLaSSyyLj0GAoqVWezYeDQmXIZhmlRvLE16jsqDK6g=="],

    "@smithy/types": ["@smithy/types@4.15.1", "", { "dependencies": { "tslib": "^2.6.2" } }, "sha512-x3L0XSACF6UYzKpa9biqiRMgvH5+wnFFew9Tm/grFYqgaupPwx/+ojDPpPJM8dZON3S9tjz5U+PQYsCBd1Mw5Q=="],

    "@stacksjs/arrays": ["@stacksjs/arrays@0.74.24", "", {}, "sha512-uDWHP6UB/UyFQtBxS6g3vXSnJsAExtqdGDQMrlNS06V6Z2G5wQ9tJ5OH72ChR+mBt0X5kAICsMOLmW8YQT3mFg=="],

    "@stacksjs/bumpx": ["@stacksjs/bumpx@0.2.17", "", { "dependencies": { "@stacksjs/clapp": "^0.2.0", "@stacksjs/logsmith": "^0.2.6", "bunfig": "^0.15.6" }, "bin": { "bumpx": "./dist/bin/cli.js" } }, "sha512-ZcjaBGDQErOOIiVbbg9EI1BbdCP/+kBbh55yHkDtcCYt9ifYHxhC/xE65f80e14/00yUr/56oPK+1g7am40GaQ=="],

    "@stacksjs/bunpress": ["@stacksjs/bunpress@0.2.14", "", { "dependencies": { "@cwcss/crosswind": "^0.2.16", "@stacksjs/clapp": "^0.2.0", "@stacksjs/stx": "^0.2.171", "@stacksjs/ts-i18n": "^0.1.11", "bunfig": "^0.15.17", "ts-syntax-highlighter": "^0.2.14" }, "peerDependencies": { "@stacksjs/ts-cloud": "^0.7.51" }, "optionalPeers": ["@stacksjs/ts-cloud"], "bin": { "bunpress": "./dist/bin/cli.js" } }, "sha512-o0Bf8b7kXKSyH5xXrVrdA46gPzMVssLBnbP82t8WzF17gIveFLNW+CzEZe3n9o+Ui2wiy2+6IF5SwGfrdTtWcQ=="],

    "@stacksjs/clapp": ["@stacksjs/clapp@0.2.15", "", {}, "sha512-EM2fWrFZaU+paHZ4X0RGNZTnBYVgwdkbTnYdLD72yoc8JXUH5Wl88IZcn/JZoFPrViNgXlhYgI3xEK4Fryd3Xw=="],

    "@stacksjs/clarity": ["@stacksjs/clarity@0.3.33", "", { "dependencies": { "bunfig": "^0.15.6" }, "bin": { "clarity": "./dist/bin/cli.js" } }, "sha512-+5GLKnAI/M/z64UfNLLfQqx/kp+frmRY+NZXYwwGwbrkud/xlsEGDWEExdhqOhqEDMWdb1oafw/ubGAPg1PaFw=="],

    "@stacksjs/cli": ["@stacksjs/cli@0.74.24", "", { "dependencies": { "@stacksjs/clapp": "^0.2.12", "@stacksjs/collections": "0.74.24", "@stacksjs/error-handling": "0.74.24", "@stacksjs/logging": "0.74.24", "@stacksjs/types": "0.74.24" } }, "sha512-JWDNJpxLTGhjGxXCk/lgeoXKTqOSSmmSh1XiyYPHT+VO7f4d68T0lZIdnarpdyLt5Ff0OaNTIaoDr4eNghZnVA=="],

    "@stacksjs/collections": ["@stacksjs/collections@0.74.24", "", { "dependencies": { "ts-collect": "^0.4.3" } }, "sha512-znlZvMaMj+N09poEDUuf/VNAy6yaToZLrzpFGi9FGMkeiQsu5uKhUhZxlUV+0jtORvpmNP3p05oJtNDbOkINnQ=="],

    "@stacksjs/config": ["@stacksjs/config@0.74.24", "", { "dependencies": { "@stacksjs/events": "0.74.24", "@stacksjs/path": "0.74.24", "@stacksjs/tunnel": "0.74.24", "ts-pantry": "^0.11.35" } }, "sha512-FZUBUEqYU5sAyhDSeBmYTqfqiBJ6rTM8L2YZICeDzoBuV2UzXg/Ax/5Kt1FMnGTPCwkVGSijrJ0KrgKUe2PR2Q=="],

    "@stacksjs/desktop": ["@stacksjs/desktop@0.2.198", "", { "dependencies": { "craft-native": ">=0.0.55" } }, "sha512-P+iUxNgNc2DvlrnwCpy1lo6jnmUSfHSQj1nl9S5enb8glknDtd13mpOyelO5u8VxPVgGyQ9xPFDlI44fzHc10w=="],

    "@stacksjs/dtsx": ["@stacksjs/dtsx@0.11.10", "", { "dependencies": { "@stacksjs/clapp": "^0.2.0" }, "bin": { "dtsx": "./dist/bin/cli.js" } }, "sha512-NOSSGv7mdxzmijmKHxTZDmgZp7vCYrRKWpDwNqwTc97MTv5csjo3uukf7A/c+s7pSzJd+HxqsTCZ7IznjfEtmw=="],

    "@stacksjs/env": ["@stacksjs/env@0.74.24", "", { "dependencies": { "@stacksjs/path": "0.74.24" } }, "sha512-JHAgx6gyCb5J7UbrqtUdc2hWaCUis7bg1nlErS1Qg9oCDCVWyuq06TynfIOWrd6vAl3qZ2KFlg32YINNLwJGew=="],

    "@stacksjs/error-handling": ["@stacksjs/error-handling@0.74.24", "", { "dependencies": { "@stacksjs/path": "0.74.24", "@stacksjs/stx": "^0.2.274", "@stacksjs/types": "0.74.24", "ts-error-handling": "^0.1.1", "ts-syntax-highlighter": "^0.2.1" } }, "sha512-6oaqnCNqoXDXvIchBLDUzmbvRQ5wCgqEuKrU3LrNjsBnx4wo8+A4xZWUV1Zs6jAfmPsP1vdx/aWtWdiz3S3U4w=="],

    "@stacksjs/events": ["@stacksjs/events@0.74.24", "", {}, "sha512-OGWQm3QAVPhKtt/n0Dw8DPzNtSkHQCOm8nCjIQevWbRs13HE4/FdwxQH/vDDgGr+bs/sRWm5jM+knnoZM7aB9Q=="],

    "@stacksjs/gitlint": ["@stacksjs/gitlint@0.1.8", "", { "bin": { "gitlint": "./dist/bin/cli.js" } }, "sha512-lv+Ttwwif0UR0qgRGih8/ePslcrcDLjYybmDOQE7kM2IXoaRZUFh2LhZWHbaICd3ejdGb7MNvY2emiJE7Cs+Wg=="],

    "@stacksjs/logging": ["@stacksjs/logging@0.74.24", "", { "dependencies": { "@loghq/stacks": "^0.2.3", "@stacksjs/clarity": "^0.3.33", "@stacksjs/config": "0.74.24", "@stacksjs/error-handling": "0.74.24", "@stacksjs/path": "0.74.24", "@stacksjs/types": "0.74.24" } }, "sha512-5RiS5YUArQmQ8CKsP4js3VCUWzrGi5YWPyze0Jm8tDMg5P+uB59DfUqpHqyNzRtzATErS/X2MNBsmyEaf18dfg=="],

    "@stacksjs/logsmith": ["@stacksjs/logsmith@0.2.11", "", { "dependencies": { "@stacksjs/clapp": "^0.2.0", "bunfig": "^0.15.6", "pickier": "^0.1.9" }, "bin": { "@stacksjs/logsmith": "./dist/bin/cli.js", "logsmith": "./dist/bin/cli.js" } }, "sha512-wqqAxewpsHVDzpC+IRy+yYyGXGlv1j5GCqYTh8fL7d3LLhnRPN72PEQywM357burtORvdkFHfOzk3Ih1SMvuiw=="],

    "@stacksjs/path": ["@stacksjs/path@0.74.24", "", {}, "sha512-k09ViA5vix+uAfkaBI8eKAzk2A4oybfWOViDKe30oqp+IhUsk/baeB7raan9/IHCP9rmOUtrfT+puOOaQ7bvZg=="],

    "@stacksjs/sanitizer": ["@stacksjs/sanitizer@0.2.198", "", {}, "sha512-krEzqYC3ul9hhkfCu23/Sw4ssYbIKoUwI+a5r5Z0u4jvskJxk75jrveqnyvz5Lx74x2AXlm+PwROXwHU3BR1YA=="],

    "@stacksjs/storage": ["@stacksjs/storage@0.74.24", "", { "dependencies": { "@stacksjs/arrays": "0.74.24", "@stacksjs/cli": "0.74.24", "@stacksjs/config": "0.74.24", "@stacksjs/env": "0.74.24", "@stacksjs/error-handling": "0.74.24", "@stacksjs/logging": "0.74.24", "@stacksjs/path": "0.74.24", "@stacksjs/strings": "0.74.24", "@stacksjs/ts-cloud": "^0.12.10", "ts-images": "^0.2.11" } }, "sha512-LdRLh8Kxdsdw+VTYUH4vpIgJyFv/ev3Qrix7VquP/bx5UTUYoIsNJbuCsWPXNhx2XyyxEpSGuBU3n+MB5Lr6eQ=="],

    "@stacksjs/strings": ["@stacksjs/strings@0.74.24", "", {}, "sha512-9YhEB5WJc4n8qR3fKpbVHmFXEVW9rccVmLfBOWOIre4eMPKUlqvSA8M6SMPJXMlm3iRngsYRccdnogiGMyo63w=="],

    "@stacksjs/stx": ["@stacksjs/stx@0.2.198", "", { "dependencies": { "@cwcss/crosswind": "^0.2.14", "@stacksjs/clapp": "^0.2.0", "@stacksjs/desktop": "0.2.198", "@stacksjs/sanitizer": "0.2.198", "@stacksjs/ts-i18n": "^0.1.11", "bun-plugin-stx": "0.2.198", "bunfig": "^0.15.17", "stx-router": "0.2.198", "ts-broadcasting": "^0.0.9", "ts-images": "^0.2.11", "ts-syntax-highlighter": "^0.2.1" }, "bin": { "stx": "./dist/cli.js" } }, "sha512-aaj33HEsriTE8rTsnlywnz+VEU3z2MbxwSjZO6K0y/57XaFbT7Y3oI70n83vYlRoufUfjYploD3zDSptAmxn8A=="],

    "@stacksjs/ts-avif": ["@stacksjs/ts-avif@0.1.0", "", {}, "sha512-ytcta6ZhZeZwXJTcWlTraNLBsqL4imOfruSkJ2PwEp5RjHb4eSoqb21W4u7HLILRcILr7B1nOkIMeQct4Pozbw=="],

    "@stacksjs/ts-bmp": ["@stacksjs/ts-bmp@0.1.0", "", {}, "sha512-O02r5q35OaoLRkTLOcFCylQzY3Oeji6QebdzLBfuWt77MoS/gY/4igY53N++pUjA4uS34cHHd/P651LlCKoBeA=="],

    "@stacksjs/ts-cloud": ["@stacksjs/ts-cloud@0.12.12", "", { "dependencies": { "@stacksjs/ts-xml": "^0.1.2", "@ts-cloud/aws-types": "0.12.12", "@ts-cloud/core": "0.12.12", "hash-wasm": "^4.12.0" }, "bin": { "cloud": "./dist/bin/cli.js" } }, "sha512-djwUX/YnT7p87NAtSYEG+LYnOl6DX11CsEImKQo5Ac81VAz9kJhESntgv4uFhPaUXMb0ipnAIdfXTD7MvvmwGw=="],

    "@stacksjs/ts-css": ["@stacksjs/ts-css@0.1.0", "", { "dependencies": { "bunfig": "^0.15.6" }, "bin": { "ts-css": "./dist/bin/cli.js" } }, "sha512-373WvzZeXdqwi6lRwyfr05r3KOtbo4QXWPhmoGFI6NSa5ZcUEiyYJGL2KsV9mfQNTsBp+0q3wPnj1EQ/1zuieg=="],

    "@stacksjs/ts-faker": ["@stacksjs/ts-faker@0.1.8", "", { "dependencies": { "@stacksjs/clapp": "^0.2.0" }, "bin": { "@stacksjs/ts-faker": "dist/bin/cli.js", "faker": "dist/bin/cli.js", "fake": "dist/bin/cli.js", "mock": "dist/bin/cli.js" } }, "sha512-YEOIr9mlMeXodcl8FmX3Rq7fqZDcubi7nwdl7lCKr682GIimOQjdN8miQmVEgbBYlpwP1cOn8eO6DhVotMwWnw=="],

    "@stacksjs/ts-i18n": ["@stacksjs/ts-i18n@0.1.11", "", { "dependencies": { "@stacksjs/clapp": "^0.2.9", "bunfig": "^0.15.6" }, "bin": { "i18n": "./dist/cli.js" } }, "sha512-33FM0gKdxBy6EUsUZLGAMe0D7QUZ4f/BQXRsQIyzkZgs2+juruUTevPuJGCjWSZsgJuiaBfEJn8Oq8ctuo1OWQ=="],

    "@stacksjs/ts-png": ["@stacksjs/ts-png@0.1.2", "", {}, "sha512-NT9AVCAlZiOMzcBH+OlAAUAbfTzakm/6Ibp5S31JInrpTDd+Qe3arEfatPLuMasFR9tyO+NMAFsF84MT6TK1vA=="],

    "@stacksjs/ts-spell-check": ["@stacksjs/ts-spell-check@0.1.0", "", {}, "sha512-GnrxhHh606U6e0uPoUfbyh3sWI2VCtj6IwtSS4ik8Jz7vF11WFZ4qeCnXlUSZXLLlk0ukcdpilZr4girmx7PbA=="],

    "@stacksjs/ts-svg": ["@stacksjs/ts-svg@0.1.1", "", { "dependencies": { "@stacksjs/ts-css": "^0.1.0", "@stacksjs/ts-png": "^0.1.2" }, "bin": { "svg": "dist/cli.js" } }, "sha512-jG/DC3JaWEvblsrl3X1mVFPZY+1+DEtt9ypWXuXHyWyud+CaD/MQdGRypJbRyLrT03HWx/x6TG9UOzh7GDaing=="],

    "@stacksjs/ts-validation": ["@stacksjs/ts-validation@0.5.6", "", {}, "sha512-JUWD4ZfbhgIqXJMAaG4YAKUKIudr61Pa1yr0LwjxX5aJfBeN5vexN+iNacjZ1Vp+WTusIuebQnWroU0OKhA9ow=="],

    "@stacksjs/ts-webp": ["@stacksjs/ts-webp@0.1.3", "", {}, "sha512-0PFmmBLKCxIc+8pNEwfvoXfS5uH47y7rXpVaGEfj6VQGPoQCAWUmheppCeJ66YCdSVR1dezR/4MGTZCnT+uZow=="],

    "@stacksjs/ts-xml": ["@stacksjs/ts-xml@0.1.2", "", {}, "sha512-G20EuKCmpwWwnXfFlX0kxCXnJ6ocTgBl8lcHkOzmomC8L/Ld+UKeNLlvOQf9ArnS7/SHUQ2+fZpM0t6lhwoyPw=="],

    "@stacksjs/tunnel": ["@stacksjs/tunnel@0.74.24", "", { "dependencies": { "localtunnels": "^0.2.13" } }, "sha512-zpvrkNh6h4gi0lSJvq2v8E6WqK+1jrx7IMcuf6k/gwQG11v7BQ16FrDWGjoLoUCcFcGRHaDiCpf/+2HW2UD77A=="],

    "@stacksjs/types": ["@stacksjs/types@0.74.24", "", { "dependencies": { "@stacksjs/bunpress": "^0.2.8", "@stacksjs/clapp": "^0.2.12", "@stacksjs/events": "0.74.24", "@stacksjs/strings": "0.74.24", "@stacksjs/stx": "^0.2.274", "@stacksjs/ts-validation": "^0.5.6", "bun-query-builder": "^0.2.62" }, "peerDependencies": { "meilisearch": "^0.59.0" }, "optionalPeers": ["meilisearch"] }, "sha512-3ZSVkWdDwpO2YIg/0vRNH1vcEc5ytAmFmlut6dTdQEE6BcxxL9SB0ZdlU4yJM8N1vXj/k702ry5EVAhjoTRUIA=="],

    "@ts-cloud/aws-types": ["@ts-cloud/aws-types@0.12.12", "", {}, "sha512-qAdW5vDpQUnB4H8VPrWdJ+a4nlMNYQjSpmUJdpjZ0MTw2Tm8Xu/Tr2qavG2mu3MAuITXbzuPmOn6PVUzguANPQ=="],

    "@ts-cloud/core": ["@ts-cloud/core@0.12.12", "", { "dependencies": { "@ts-cloud/aws-types": "0.12.12" } }, "sha512-C+uj/h49bT14uGVEuKssUNmBW5PczsQJh4iRngTltLQ7Ckm1VYZKh0yY+YfMxmpl4RhB4qEZjH5qvM1fjgXEig=="],

    "@types/bun": ["@types/bun@1.3.14", "", { "dependencies": { "bun-types": "1.3.14" } }, "sha512-h1hFqFVcvAvD9j9K7ZW7vd82aSA+rTdznZa+5bwvCwqSB1jmmfLcbIWhOLx1/+boy/xmjgCs/OMUL8hRJSmnPw=="],

    "@types/node": ["@types/node@26.1.1", "", { "dependencies": { "undici-types": "~8.3.0" } }, "sha512-nxAkRSVkN1Y0JC1W8ky/fTfkGsMmcrRsbx+3XoZE+rMOX71kLYTV7fLXpqud1GpbpP5TuffXFqfX7fH2GgZREw=="],

    "@types/tar": ["@types/tar@7.0.87", "", { "dependencies": { "tar": "*" } }, "sha512-3IxNBV8LeY5oi2ZFpvAhOtW1+mHswkzM7BuisVrwJgPv67GBO2rkLPQlEKtzfHuLdhDDczhkCZeT+RuizMay4A=="],

    "@typescript/typescript-aix-ppc64": ["@typescript/typescript-aix-ppc64@7.0.2", "", { "os": "aix", "cpu": "ppc64" }, "sha512-MTKKkWB7p/0E9xi1d1tHtZ5PiLkGEMIq88pK2CubZjOsLtYTLqhgIgi6zepFa+9GHZ6h05NMCkQxGKiPXMxXtQ=="],

    "@typescript/typescript-darwin-arm64": ["@typescript/typescript-darwin-arm64@7.0.2", "", { "os": "darwin", "cpu": "arm64" }, "sha512-gowzar9MwS/aRWp6f3a4KUqzRjAZjOsmGNCM6LcTgXum+dBfgsBVMN+AgvOCCbguXyick6LJhpBszxMebJ8syA=="],

    "@typescript/typescript-darwin-x64": ["@typescript/typescript-darwin-x64@7.0.2", "", { "os": "darwin", "cpu": "x64" }, "sha512-SZ9xZInqApNlNGc9s0W1VSsktYSOe9cFqNOIqmN1Gs8SmkjKZYFt017G4VwPxASInODuAdbTW7sXiFUf893RgA=="],

    "@typescript/typescript-freebsd-arm64": ["@typescript/typescript-freebsd-arm64@7.0.2", "", { "os": "freebsd", "cpu": "arm64" }, "sha512-W5NH4y/J0plIIS5b2xvTEkU7JFxyqdMAOgf+Ilhl0vHQXKO5dZoxd+C/jEtq56c4F3wk71RB4BMRQ2XdI+bwYQ=="],

    "@typescript/typescript-freebsd-x64": ["@typescript/typescript-freebsd-x64@7.0.2", "", { "os": "freebsd", "cpu": "x64" }, "sha512-UMGDx5sTpzNw3WiPebH7l90IWfJggEd+egHt/q6p7/Cm3zqoV7VxkGXt+3DxPIw8CcmvAB0j3sVVfbhX+M4Tpw=="],

    "@typescript/typescript-linux-arm": ["@typescript/typescript-linux-arm@7.0.2", "", { "os": "linux", "cpu": "arm" }, "sha512-gffT3xPz9sR7j/YJExkyPntrI0P2EP9XbOyWzth2/Gs0RstK+90RBcO0ncXoXy/beYll1SXw846Nf2zdnEz0QQ=="],

    "@typescript/typescript-linux-arm64": ["@typescript/typescript-linux-arm64@7.0.2", "", { "os": "linux", "cpu": "arm64" }, "sha512-Qh4eU4/y3yDjnfjjyPYihMj5/ODIlmt+Bzu17OI+fiSRDW57QmU5SiN63exPRNJPKUzcc1INa1NXdrJ+MqHjUQ=="],

    "@typescript/typescript-linux-loong64": ["@typescript/typescript-linux-loong64@7.0.2", "", { "os": "linux", "cpu": "none" }, "sha512-uEHck9i8hoAzXPiYRib1O7miOnz23SxIeVl6F4LXox+qov1K35jHcEW6VHKvZI+pyvl7fZEP4MCU5LYvIq1GuQ=="],

    "@typescript/typescript-linux-mips64el": ["@typescript/typescript-linux-mips64el@7.0.2", "", { "os": "linux", "cpu": "none" }, "sha512-R4KvAMnE43W5Qeqb0Ly56O3mWMWIAgsMyz36DCaycd5nbg/9kzm0liw3JocfRqyJY0KPmzFjbswozXyW0DnIYA=="],

    "@typescript/typescript-linux-ppc64": ["@typescript/typescript-linux-ppc64@7.0.2", "", { "os": "linux", "cpu": "ppc64" }, "sha512-DORx5b3sd/4S7eayxm4FQv+A7CrkUIGRaHiwI8oiHTAI1fAPWhF4J0vAlkC8biAlHSVVwxMQ3tjZ2/DVbnQiiA=="],

    "@typescript/typescript-linux-riscv64": ["@typescript/typescript-linux-riscv64@7.0.2", "", { "os": "linux", "cpu": "none" }, "sha512-wf0jqEDOjrPRnKwYRyyJDRo11KMbvMFrU+q4zqKyChODBzvlkbhNQfKvLxQCcwTpdDaXSHZTVuh0JoCrKCUMHQ=="],

    "@typescript/typescript-linux-s390x": ["@typescript/typescript-linux-s390x@7.0.2", "", { "os": "linux", "cpu": "s390x" }, "sha512-IkwJc3L7yhytWd/ewjyxNDfOmswCm9GWMJT/ue/dU4aZNbwZeYAetq42VyLmsmSjvoX7z74X6ZaYCtzAr0EuGw=="],

    "@typescript/typescript-linux-x64": ["@typescript/typescript-linux-x64@7.0.2", "", { "os": "linux", "cpu": "x64" }, "sha512-EYdf2cNg7rgCWJnxCdJ+F3V39O8ihb37eHAu1LK8oAFizgTQbPOK7zHHXbPt8rX24COqODXeI3sIf0fCXG7H/A=="],

    "@typescript/typescript-netbsd-arm64": ["@typescript/typescript-netbsd-arm64@7.0.2", "", { "os": "none", "cpu": "arm64" }, "sha512-+polYF4MF04aPpO5FTkHran9yUQDSXqy5GiSDKpsll5jy3l3+g9QLhpf39T+ePtefhXLOGrLl0QIjkQP6VnelA=="],

    "@typescript/typescript-netbsd-x64": ["@typescript/typescript-netbsd-x64@7.0.2", "", { "os": "none", "cpu": "x64" }, "sha512-8YIT0EHM/3dq10ZOVF/A7pc/YSMtbcecct4rWtexrnSCHOPcpC2KTLXfTCR6vDpnSiY12heNb1GiN/wu+T/FyA=="],

    "@typescript/typescript-openbsd-arm64": ["@typescript/typescript-openbsd-arm64@7.0.2", "", { "os": "openbsd", "cpu": "arm64" }, "sha512-APT8+ClYnuYm1u9+kgGXoMj2VzWzcymwh2gNSQVySHfkRDGOTVkoWLjCmOQSaO+PoqQ57B0flRp9SA+7GnnkzQ=="],

    "@typescript/typescript-openbsd-x64": ["@typescript/typescript-openbsd-x64@7.0.2", "", { "os": "openbsd", "cpu": "x64" }, "sha512-yX7s+Q0Dln0Dt9tEzZsAjXXR/+ytBM7AlglaqyeMPxQszJ1JhlJdZ6jLA+IzldHtflX81em7lDao1xXu+aRRkg=="],

    "@typescript/typescript-sunos-x64": ["@typescript/typescript-sunos-x64@7.0.2", "", { "os": "sunos", "cpu": "x64" }, "sha512-dLJDGaLZ1D4HPQn62u1n8mBDkJREwMsAkCdkwd4Ieqw+x3TUyTsqY0YiBCtE6H6OzzgGk3iuZ3vFWRS+E8/d1g=="],

    "@typescript/typescript-win32-arm64": ["@typescript/typescript-win32-arm64@7.0.2", "", { "os": "win32", "cpu": "arm64" }, "sha512-Gyl1Vy6OsWesLzmq+EP0Fb7b4Nid5232AvcA2SFcdYreldpNtYFFofPjnt62y9hQy7VTaZp65ICJjuAQRaVcIQ=="],

    "@typescript/typescript-win32-x64": ["@typescript/typescript-win32-x64@7.0.2", "", { "os": "win32", "cpu": "x64" }, "sha512-0BQ3HkAHHlKLSp1qRvf3SUhGpGsDuhB/jgFw75guyqbxJqEaS0Cw/VFO8i2nHglJUzQCRtMMR/IBAKE3ETMC4g=="],

    "better-dx": ["better-dx@0.2.25", "", { "dependencies": { "@stacksjs/bumpx": "^0.2.14", "@stacksjs/bunpress": "^0.2.8", "@stacksjs/clapp": "^0.2.12", "@stacksjs/clarity": "^0.3.31", "@stacksjs/gitlint": "^0.1.7", "@stacksjs/logsmith": "^0.2.6", "@types/bun": "^1.3.14", "buddy-bot": "^0.10.5", "bun-git-hooks": "^0.3.2", "bun-plugin-dtsx": "^0.11.1", "bunfig": "^0.15.15", "pickier": "^0.1.40", "ts-error-handling": "^0.1.3", "typescript": "^7.0.2" } }, "sha512-7GQ3EDXDwdZbpzwqWrOC2kzKkfw2Ptd30Bl1VlLS1SV82MvU5VIYXtGsRcJ5+6M17n9hQwGuT2TGEZEaWgZQaw=="],

    "bowser": ["bowser@2.14.1", "", {}, "sha512-tzPjzCxygAKWFOJP011oxFHs57HzIhOEracIgAePE4pqB3LikALKnSzUyU4MGs9/iCEUuHlAJTjTc5M+u7YEGg=="],

    "buddy-bot": ["buddy-bot@0.10.5", "", { "dependencies": { "prompts": "^2.4.2", "ts-pantry": "^0.11.32" }, "peerDependencies": { "@anthropic-ai/sdk": "^0.117.1" }, "optionalPeers": ["@anthropic-ai/sdk"], "bin": { "buddy-bot": "./dist/bin/cli.js" } }, "sha512-pGyjHSi91Nix76u1VIVLEYEV6vkTVKvKS9NvRYbyGR6X6CdZQrvHcmJLfGqjN/4xuUWc4h6rlVpkiwG6MOo/6Q=="],

    "bun-git-hooks": ["bun-git-hooks@0.3.2", "", { "bin": { "git-hooks": "./dist/bin/cli.js", "bun-git-hooks": "./dist/bin/cli.js" } }, "sha512-cHkmB7sxmtPNekzG0nGXqbN8Q+dZf4muvV4eCB8dBCduW1DHR+4YulKinPUk/C6Rogy+JMyL1ysVVVWwZobwZw=="],

    "bun-plugin-dtsx": ["bun-plugin-dtsx@0.11.10", "", { "dependencies": { "@stacksjs/dtsx": "0.11.10" } }, "sha512-qQrEBIV1pzhDmrxmhTHhgVK5gqE5CfpO8C9NCp7zUaN48c4IJVrpqXbeNWch7sAT/Hf4GhVMWau7T65xySm59Q=="],

    "bun-plugin-stx": ["bun-plugin-stx@0.2.198", "", { "dependencies": { "@stacksjs/stx": "^0.2.72", "stx-router": "^0.2.72" }, "bin": { "serve": "./dist/serve.js", "stx-serve": "./dist/serve.js" } }, "sha512-NiCfmceacqrAvM8mb5iutA0v94IUOhreyyTl4T7PEmPG2fvsT3QYerR2gqy7SU8Pja4+UfKvMEhHt9Unlhyl3w=="],

    "bun-query-builder": ["bun-query-builder@0.2.63", "", { "dependencies": { "@stacksjs/clapp": "^0.2.12", "@stacksjs/ts-faker": "^0.1.8", "@stacksjs/ts-validation": "^0.5.2", "dynamodb-tooling": "^0.3.5" }, "bin": { "query-builder": "./dist/bin/cli.js", "qbx": "./dist/bin/cli.js", "qb": "./dist/bin/cli.js" } }, "sha512-YY+qNNpoCEzHOVjAUJe77fTK8glrupEogPWMjKCERuBDyZhPkNrOmu9FxQ9oa4ZbUAtdeXwBWTzvEHT4z6CsIQ=="],

    "bun-types": ["bun-types@1.3.14", "", { "dependencies": { "@types/node": "*" } }, "sha512-4N0ig0fEomHt5R0KCFWjovxow98rIoRwKolrYdCcknNwMekCXRnWEUvgu5soYV8QXtVsrUD8B95MBOZGPvr6KQ=="],

    "bunfig": ["bunfig@0.15.18", "", { "dependencies": { "@stacksjs/clarity": "^0.3.24" }, "bin": { "bunfig": "./dist/cli.js" } }, "sha512-MV58+uGCltEw9unjUh+RaiHwfn3tLc4nXQAbJJyhK4nJTzduwbkHiy7g9v3FDJp3ZGf5QEs3DkZxbzMJYbxu3g=="],

    "chownr": ["chownr@3.0.0", "", {}, "sha512-+IxzY9BZOQd/XuYPRmrvEVjF/nqj5kgT4kEq7VofrDoM1MxoRjEWkrCC3EtLi59TVawxTAn+orJwFQcrqEN1+g=="],

    "craft-native": ["craft-native@0.0.55", "", { "bin": { "craft-sdk": "dist/cli.js" } }, "sha512-qFekhPhVKRqsMJLaX9zTDQCq03ciVYvARoiBJYtFfFiQuf/uwBWEfhlez5pjKLnX4PVuQhsZM2PwG+NLdoxvbQ=="],

    "data-uri-to-buffer": ["data-uri-to-buffer@6.0.2", "", {}, "sha512-7hvf7/GW8e86rW0ptuwS3OcBGDjIi6SZva7hCyWC0yYry2cOPmLIjXAUHI6DK2HsnwJd9ifmt57i8eV2n4YNpw=="],

    "debug": ["debug@4.4.3", "", { "dependencies": { "ms": "^2.1.3" } }, "sha512-RGwwWnwQvkVfavKVt22FGLw+xYSdzARwm0ru6DhTVA3umU5hZc28V3kO4stgYryrTlLpuvgI9GiijltAjNbcqA=="],

    "dynamodb-toolbox": ["dynamodb-toolbox@2.10.6", "", { "dependencies": { "hotscript": "^1.0.13" }, "peerDependencies": { "@aws-sdk/client-dynamodb": "^3.0.0", "@aws-sdk/lib-dynamodb": "^3.0.0", "@aws-sdk/util-dynamodb": "^3.0.0" } }, "sha512-ZGQ8EPd6CgkbrWfGpaaukyc9GOCdAiTvCG72bGYvqMryxTkhOoJSjqacJ10n6TwzqXLoebA/rrW6J5qvmxd2Tg=="],

    "dynamodb-tooling": ["dynamodb-tooling@0.3.6", "", { "bin": { "dbtooling": "./dist/cli.js" } }, "sha512-G/yixeLt3lawdwXVQCz+IKIPEb+yT21YjDdG1UGZA8YQwS8BwdUoGxBwJJytZfn0LouZ8Sq/YbdNiV2R/VsYnQ=="],

    "hash-wasm": ["hash-wasm@4.12.0", "", {}, "sha512-+/2B2rYLb48I/evdOIhP+K/DD2ca2fgBjp6O+GBEnCDk2e4rpeXIK8GvIyRPjTezgmWn9gmKwkQjjx6BtqDHVQ=="],

    "hotscript": ["hotscript@1.0.13", "", {}, "sha512-C++tTF1GqkGYecL+2S1wJTfoH6APGAsbb7PAWQ3iVIwgG/EFseAfEVOKFgAFq4yK3+6j1EjUD4UQ9dRJHX/sSQ=="],

    "kleur": ["kleur@3.0.3", "", {}, "sha512-eTIzlVOSUR+JxdDFepEYcBMtZ9Qqdef+rnzWdRZuMbOywu5tO2w2N7rqjoANZ5k9vywhL6Br1VRjUIgTQx4E8w=="],

    "localtunnels": ["localtunnels@0.2.13", "", { "dependencies": { "bunfig": "^0.15.6" }, "bin": { "localtunnel": "./dist/bin/cli.js", "lt": "./dist/bin/cli.js" } }, "sha512-zcRWeFJSK1g2h5nblm/MiUc7eM7Sa1MRYoCdRiLseDCtX2Ha16YWjtGptwKjyq5Kd6egv3tfZbqmRA0elKZPrA=="],

    "minipass": ["minipass@7.1.3", "", {}, "sha512-tEBHqDnIoM/1rXME1zgka9g6Q2lcoCkxHLuc7ODJ5BxbP5d4c2Z5cGgtXAku59200Cx7diuHTOYfSBD8n6mm8A=="],

    "minizlib": ["minizlib@3.1.0", "", { "dependencies": { "minipass": "^7.1.2" } }, "sha512-KZxYo1BUkWD2TVFLr0MQoM8vUUigWD3LlD83a/75BqC+4qE0Hb1Vo5v1FgcfaNXvfXzr+5EhQ6ing/CaBijTlw=="],

    "mnemonist": ["mnemonist@0.38.3", "", { "dependencies": { "obliterator": "^1.6.1" } }, "sha512-2K9QYubXx/NAjv4VLq1d1Ly8pWNC5L3BrixtdkyTegXWJIqY+zLNDhhX/A+ZwWt70tB1S8H4BE8FLYEFyNoOBw=="],

    "ms": ["ms@2.1.3", "", {}, "sha512-6FlzubTLZG3J2a/NVCAleEhjzq5oxgHyaCU9yYXvcLsvoVaHJq/s5xXI6/XXP6tz7R9xAOtHnSO/tXtF3WRTlA=="],

    "obliterator": ["obliterator@1.6.1", "", {}, "sha512-9WXswnqINnnhOG/5SLimUlzuU1hFJUc8zkwyD59Sd+dPOMf05PmnYG/d6Q7HZ+KmgkZJa1PxRso6QdM3sTNHig=="],

    "pickier": ["pickier@0.1.65", "", { "dependencies": { "@stacksjs/clapp": "^0.2.3", "@stacksjs/clarity": "^0.3.24" }, "optionalDependencies": { "@stacksjs/ts-spell-check": "^0.1.0" }, "bin": { "pickier": "./dist/bin/cli.js" } }, "sha512-hpGKvrWwzzHeV3hMErtnZoGRD/5Wmvy9sKxxHAWvMMdmdzr2DMtuk2T8Vkr8ZoUCNeTKRRPgHTMHg0oCNxDnDA=="],

    "prompts": ["prompts@2.4.2", "", { "dependencies": { "kleur": "^3.0.3", "sisteransi": "^1.0.5" } }, "sha512-NxNv/kLguCA7p3jE8oL2aEBsrJWgAakBpgmgK6lpPWV+WuOmY6r2/zbAVnP+T8bQlA0nzHXSJSJW0Hq7ylaD2Q=="],

    "sisteransi": ["sisteransi@1.0.5", "", {}, "sha512-bLGGlR1QxBcynn2d5YmDX4MGjlZvy2MRBDRNHLJ8VI6l6+9FUiyTFNJ0IveOSP0bcXgVDPRcfGqA0pjaqUpfVg=="],

    "stx-router": ["stx-router@0.2.198", "", {}, "sha512-6ww6L9cQT9fPOYp7Ro1ddECbDPUgaOC/XEEy44ZmJ4HEIRwyGu2FCBmjL6TCuq3BxVzoF8Lsttrcre6j1pDnWw=="],

    "tar": ["tar@7.5.22", "", { "dependencies": { "@isaacs/fs-minipass": "^4.0.0", "chownr": "^3.0.0", "minipass": "^7.1.2", "minizlib": "^3.1.0", "yallist": "^5.0.0" } }, "sha512-MFO/QzvtAOmJbkhOaCTvbGcFN9L9b+JunIsDwaKljSOdcLMea3NJ1k9Usz/rjdfSXTq4dfzfeS7W4p4YOAAHeA=="],

    "ts-broadcasting": ["ts-broadcasting@0.0.9", "", { "bin": { "broadcast": "./dist/bin/cli.js" } }, "sha512-OA95bHPe3M/24Gx8FpbUV0+NzGwvemG2LP64s1p/zATagX8xJckeziru03ccjW0ExWaD+W5tC1GRIqS6lfbB4A=="],

    "ts-collect": ["ts-collect@0.4.3", "", {}, "sha512-ERSFPKwKa8e4dolfhgi/8D4SCCNPkly0+oK8nWqxf8+KEFsjVc5f8AcJ3d1Q0Q+jGv9bu4L/qlzYxdzPIfuR1w=="],

    "ts-error-handling": ["ts-error-handling@0.1.3", "", {}, "sha512-Agm8wbQL1YVvnffVDSUKMgImZBoR4UVFjzPaIwPxa0z7YwsowKV8R57pCDIjLP/dTHRBetg7ZfdTeuNVb21OfA=="],

    "ts-gif": ["ts-gif@0.1.2", "", { "dependencies": { "data-uri-to-buffer": "^6.0.2" } }, "sha512-jbraplO1qqJtrtkFeepNPUGPad7w8FQHWIQFsn1OJbHeWKUbdqdkrX18XzNXI5Fw7+s6A3nbNTdj+Ukn4d3f8g=="],

    "ts-images": ["ts-images@0.2.12", "", { "dependencies": { "@stacksjs/ts-avif": "^0.1.0", "@stacksjs/ts-bmp": "^0.1.0", "@stacksjs/ts-png": "^0.1.2", "@stacksjs/ts-svg": "^0.1.1", "@stacksjs/ts-webp": "^0.1.2", "ts-gif": "^0.1.2", "ts-jpeg": "^0.3.1" }, "bin": { "imgx": "./dist/bin/cli.js" } }, "sha512-HdwJocQhIql9HI53Nl0pOLndYAkrlwxSxxUqU1WX/VITf0nrPNxQGzRH1dKy80hmqGQmSvPqX0O3UagNSSBQjw=="],

    "ts-jpeg": ["ts-jpeg@0.3.1", "", {}, "sha512-KIGTJj4UIlkGoCFEofx8jHHQEkJfSLFJY0MHz60Mu4Scjrcj7K/0UJGCbL9QvfIaFGAOGdf0xNFpYSuzUpimwA=="],

    "ts-pantry": ["ts-pantry@0.11.55", "", { "bin": { "ts-pantry": "./dist/bin/cli.js" } }, "sha512-K88hdq60iWF4wm5hr4KzUoTpkC+d8wILAEFWm2vW9w0vlqBUqTpQK/Wrk9gR3cVvOnqhx2n75gd2FnZC+tpaNw=="],

    "ts-syntax-highlighter": ["ts-syntax-highlighter@0.2.15", "", { "bin": { "ts-syntax-highlighter": "./dist/bin/cli.js" } }, "sha512-1Dx8AwkB43FWTVUKVicnE7kbF5klpf1nImGteRcDJBOPaLGcbYKKC9ZzgP0Yf8UMilUdHM7BPXmm+0Xn5pd88w=="],

    "tslib": ["tslib@2.8.1", "", {}, "sha512-oJFu94HQb+KVduSUQL7wnpmqnfmLsOA/nAh6b6EH0wCEoK0/mPeXU6c3wKDV83MkOuHPRHtSXKKU99IBazS/2w=="],

    "typescript": ["typescript@7.0.2", "", { "optionalDependencies": { "@typescript/typescript-aix-ppc64": "7.0.2", "@typescript/typescript-darwin-arm64": "7.0.2", "@typescript/typescript-darwin-x64": "7.0.2", "@typescript/typescript-freebsd-arm64": "7.0.2", "@typescript/typescript-freebsd-x64": "7.0.2", "@typescript/typescript-linux-arm": "7.0.2", "@typescript/typescript-linux-arm64": "7.0.2", "@typescript/typescript-linux-loong64": "7.0.2", "@typescript/typescript-linux-mips64el": "7.0.2", "@typescript/typescript-linux-ppc64": "7.0.2", "@typescript/typescript-linux-riscv64": "7.0.2", "@typescript/typescript-linux-s390x": "7.0.2", "@typescript/typescript-linux-x64": "7.0.2", "@typescript/typescript-netbsd-arm64": "7.0.2", "@typescript/typescript-netbsd-x64": "7.0.2", "@typescript/typescript-openbsd-arm64": "7.0.2", "@typescript/typescript-openbsd-x64": "7.0.2", "@typescript/typescript-sunos-x64": "7.0.2", "@typescript/typescript-win32-arm64": "7.0.2", "@typescript/typescript-win32-x64": "7.0.2" }, "bin": { "tsc": "bin/tsc" } }, "sha512-8FYau96o3NKOhbjKi/qNvG/W5jhzxkbdm5sj9AbZ/5T5sWqn3hJgLfGx27sRKZWTvyzCP8dLRBTf5tBTSRVUNA=="],

    "undici-types": ["undici-types@8.3.0", "", {}, "sha512-j375ScV60dom+YkPFIfTLcOiPxkN/buHz5GobjLhixFuANaNs3C9l4GmrWqejgXWJ7BbJcFYpTEUkS1Ge8bpZQ=="],

    "yallist": ["yallist@5.0.0", "", {}, "sha512-YgvUTfwqyc7UXVMrB+SImsVYSmTS8X/tSrtdNZMImM+n7+QTriRXyXim0mBrTXNeqzVF0KWGgHPeiyViFFrNDw=="],

    "@cwcss/crosswind/@stacksjs/clapp": ["@stacksjs/clapp@0.2.10", "", {}, "sha512-l/2F0u5ihpae8R4kJ3Pdh6tV7aEpSxu6hCyafhw38Fl9+x2YKxZfUK+fF/G5AVwSzJar3dkKuMxbMcQ0PXKGRg=="],

    "@stacksjs/error-handling/@stacksjs/stx": ["@stacksjs/stx@0.2.274", "", { "dependencies": { "@cwcss/crosswind": "^0.2.19", "@stacksjs/clapp": "^0.2.14", "@stacksjs/desktop": "0.2.274", "@stacksjs/sanitizer": "0.2.274", "@stacksjs/ts-i18n": "^0.1.11", "bun-plugin-stx": "0.2.274", "bunfig": "^0.15.17", "stx-router": "0.2.274", "ts-broadcasting": "^0.0.9", "ts-images": "^0.2.17", "ts-syntax-highlighter": "^0.2.1" }, "bin": { "stx": "./dist/cli.js" } }, "sha512-e10l7O3EP0Xn8Ip6hL4e6VkHSgkmTxUpjnZYPVsTLW4B3mTpX4MI5ZanfgfOuB/MzzRbPCv5blITPrVukwMKNA=="],

    "@stacksjs/stx/@stacksjs/clapp": ["@stacksjs/clapp@0.2.10", "", {}, "sha512-l/2F0u5ihpae8R4kJ3Pdh6tV7aEpSxu6hCyafhw38Fl9+x2YKxZfUK+fF/G5AVwSzJar3dkKuMxbMcQ0PXKGRg=="],

    "@stacksjs/ts-css/bunfig": ["bunfig@0.15.14", "", { "dependencies": { "@stacksjs/clapp": "^0.2.0", "@stacksjs/clarity": "^0.3.24" }, "bin": { "bunfig": "./bin/cli.js" } }, "sha512-9yzw5/MkTBF3X8Dc96DJUPpZDl/jIAYVlY6XxGrP8+o5fEf8sGgoIc53GkSFucyMoqC5jF1qM++3bD1LL7/N1Q=="],

    "@stacksjs/ts-i18n/@stacksjs/clapp": ["@stacksjs/clapp@0.2.10", "", {}, "sha512-l/2F0u5ihpae8R4kJ3Pdh6tV7aEpSxu6hCyafhw38Fl9+x2YKxZfUK+fF/G5AVwSzJar3dkKuMxbMcQ0PXKGRg=="],

    "@stacksjs/ts-i18n/bunfig": ["bunfig@0.15.14", "", { "dependencies": { "@stacksjs/clapp": "^0.2.0", "@stacksjs/clarity": "^0.3.24" }, "bin": { "bunfig": "./bin/cli.js" } }, "sha512-9yzw5/MkTBF3X8Dc96DJUPpZDl/jIAYVlY6XxGrP8+o5fEf8sGgoIc53GkSFucyMoqC5jF1qM++3bD1LL7/N1Q=="],

    "@stacksjs/types/@stacksjs/stx": ["@stacksjs/stx@0.2.274", "", { "dependencies": { "@cwcss/crosswind": "^0.2.19", "@stacksjs/clapp": "^0.2.14", "@stacksjs/desktop": "0.2.274", "@stacksjs/sanitizer": "0.2.274", "@stacksjs/ts-i18n": "^0.1.11", "bun-plugin-stx": "0.2.274", "bunfig": "^0.15.17", "stx-router": "0.2.274", "ts-broadcasting": "^0.0.9", "ts-images": "^0.2.17", "ts-syntax-highlighter": "^0.2.1" }, "bin": { "stx": "./dist/cli.js" } }, "sha512-e10l7O3EP0Xn8Ip6hL4e6VkHSgkmTxUpjnZYPVsTLW4B3mTpX4MI5ZanfgfOuB/MzzRbPCv5blITPrVukwMKNA=="],

    "bunfig/@stacksjs/clarity": ["@stacksjs/clarity@0.3.28", "", { "dependencies": { "bunfig": "^0.15.6" }, "bin": { "clarity": "./dist/bin/cli.js" } }, "sha512-SElzGeDewEbp0c4C8PTfdvi/Xtr1HGAjG6b0prHvkVxyYGM+2R0BFU0otUmy+DbR7wsfZ4rNU3YN1+JK/CzoTw=="],

    "@stacksjs/error-handling/@stacksjs/stx/@cwcss/crosswind": ["@cwcss/crosswind@0.2.19", "", { "dependencies": { "@stacksjs/clapp": "^0.2.0", "bunfig": "^0.15.17" }, "bin": { "crosswind": "./dist/cli.js" } }, "sha512-NswUZPNHbdkW4rxvmwjjIM7jyfQ/rr0X1J1uwjTUwixc3BXQs1Fk7pP5cC7MxkGGnmRTFs2O9J+U9tJ36ZJ7fQ=="],

    "@stacksjs/error-handling/@stacksjs/stx/@stacksjs/desktop": ["@stacksjs/desktop@0.2.274", "", { "dependencies": { "craft-native": ">=0.0.76" } }, "sha512-jDlrKO3dLWIlg7TaHBqU4REZ2mMxKd83qvl6VYJOOCTmH2dfgkdgi4+9ZHZzlEfVV6R77mViNmrAUMVm6Boy9w=="],

    "@stacksjs/error-handling/@stacksjs/stx/@stacksjs/sanitizer": ["@stacksjs/sanitizer@0.2.274", "", {}, "sha512-3i/sR194gi38iie3WDI1PFKdzBthGFKXhAxcMmfLM1D4LNePe7LPXKFT69ma5NxrOwkvigHJPpnxOoR2VWpawQ=="],

    "@stacksjs/error-handling/@stacksjs/stx/bun-plugin-stx": ["bun-plugin-stx@0.2.274", "", { "dependencies": { "@stacksjs/stx": "^0.2.227", "stx-router": "^0.2.227" }, "bin": { "serve": "./dist/serve.js", "stx-serve": "./dist/serve.js" } }, "sha512-IHbyzD3sM3Aswju9LGPPJjVIdbBxaBajIODmxKuGsTIL+WueMOFNrpur5JqrdoAeoJ1XCKXIlfw95bAnsWgzBA=="],

    "@stacksjs/error-handling/@stacksjs/stx/stx-router": ["stx-router@0.2.274", "", {}, "sha512-2IQsHIpHwQRRcertPRpHKY/MBxOyvdmJhxcnWYFCQFPyxvypDTsHKPEPZ2XN4YyuluLfkSsPHlQxskSRSu5pGQ=="],

    "@stacksjs/error-handling/@stacksjs/stx/ts-images": ["ts-images@0.2.17", "", { "dependencies": { "@stacksjs/ts-avif": "^0.1.4", "@stacksjs/ts-bmp": "^0.1.0", "@stacksjs/ts-png": "^0.1.2", "@stacksjs/ts-svg": "^0.1.1", "@stacksjs/ts-webp": "^0.1.2", "ts-gif": "^0.1.2", "ts-jpeg": "^0.3.1" }, "bin": { "imgx": "./dist/bin/cli.js" } }, "sha512-U5ish/gJbI+oSPyjnAJNtSvSVqdXoYnDEeuSj5Lamx7zlhzP2tRsztP1jAb58rfuGmPXrJU2WEo2IpKFkdM4Wg=="],

    "@stacksjs/ts-css/bunfig/@stacksjs/clapp": ["@stacksjs/clapp@0.2.10", "", {}, "sha512-l/2F0u5ihpae8R4kJ3Pdh6tV7aEpSxu6hCyafhw38Fl9+x2YKxZfUK+fF/G5AVwSzJar3dkKuMxbMcQ0PXKGRg=="],

    "@stacksjs/ts-css/bunfig/@stacksjs/clarity": ["@stacksjs/clarity@0.3.28", "", { "dependencies": { "bunfig": "^0.15.6" }, "bin": { "clarity": "./dist/bin/cli.js" } }, "sha512-SElzGeDewEbp0c4C8PTfdvi/Xtr1HGAjG6b0prHvkVxyYGM+2R0BFU0otUmy+DbR7wsfZ4rNU3YN1+JK/CzoTw=="],

    "@stacksjs/ts-i18n/bunfig/@stacksjs/clarity": ["@stacksjs/clarity@0.3.28", "", { "dependencies": { "bunfig": "^0.15.6" }, "bin": { "clarity": "./dist/bin/cli.js" } }, "sha512-SElzGeDewEbp0c4C8PTfdvi/Xtr1HGAjG6b0prHvkVxyYGM+2R0BFU0otUmy+DbR7wsfZ4rNU3YN1+JK/CzoTw=="],

    "@stacksjs/types/@stacksjs/stx/@cwcss/crosswind": ["@cwcss/crosswind@0.2.19", "", { "dependencies": { "@stacksjs/clapp": "^0.2.0", "bunfig": "^0.15.17" }, "bin": { "crosswind": "./dist/cli.js" } }, "sha512-NswUZPNHbdkW4rxvmwjjIM7jyfQ/rr0X1J1uwjTUwixc3BXQs1Fk7pP5cC7MxkGGnmRTFs2O9J+U9tJ36ZJ7fQ=="],

    "@stacksjs/types/@stacksjs/stx/@stacksjs/desktop": ["@stacksjs/desktop@0.2.274", "", { "dependencies": { "craft-native": ">=0.0.76" } }, "sha512-jDlrKO3dLWIlg7TaHBqU4REZ2mMxKd83qvl6VYJOOCTmH2dfgkdgi4+9ZHZzlEfVV6R77mViNmrAUMVm6Boy9w=="],

    "@stacksjs/types/@stacksjs/stx/@stacksjs/sanitizer": ["@stacksjs/sanitizer@0.2.274", "", {}, "sha512-3i/sR194gi38iie3WDI1PFKdzBthGFKXhAxcMmfLM1D4LNePe7LPXKFT69ma5NxrOwkvigHJPpnxOoR2VWpawQ=="],

    "@stacksjs/types/@stacksjs/stx/bun-plugin-stx": ["bun-plugin-stx@0.2.274", "", { "dependencies": { "@stacksjs/stx": "^0.2.227", "stx-router": "^0.2.227" }, "bin": { "serve": "./dist/serve.js", "stx-serve": "./dist/serve.js" } }, "sha512-IHbyzD3sM3Aswju9LGPPJjVIdbBxaBajIODmxKuGsTIL+WueMOFNrpur5JqrdoAeoJ1XCKXIlfw95bAnsWgzBA=="],

    "@stacksjs/types/@stacksjs/stx/stx-router": ["stx-router@0.2.274", "", {}, "sha512-2IQsHIpHwQRRcertPRpHKY/MBxOyvdmJhxcnWYFCQFPyxvypDTsHKPEPZ2XN4YyuluLfkSsPHlQxskSRSu5pGQ=="],

    "@stacksjs/types/@stacksjs/stx/ts-images": ["ts-images@0.2.17", "", { "dependencies": { "@stacksjs/ts-avif": "^0.1.4", "@stacksjs/ts-bmp": "^0.1.0", "@stacksjs/ts-png": "^0.1.2", "@stacksjs/ts-svg": "^0.1.1", "@stacksjs/ts-webp": "^0.1.2", "ts-gif": "^0.1.2", "ts-jpeg": "^0.3.1" }, "bin": { "imgx": "./dist/bin/cli.js" } }, "sha512-U5ish/gJbI+oSPyjnAJNtSvSVqdXoYnDEeuSj5Lamx7zlhzP2tRsztP1jAb58rfuGmPXrJU2WEo2IpKFkdM4Wg=="],

    "bunfig/@stacksjs/clarity/bunfig": ["bunfig@0.15.14", "", { "dependencies": { "@stacksjs/clapp": "^0.2.0", "@stacksjs/clarity": "^0.3.24" }, "bin": { "bunfig": "./bin/cli.js" } }, "sha512-9yzw5/MkTBF3X8Dc96DJUPpZDl/jIAYVlY6XxGrP8+o5fEf8sGgoIc53GkSFucyMoqC5jF1qM++3bD1LL7/N1Q=="],

    "@stacksjs/error-handling/@stacksjs/stx/@stacksjs/desktop/craft-native": ["craft-native@0.0.87", "", { "bin": { "craft-sdk": "./dist/cli.js" } }, "sha512-OXi2TeHbxBZyv/+PEzQpDx+Ea2+MB/ObfHQ5t7vZPkJQo0xa5QpTjOuvUoz7ouMBgOQHwiBcytJ7NDxciZy74Q=="],

    "@stacksjs/error-handling/@stacksjs/stx/ts-images/@stacksjs/ts-avif": ["@stacksjs/ts-avif@0.1.4", "", {}, "sha512-+ri7xxHLxaFGRJPihI7irDZpdLEIrEFpR7Em+ojfDbTjXQmXtQBqN/9WKNhBdQ1BZ2M1ckjdgnxmfege86QQ5Q=="],

    "@stacksjs/types/@stacksjs/stx/@stacksjs/desktop/craft-native": ["craft-native@0.0.87", "", { "bin": { "craft-sdk": "./dist/cli.js" } }, "sha512-OXi2TeHbxBZyv/+PEzQpDx+Ea2+MB/ObfHQ5t7vZPkJQo0xa5QpTjOuvUoz7ouMBgOQHwiBcytJ7NDxciZy74Q=="],

    "@stacksjs/types/@stacksjs/stx/ts-images/@stacksjs/ts-avif": ["@stacksjs/ts-avif@0.1.4", "", {}, "sha512-+ri7xxHLxaFGRJPihI7irDZpdLEIrEFpR7Em+ojfDbTjXQmXtQBqN/9WKNhBdQ1BZ2M1ckjdgnxmfege86QQ5Q=="],

    "bunfig/@stacksjs/clarity/bunfig/@stacksjs/clapp": ["@stacksjs/clapp@0.2.10", "", {}, "sha512-l/2F0u5ihpae8R4kJ3Pdh6tV7aEpSxu6hCyafhw38Fl9+x2YKxZfUK+fF/G5AVwSzJar3dkKuMxbMcQ0PXKGRg=="],
  }
}
